Microsoft Visual Studio Solution File, Format Version 12.00
# Visual Studio Version 17
VisualStudioVersion = 17.0.31903.59
MinimumVisualStudioVersion = 10.0.40219.1
Project("{9A19103F-16F7-4668-BE54-9A1E7A4F7556}") = "Rockaway.WebApp", "Rockaway.WebApp\Rockaway.WebApp.csproj", "{BF7A9F7D-8DA5-4C9E-949D-00E740A754D1}"
EndProject
Project("{9A19103F-16F7-4668-BE54-9A1E7A4F7556}") = "Rockaway.WebApp.Tests", "Rockaway.WebApp.Tests\Rockaway.WebApp.Tests.csproj", "{0D62473A-FD89-4695-AAA8-FDFBC744CC25}"
EndProject
Project("{FAE04EC0-301F-11D3-BF4B-00C04F79EFBC}") = "Rockaway.RazorComponents", "Rockaway.RazorComponents\Rockaway.RazorComponents.csproj", "{EF286732-9666-4681-9426-8FBD4642FE38}"
EndProject
Project("{FAE04EC0-301F-11D3-BF4B-00C04F79EFBC}") = "RazorClassLibrary1", "RazorClassLibrary1\RazorClassLibrary1.csproj", "{6A2565D2-C7D0-4341-99B8-A4B845B423FD}"
EndProject
Global
	GlobalSection(SolutionConfigurationPlatforms) = preSolution
		Debug|Any CPU = Debug|Any CPU
		Release|Any CPU = Release|Any CPU
	EndGlobalSection
	GlobalSection(ProjectConfigurationPlatforms) = postSolution
		{BF7A9F7D-8DA5-4C9E-949D-00E740A754D1}.Debug|Any CPU.ActiveCfg = Debug|Any CPU
		{BF7A9F7D-8DA5-4C9E-949D-00E740A754D1}.Debug|Any CPU.Build.0 = Debug|Any CPU
		{BF7A9F7D-8DA5-4C9E-949D-00E740A754D1}.Release|Any CPU.ActiveCfg = Release|Any CPU
		{BF7A9F7D-8DA5-4C9E-949D-00E740A754D1}.Release|Any CPU.Build.0 = Release|Any CPU
		{0D62473A-FD89-4695-AAA8-FDFBC744CC25}.Debug|Any CPU.ActiveCfg = Debug|Any CPU
		{0D62473A-FD89-4695-AAA8-FDFBC744CC25}.Debug|Any CPU.Build.0 = Debug|Any CPU
		{0D62473A-FD89-4695-AAA8-FDFBC744CC25}.Release|Any CPU.ActiveCfg = Release|Any CPU
		{0D62473A-FD89-4695-AAA8-FDFBC744CC25}.Release|Any CPU.Build.0 = Release|Any CPU
		{EF286732-9666-4681-9426-8FBD4642FE38}.Debug|Any CPU.ActiveCfg = Debug|Any CPU
		{EF286732-9666-4681-9426-8FBD4642FE38}.Debug|Any CPU.Build.0 = Debug|Any CPU
		{EF286732-9666-4681-9426-8FBD4642FE38}.Release|Any CPU.ActiveCfg = Release|Any CPU
		{EF286732-9666-4681-9426-8FBD4642FE38}.Release|Any CPU.Build.0 = Release|Any CPU
		{6A2565D2-C7D0-4341-99B8-A4B845B423FD}.Debug|Any CPU.ActiveCfg = Debug|Any CPU
		{6A2565D2-C7D0-4341-99B8-A4B845B423FD}.Debug|Any CPU.Build.0 = Debug|Any CPU
		{6A2565D2-C7D0-4341-99B8-A4B845B423FD}.Release|Any CPU.ActiveCfg = Release|Any CPU
		{6A2565D2-C7D0-4341-99B8-A4B845B423FD}.Release|Any CPU.Build.0 = Release|Any CPU
	EndGlobalSection
	GlobalSection(SolutionProperties) = preSolution
		HideSolutionNode = FALSE
	EndGlobalSection
	GlobalSection(ExtensibilityGlobals) = postSolution
		SolutionGuid = {03F78444-9728-4663-8107-E8F4FD7149D5}
	EndGlobalSection
EndGlobal
