
Microsoft Visual Studio Solution File, Format Version 12.00
# Visual Studio Version 17
VisualStudioVersion = 17.0.31903.59
MinimumVisualStudioVersion = 10.0.40219.1
Project("{FAE04EC0-301F-11D3-BF4B-00C04F79EFBC}") = "Rockaway.WebApp", "Rockaway.WebApp\Rockaway.WebApp.csproj", "{BF7A9F7D-8DA5-4C9E-949D-00E740A754D1}"
EndProject
Project("{FAE04EC0-301F-11D3-BF4B-00C04F79EFBC}") = "Rockaway.WebApp.Tests", "Rockaway.WebApp.Tests\Rockaway.WebApp.Tests.csproj", "{0D62473A-FD89-4695-AAA8-FDFBC744CC25}"
EndProject
Project("{FAE04EC0-301F-11D3-BF4B-00C04F79EFBC}") = "Rockaway.AppHost", "Rockaway.AppHost\Rockaway.AppHost.csproj", "{D3C79C1A-381C-4EC4-B712-BA414F87AC49}"
EndProject
Project("{FAE04EC0-301F-11D3-BF4B-00C04F79EFBC}") = "Rockaway.ServiceDefaults", "Rockaway.ServiceDefaults\Rockaway.ServiceDefaults.csproj", "{EC63697C-2F71-4E8E-8E4E-B5F613C31BAD}"
EndProject
Global
	GlobalSection(SolutionConfigurationPlatforms) = preSolution
		Debug|Any CPU = Debug|Any CPU
		Release|Any CPU = Release|Any CPU
	EndGlobalSection
	GlobalSection(SolutionProperties) = preSolution
		HideSolutionNode = FALSE
	EndGlobalSection
	GlobalSection(ProjectConfigurationPlatforms) = postSolution
		{BF7A9F7D-8DA5-4C9E-949D-00E740A754D1}.Debug|Any CPU.ActiveCfg = Debug|Any CPU
		{BF7A9F7D-8DA5-4C9E-949D-00E740A754D1}.Debug|Any CPU.Build.0 = Debug|Any CPU
		{BF7A9F7D-8DA5-4C9E-949D-00E740A754D1}.Release|Any CPU.ActiveCfg = Release|Any CPU
		{BF7A9F7D-8DA5-4C9E-949D-00E740A754D1}.Release|Any CPU.Build.0 = Release|Any CPU
		{0D62473A-FD89-4695-AAA8-FDFBC744CC25}.Debug|Any CPU.ActiveCfg = Debug|Any CPU
		{0D62473A-FD89-4695-AAA8-FDFBC744CC25}.Debug|Any CPU.Build.0 = Debug|Any CPU
		{0D62473A-FD89-4695-AAA8-FDFBC744CC25}.Release|Any CPU.ActiveCfg = Release|Any CPU
		{0D62473A-FD89-4695-AAA8-FDFBC744CC25}.Release|Any CPU.Build.0 = Release|Any CPU
		{D3C79C1A-381C-4EC4-B712-BA414F87AC49}.Debug|Any CPU.ActiveCfg = Debug|Any CPU
		{D3C79C1A-381C-4EC4-B712-BA414F87AC49}.Debug|Any CPU.Build.0 = Debug|Any CPU
		{D3C79C1A-381C-4EC4-B712-BA414F87AC49}.Release|Any CPU.ActiveCfg = Release|Any CPU
		{D3C79C1A-381C-4EC4-B712-BA414F87AC49}.Release|Any CPU.Build.0 = Release|Any CPU
		{EC63697C-2F71-4E8E-8E4E-B5F613C31BAD}.Debug|Any CPU.ActiveCfg = Debug|Any CPU
		{EC63697C-2F71-4E8E-8E4E-B5F613C31BAD}.Debug|Any CPU.Build.0 = Debug|Any CPU
		{EC63697C-2F71-4E8E-8E4E-B5F613C31BAD}.Release|Any CPU.ActiveCfg = Release|Any CPU
		{EC63697C-2F71-4E8E-8E4E-B5F613C31BAD}.Release|Any CPU.Build.0 = Release|Any CPU
	EndGlobalSection
EndGlobal
