
Microsoft Visual Studio Solution File, Format Version 12.00
# Visual Studio Version 17
VisualStudioVersion = 17.0.31903.59
MinimumVisualStudioVersion = 10.0.40219.1
Project("{2150E333-8FDC-42A3-9474-1A3956D46DE8}") = "101", "101", "{55633C1B-D8AD-45EA-8496-AA47C618DEC7}"
EndProject
Project("{FAE04EC0-301F-11D3-BF4B-00C04F79EFBC}") = "Rockaway.WebApp", "101\Rockaway\Rockaway.WebApp\Rockaway.WebApp.csproj", "{1F7078AE-2A7B-4FCA-A2B7-D6215D771B12}"
EndProject
Project("{FAE04EC0-301F-11D3-BF4B-00C04F79EFBC}") = "Rockaway.WebApp.Tests", "101\Rockaway\Rockaway.WebApp.Tests\Rockaway.WebApp.Tests.csproj", "{4AD1C9B2-8FA9-45CB-B67D-58BF69D6EC27}"
EndProject
Project("{2150E333-8FDC-42A3-9474-1A3956D46DE8}") = "102", "102", "{3E251D2C-A84A-46E5-8C84-2EFFA140E796}"
EndProject
Project("{FAE04EC0-301F-11D3-BF4B-00C04F79EFBC}") = "Rockaway.WebApp", "102\Rockaway\Rockaway.WebApp\Rockaway.WebApp.csproj", "{321213F3-39C2-4414-858C-09A270230770}"
EndProject
Project("{FAE04EC0-301F-11D3-BF4B-00C04F79EFBC}") = "Rockaway.WebApp.Tests", "102\Rockaway\Rockaway.WebApp.Tests\Rockaway.WebApp.Tests.csproj", "{F6B02B78-CB7A-4DC6-B3B7-F056B964B64A}"
EndProject
Project("{2150E333-8FDC-42A3-9474-1A3956D46DE8}") = "103", "103", "{43CFDD5F-9827-4C15-A3E9-6E0536B36B2B}"
EndProject
Project("{FAE04EC0-301F-11D3-BF4B-00C04F79EFBC}") = "Rockaway.WebApp", "103\Rockaway\Rockaway.WebApp\Rockaway.WebApp.csproj", "{74B549A8-7B76-4D52-AAFC-1C20708AFCAA}"
EndProject
Project("{FAE04EC0-301F-11D3-BF4B-00C04F79EFBC}") = "Rockaway.WebApp.Tests", "103\Rockaway\Rockaway.WebApp.Tests\Rockaway.WebApp.Tests.csproj", "{D1CED545-FC3D-4A73-937D-3C004000FF4B}"
EndProject
Project("{2150E333-8FDC-42A3-9474-1A3956D46DE8}") = "200", "200", "{9CFA7D8A-92A2-4BDF-A32E-CFC7DB54D466}"
EndProject
Project("{FAE04EC0-301F-11D3-BF4B-00C04F79EFBC}") = "Rockaway.WebApp", "200\Rockaway\Rockaway.WebApp\Rockaway.WebApp.csproj", "{10EBB54A-4111-41E1-8E56-37D0B6A2F944}"
EndProject
Project("{FAE04EC0-301F-11D3-BF4B-00C04F79EFBC}") = "Rockaway.WebApp.Tests", "200\Rockaway\Rockaway.WebApp.Tests\Rockaway.WebApp.Tests.csproj", "{07846916-62FA-46FB-867F-7D9BDEB46EAC}"
EndProject
Project("{2150E333-8FDC-42A3-9474-1A3956D46DE8}") = "201", "201", "{D3BA1AC0-9884-454B-81D4-846574069852}"
EndProject
Project("{FAE04EC0-301F-11D3-BF4B-00C04F79EFBC}") = "Rockaway.WebApp", "201\Rockaway\Rockaway.WebApp\Rockaway.WebApp.csproj", "{D3703585-AD40-4873-8D2E-C18875BD4B5B}"
EndProject
Project("{FAE04EC0-301F-11D3-BF4B-00C04F79EFBC}") = "Rockaway.WebApp.Tests", "201\Rockaway\Rockaway.WebApp.Tests\Rockaway.WebApp.Tests.csproj", "{76821F24-0026-4772-B1D6-60F42C78A1AE}"
EndProject
Project("{2150E333-8FDC-42A3-9474-1A3956D46DE8}") = "202", "202", "{3565A308-F52D-460C-9560-AFEDF50ECD1B}"
EndProject
Project("{FAE04EC0-301F-11D3-BF4B-00C04F79EFBC}") = "Rockaway.WebApp", "202\Rockaway\Rockaway.WebApp\Rockaway.WebApp.csproj", "{AD33B71A-CF27-4F75-9723-597BC4ECF799}"
EndProject
Project("{FAE04EC0-301F-11D3-BF4B-00C04F79EFBC}") = "Rockaway.WebApp.Tests", "202\Rockaway\Rockaway.WebApp.Tests\Rockaway.WebApp.Tests.csproj", "{E38339B3-070D-4204-8655-037BBA46DB2A}"
EndProject
Project("{2150E333-8FDC-42A3-9474-1A3956D46DE8}") = "300", "300", "{C7B1DE2C-5A5A-4154-8870-D61F2F7DF712}"
EndProject
Project("{FAE04EC0-301F-11D3-BF4B-00C04F79EFBC}") = "Rockaway.WebApp", "300\Rockaway\Rockaway.WebApp\Rockaway.WebApp.csproj", "{22553CDD-1C96-4DBD-9041-6C61C47D1FDD}"
EndProject
Project("{FAE04EC0-301F-11D3-BF4B-00C04F79EFBC}") = "Rockaway.WebApp.Tests", "300\Rockaway\Rockaway.WebApp.Tests\Rockaway.WebApp.Tests.csproj", "{5F40C194-7302-4D9F-80CB-EAF67314C74F}"
EndProject
Project("{2150E333-8FDC-42A3-9474-1A3956D46DE8}") = "301", "301", "{8EDCD45A-3F7B-4863-B509-1B12A5A93482}"
EndProject
Project("{FAE04EC0-301F-11D3-BF4B-00C04F79EFBC}") = "Rockaway.WebApp", "301\Rockaway\Rockaway.WebApp\Rockaway.WebApp.csproj", "{63DDFBE5-4238-4C7F-A97D-C729DCB9DF4A}"
EndProject
Project("{FAE04EC0-301F-11D3-BF4B-00C04F79EFBC}") = "Rockaway.WebApp.Tests", "301\Rockaway\Rockaway.WebApp.Tests\Rockaway.WebApp.Tests.csproj", "{59FCE4B3-88F1-4E3C-8F7D-A831F16FC5BF}"
EndProject
Project("{2150E333-8FDC-42A3-9474-1A3956D46DE8}") = "302", "302", "{DB4161CB-A047-4D51-A303-5950BC8EF27D}"
EndProject
Project("{FAE04EC0-301F-11D3-BF4B-00C04F79EFBC}") = "Rockaway.WebApp", "302\Rockaway\Rockaway.WebApp\Rockaway.WebApp.csproj", "{9FBF4EF7-4782-4EB6-ABDF-B8C712539700}"
EndProject
Project("{FAE04EC0-301F-11D3-BF4B-00C04F79EFBC}") = "Rockaway.WebApp.Tests", "302\Rockaway\Rockaway.WebApp.Tests\Rockaway.WebApp.Tests.csproj", "{2F90A055-B7D4-4C24-9231-C5C1DCE001AB}"
EndProject
Project("{2150E333-8FDC-42A3-9474-1A3956D46DE8}") = "303", "303", "{F0E86EAF-57F7-4770-8FCA-09969698B78D}"
EndProject
Project("{FAE04EC0-301F-11D3-BF4B-00C04F79EFBC}") = "Rockaway.WebApp", "303\Rockaway\Rockaway.WebApp\Rockaway.WebApp.csproj", "{C6FA4588-977D-4DBB-9E6D-B5AFC8E50B35}"
EndProject
Project("{FAE04EC0-301F-11D3-BF4B-00C04F79EFBC}") = "Rockaway.WebApp.Tests", "303\Rockaway\Rockaway.WebApp.Tests\Rockaway.WebApp.Tests.csproj", "{348511CA-23B4-4B67-B7A9-7A40E4C56E26}"
EndProject
Project("{2150E333-8FDC-42A3-9474-1A3956D46DE8}") = "304", "304", "{CA4C40C0-B7BF-4171-88E2-B1793318C80A}"
EndProject
Project("{FAE04EC0-301F-11D3-BF4B-00C04F79EFBC}") = "Rockaway.WebApp", "304\Rockaway\Rockaway.WebApp\Rockaway.WebApp.csproj", "{7CD2017F-4C30-44ED-860F-946F25BD43BD}"
EndProject
Project("{FAE04EC0-301F-11D3-BF4B-00C04F79EFBC}") = "Rockaway.WebApp.Tests", "304\Rockaway\Rockaway.WebApp.Tests\Rockaway.WebApp.Tests.csproj", "{9E878F53-57E6-4FEC-9BFF-6D59C6678959}"
EndProject
Project("{2150E333-8FDC-42A3-9474-1A3956D46DE8}") = "305", "305", "{17EB5379-021C-48D6-9F3C-A0D3B4A20532}"
EndProject
Project("{FAE04EC0-301F-11D3-BF4B-00C04F79EFBC}") = "Rockaway.WebApp", "305\Rockaway\Rockaway.WebApp\Rockaway.WebApp.csproj", "{137D0072-95E1-4342-9049-4DA86D93E651}"
EndProject
Project("{FAE04EC0-301F-11D3-BF4B-00C04F79EFBC}") = "Rockaway.WebApp.Tests", "305\Rockaway\Rockaway.WebApp.Tests\Rockaway.WebApp.Tests.csproj", "{861D8EAA-729E-44A7-B939-EB710450C157}"
EndProject
Project("{2150E333-8FDC-42A3-9474-1A3956D46DE8}") = "400", "400", "{62CFEFA1-4EEF-4881-96DA-D359BC58846B}"
EndProject
Project("{FAE04EC0-301F-11D3-BF4B-00C04F79EFBC}") = "Rockaway.WebApp", "400\Rockaway\Rockaway.WebApp\Rockaway.WebApp.csproj", "{CF46B9E6-7F20-414A-9B05-F584FE7513D4}"
EndProject
Project("{FAE04EC0-301F-11D3-BF4B-00C04F79EFBC}") = "Rockaway.WebApp.Tests", "400\Rockaway\Rockaway.WebApp.Tests\Rockaway.WebApp.Tests.csproj", "{C4C4302D-919B-46C5-BA75-71C73CA20178}"
EndProject
Project("{2150E333-8FDC-42A3-9474-1A3956D46DE8}") = "401", "401", "{EF1D01C1-E4A7-43BF-BC0C-A4B6619E9B85}"
EndProject
Project("{FAE04EC0-301F-11D3-BF4B-00C04F79EFBC}") = "Rockaway.WebApp", "401\Rockaway\Rockaway.WebApp\Rockaway.WebApp.csproj", "{52684C51-9606-4F78-B324-74C7B16569AB}"
EndProject
Project("{FAE04EC0-301F-11D3-BF4B-00C04F79EFBC}") = "Rockaway.WebApp.Tests", "401\Rockaway\Rockaway.WebApp.Tests\Rockaway.WebApp.Tests.csproj", "{D398CFD4-1D7E-4A74-A400-439180E3F5EB}"
EndProject
Project("{2150E333-8FDC-42A3-9474-1A3956D46DE8}") = "402", "402", "{81A8D37A-E038-4C8E-8A20-CE67AE142A3F}"
EndProject
Project("{FAE04EC0-301F-11D3-BF4B-00C04F79EFBC}") = "Rockaway.WebApp", "402\Rockaway\Rockaway.WebApp\Rockaway.WebApp.csproj", "{367F010F-F6C7-48A5-A4EA-E60D41AC1E6E}"
EndProject
Project("{FAE04EC0-301F-11D3-BF4B-00C04F79EFBC}") = "Rockaway.WebApp.Tests", "402\Rockaway\Rockaway.WebApp.Tests\Rockaway.WebApp.Tests.csproj", "{75C47460-6B4E-400F-B243-A9242633C2DD}"
EndProject
Project("{2150E333-8FDC-42A3-9474-1A3956D46DE8}") = "500", "500", "{E69BB8CC-C619-496B-AD42-B061BBEDE649}"
EndProject
Project("{FAE04EC0-301F-11D3-BF4B-00C04F79EFBC}") = "Rockaway.WebApp", "500\Rockaway\Rockaway.WebApp\Rockaway.WebApp.csproj", "{EF3D9946-C709-4A21-BDDB-73610C1D5555}"
EndProject
Project("{FAE04EC0-301F-11D3-BF4B-00C04F79EFBC}") = "Rockaway.WebApp.Tests", "500\Rockaway\Rockaway.WebApp.Tests\Rockaway.WebApp.Tests.csproj", "{ED048949-BCEB-4B88-82A9-5878BA70BC56}"
EndProject
Project("{2150E333-8FDC-42A3-9474-1A3956D46DE8}") = "501", "501", "{B060DB04-E62C-423F-8E2E-A1844682A10D}"
EndProject
Project("{FAE04EC0-301F-11D3-BF4B-00C04F79EFBC}") = "Rockaway.WebApp", "501\Rockaway\Rockaway.WebApp\Rockaway.WebApp.csproj", "{0D03031D-A98B-445B-88C6-389AEB30745F}"
EndProject
Project("{FAE04EC0-301F-11D3-BF4B-00C04F79EFBC}") = "Rockaway.WebApp.Tests", "501\Rockaway\Rockaway.WebApp.Tests\Rockaway.WebApp.Tests.csproj", "{B39FDF31-CEB0-498E-B0D2-EE2A83684855}"
EndProject
Project("{2150E333-8FDC-42A3-9474-1A3956D46DE8}") = "502", "502", "{082B2794-7A1D-4315-9061-24BA37869451}"
EndProject
Project("{FAE04EC0-301F-11D3-BF4B-00C04F79EFBC}") = "Rockaway.WebApp", "502\Rockaway\Rockaway.WebApp\Rockaway.WebApp.csproj", "{572A3B9A-A63C-402A-92CA-EF745140FD2D}"
EndProject
Project("{FAE04EC0-301F-11D3-BF4B-00C04F79EFBC}") = "Rockaway.WebApp.Tests", "502\Rockaway\Rockaway.WebApp.Tests\Rockaway.WebApp.Tests.csproj", "{19D5BFD4-279D-4D3F-B340-E7667C95A4AE}"
EndProject
Project("{2150E333-8FDC-42A3-9474-1A3956D46DE8}") = "503", "503", "{45491E12-A21B-40E9-8495-2EF5310C1EC4}"
EndProject
Project("{FAE04EC0-301F-11D3-BF4B-00C04F79EFBC}") = "Rockaway.WebApp", "503\Rockaway\Rockaway.WebApp\Rockaway.WebApp.csproj", "{D193AF5A-E17D-40BD-8CA1-FCF032D95D27}"
EndProject
Project("{FAE04EC0-301F-11D3-BF4B-00C04F79EFBC}") = "Rockaway.WebApp.Tests", "503\Rockaway\Rockaway.WebApp.Tests\Rockaway.WebApp.Tests.csproj", "{2B4EBBDC-28A7-4B06-9D89-5851C23FA55A}"
EndProject
Project("{2150E333-8FDC-42A3-9474-1A3956D46DE8}") = "504", "504", "{66550EEB-7837-4472-9476-311A8000059E}"
EndProject
Project("{FAE04EC0-301F-11D3-BF4B-00C04F79EFBC}") = "Rockaway.WebApp", "504\Rockaway\Rockaway.WebApp\Rockaway.WebApp.csproj", "{61748355-FC65-4FA6-A7DC-763B12384D5F}"
EndProject
Project("{FAE04EC0-301F-11D3-BF4B-00C04F79EFBC}") = "Rockaway.WebApp.Tests", "504\Rockaway\Rockaway.WebApp.Tests\Rockaway.WebApp.Tests.csproj", "{C439E6B7-9406-4CE0-9547-56DAF87D4F79}"
EndProject
Project("{2150E333-8FDC-42A3-9474-1A3956D46DE8}") = "505", "505", "{B42E99EE-C2CF-48FC-A0DE-C8B94192B165}"
EndProject
Project("{FAE04EC0-301F-11D3-BF4B-00C04F79EFBC}") = "Rockaway.WebApp", "505\Rockaway\Rockaway.WebApp\Rockaway.WebApp.csproj", "{8FD4E222-8954-4AA1-8EDF-3157BA58AB52}"
EndProject
Project("{FAE04EC0-301F-11D3-BF4B-00C04F79EFBC}") = "Rockaway.WebApp.Tests", "505\Rockaway\Rockaway.WebApp.Tests\Rockaway.WebApp.Tests.csproj", "{D4797200-88BF-46E7-BBAA-9E3A1EF41AFE}"
EndProject
Project("{2150E333-8FDC-42A3-9474-1A3956D46DE8}") = "506", "506", "{5CBF4CCB-FC88-4D65-8BD6-D0CD1692CC71}"
EndProject
Project("{FAE04EC0-301F-11D3-BF4B-00C04F79EFBC}") = "Rockaway.WebApp", "506\Rockaway\Rockaway.WebApp\Rockaway.WebApp.csproj", "{BBED9DB6-D891-493A-92EF-94B49775D9F7}"
EndProject
Project("{FAE04EC0-301F-11D3-BF4B-00C04F79EFBC}") = "Rockaway.WebApp.Tests", "506\Rockaway\Rockaway.WebApp.Tests\Rockaway.WebApp.Tests.csproj", "{08943A03-63C0-4134-A073-21C2DFD0C783}"
EndProject
Project("{2150E333-8FDC-42A3-9474-1A3956D46DE8}") = "507", "507", "{CE410021-84D4-45A8-981F-06475647AE3B}"
EndProject
Project("{FAE04EC0-301F-11D3-BF4B-00C04F79EFBC}") = "Rockaway.WebApp", "507\Rockaway\Rockaway.WebApp\Rockaway.WebApp.csproj", "{670E89D0-8C9E-444A-A746-A49C5B4DFA83}"
EndProject
Project("{FAE04EC0-301F-11D3-BF4B-00C04F79EFBC}") = "Rockaway.WebApp.Tests", "507\Rockaway\Rockaway.WebApp.Tests\Rockaway.WebApp.Tests.csproj", "{1C0D4885-BF67-4625-B260-E5FA5B21431A}"
EndProject
Project("{2150E333-8FDC-42A3-9474-1A3956D46DE8}") = "508", "508", "{60614ABE-D052-4683-9011-DC03D2C3F594}"
EndProject
Project("{FAE04EC0-301F-11D3-BF4B-00C04F79EFBC}") = "Rockaway.WebApp", "508\Rockaway\Rockaway.WebApp\Rockaway.WebApp.csproj", "{437A3047-BDAB-423B-9FAD-A93EDD555908}"
EndProject
Project("{FAE04EC0-301F-11D3-BF4B-00C04F79EFBC}") = "Rockaway.WebApp.Tests", "508\Rockaway\Rockaway.WebApp.Tests\Rockaway.WebApp.Tests.csproj", "{16EA3084-E396-485C-A8BA-8F1DC4C8AC56}"
EndProject
Project("{2150E333-8FDC-42A3-9474-1A3956D46DE8}") = "509", "509", "{5CBD6F77-271C-4798-B2D3-3D08811C2D52}"
EndProject
Project("{FAE04EC0-301F-11D3-BF4B-00C04F79EFBC}") = "Rockaway.WebApp", "509\Rockaway\Rockaway.WebApp\Rockaway.WebApp.csproj", "{3ACD941B-FACB-4F55-83BD-4AFFA1C3D491}"
EndProject
Project("{FAE04EC0-301F-11D3-BF4B-00C04F79EFBC}") = "Rockaway.WebApp.Tests", "509\Rockaway\Rockaway.WebApp.Tests\Rockaway.WebApp.Tests.csproj", "{BA1FF49B-B591-4A4E-837F-FF275A0014FA}"
EndProject
Project("{2150E333-8FDC-42A3-9474-1A3956D46DE8}") = "510", "510", "{D7195BE3-F8C0-412C-9DEA-F3CCA4F3AF83}"
EndProject
Project("{FAE04EC0-301F-11D3-BF4B-00C04F79EFBC}") = "Rockaway.WebApp", "510\Rockaway\Rockaway.WebApp\Rockaway.WebApp.csproj", "{13EB9E85-E440-46E0-BD43-38B59A93A37B}"
EndProject
Project("{FAE04EC0-301F-11D3-BF4B-00C04F79EFBC}") = "Rockaway.WebApp.Tests", "510\Rockaway\Rockaway.WebApp.Tests\Rockaway.WebApp.Tests.csproj", "{4A903713-897E-47B0-9CB6-14FF3C0A3D41}"
EndProject
Project("{2150E333-8FDC-42A3-9474-1A3956D46DE8}") = "601", "601", "{26C8622C-9EC2-4BC8-B31A-2AB4CEEBD31A}"
EndProject
Project("{FAE04EC0-301F-11D3-BF4B-00C04F79EFBC}") = "Rockaway.WebApp", "601\Rockaway\Rockaway.WebApp\Rockaway.WebApp.csproj", "{B7F47546-B0FC-47F5-8C5D-7D9645FCD93F}"
EndProject
Project("{FAE04EC0-301F-11D3-BF4B-00C04F79EFBC}") = "Rockaway.WebApp.Tests", "601\Rockaway\Rockaway.WebApp.Tests\Rockaway.WebApp.Tests.csproj", "{990EE97E-3000-43CF-A9E4-5FE91A808F7D}"
EndProject
Project("{2150E333-8FDC-42A3-9474-1A3956D46DE8}") = "602", "602", "{719BF432-D8B7-44F3-9A9F-58DCA87DA163}"
EndProject
Project("{FAE04EC0-301F-11D3-BF4B-00C04F79EFBC}") = "Rockaway.WebApp", "602\Rockaway\Rockaway.WebApp\Rockaway.WebApp.csproj", "{996A52F6-AFCA-437A-B4AA-7C0DB6F7A263}"
EndProject
Project("{FAE04EC0-301F-11D3-BF4B-00C04F79EFBC}") = "Rockaway.WebApp.Tests", "602\Rockaway\Rockaway.WebApp.Tests\Rockaway.WebApp.Tests.csproj", "{87C89BAC-E0CC-461A-BA10-93A276E28B83}"
EndProject
Project("{2150E333-8FDC-42A3-9474-1A3956D46DE8}") = "701", "701", "{6D31A2AF-5493-464E-8B7D-5F2BAB4CF3DA}"
EndProject
Project("{FAE04EC0-301F-11D3-BF4B-00C04F79EFBC}") = "Rockaway.WebApp", "701\Rockaway\Rockaway.WebApp\Rockaway.WebApp.csproj", "{D2B133BA-3BE1-4A7C-958D-A114B37AF98A}"
EndProject
Project("{FAE04EC0-301F-11D3-BF4B-00C04F79EFBC}") = "Rockaway.WebApp.Tests", "701\Rockaway\Rockaway.WebApp.Tests\Rockaway.WebApp.Tests.csproj", "{E2C03A4B-A126-4083-B2E6-08D0F9A51541}"
EndProject
Project("{2150E333-8FDC-42A3-9474-1A3956D46DE8}") = "702", "702", "{CFB3FF2E-F71D-44A2-BA25-9F7155A6EBA7}"
EndProject
Project("{FAE04EC0-301F-11D3-BF4B-00C04F79EFBC}") = "Rockaway.RazorComponents", "702\Rockaway\Rockaway.RazorComponents\Rockaway.RazorComponents.csproj", "{1ED6DF33-5811-4DDC-B987-0E996192C60E}"
EndProject
Project("{FAE04EC0-301F-11D3-BF4B-00C04F79EFBC}") = "Rockaway.WebApp", "702\Rockaway\Rockaway.WebApp\Rockaway.WebApp.csproj", "{394DC6C2-8F32-41AE-9063-8CA695D37F01}"
EndProject
Project("{FAE04EC0-301F-11D3-BF4B-00C04F79EFBC}") = "Rockaway.WebApp.Tests", "702\Rockaway\Rockaway.WebApp.Tests\Rockaway.WebApp.Tests.csproj", "{5E941E67-D9D9-4DE2-9BE0-A33FE2A62B63}"
EndProject
Global
	GlobalSection(SolutionConfigurationPlatforms) = preSolution
		Debug|Any CPU = Debug|Any CPU
		Release|Any CPU = Release|Any CPU
	EndGlobalSection
	GlobalSection(SolutionProperties) = preSolution
		HideSolutionNode = FALSE
	EndGlobalSection
	GlobalSection(ProjectConfigurationPlatforms) = postSolution
		{1F7078AE-2A7B-4FCA-A2B7-D6215D771B12}.Debug|Any CPU.ActiveCfg = Debug|Any CPU
		{1F7078AE-2A7B-4FCA-A2B7-D6215D771B12}.Debug|Any CPU.Build.0 = Debug|Any CPU
		{1F7078AE-2A7B-4FCA-A2B7-D6215D771B12}.Release|Any CPU.ActiveCfg = Release|Any CPU
		{1F7078AE-2A7B-4FCA-A2B7-D6215D771B12}.Release|Any CPU.Build.0 = Release|Any CPU
		{4AD1C9B2-8FA9-45CB-B67D-58BF69D6EC27}.Debug|Any CPU.ActiveCfg = Debug|Any CPU
		{4AD1C9B2-8FA9-45CB-B67D-58BF69D6EC27}.Debug|Any CPU.Build.0 = Debug|Any CPU
		{4AD1C9B2-8FA9-45CB-B67D-58BF69D6EC27}.Release|Any CPU.ActiveCfg = Release|Any CPU
		{4AD1C9B2-8FA9-45CB-B67D-58BF69D6EC27}.Release|Any CPU.Build.0 = Release|Any CPU
		{321213F3-39C2-4414-858C-09A270230770}.Debug|Any CPU.ActiveCfg = Debug|Any CPU
		{321213F3-39C2-4414-858C-09A270230770}.Debug|Any CPU.Build.0 = Debug|Any CPU
		{321213F3-39C2-4414-858C-09A270230770}.Release|Any CPU.ActiveCfg = Release|Any CPU
		{321213F3-39C2-4414-858C-09A270230770}.Release|Any CPU.Build.0 = Release|Any CPU
		{F6B02B78-CB7A-4DC6-B3B7-F056B964B64A}.Debug|Any CPU.ActiveCfg = Debug|Any CPU
		{F6B02B78-CB7A-4DC6-B3B7-F056B964B64A}.Debug|Any CPU.Build.0 = Debug|Any CPU
		{F6B02B78-CB7A-4DC6-B3B7-F056B964B64A}.Release|Any CPU.ActiveCfg = Release|Any CPU
		{F6B02B78-CB7A-4DC6-B3B7-F056B964B64A}.Release|Any CPU.Build.0 = Release|Any CPU
		{74B549A8-7B76-4D52-AAFC-1C20708AFCAA}.Debug|Any CPU.ActiveCfg = Debug|Any CPU
		{74B549A8-7B76-4D52-AAFC-1C20708AFCAA}.Debug|Any CPU.Build.0 = Debug|Any CPU
		{74B549A8-7B76-4D52-AAFC-1C20708AFCAA}.Release|Any CPU.ActiveCfg = Release|Any CPU
		{74B549A8-7B76-4D52-AAFC-1C20708AFCAA}.Release|Any CPU.Build.0 = Release|Any CPU
		{D1CED545-FC3D-4A73-937D-3C004000FF4B}.Debug|Any CPU.ActiveCfg = Debug|Any CPU
		{D1CED545-FC3D-4A73-937D-3C004000FF4B}.Debug|Any CPU.Build.0 = Debug|Any CPU
		{D1CED545-FC3D-4A73-937D-3C004000FF4B}.Release|Any CPU.ActiveCfg = Release|Any CPU
		{D1CED545-FC3D-4A73-937D-3C004000FF4B}.Release|Any CPU.Build.0 = Release|Any CPU
		{10EBB54A-4111-41E1-8E56-37D0B6A2F944}.Debug|Any CPU.ActiveCfg = Debug|Any CPU
		{10EBB54A-4111-41E1-8E56-37D0B6A2F944}.Debug|Any CPU.Build.0 = Debug|Any CPU
		{10EBB54A-4111-41E1-8E56-37D0B6A2F944}.Release|Any CPU.ActiveCfg = Release|Any CPU
		{10EBB54A-4111-41E1-8E56-37D0B6A2F944}.Release|Any CPU.Build.0 = Release|Any CPU
		{07846916-62FA-46FB-867F-7D9BDEB46EAC}.Debug|Any CPU.ActiveCfg = Debug|Any CPU
		{07846916-62FA-46FB-867F-7D9BDEB46EAC}.Debug|Any CPU.Build.0 = Debug|Any CPU
		{07846916-62FA-46FB-867F-7D9BDEB46EAC}.Release|Any CPU.ActiveCfg = Release|Any CPU
		{07846916-62FA-46FB-867F-7D9BDEB46EAC}.Release|Any CPU.Build.0 = Release|Any CPU
		{D3703585-AD40-4873-8D2E-C18875BD4B5B}.Debug|Any CPU.ActiveCfg = Debug|Any CPU
		{D3703585-AD40-4873-8D2E-C18875BD4B5B}.Debug|Any CPU.Build.0 = Debug|Any CPU
		{D3703585-AD40-4873-8D2E-C18875BD4B5B}.Release|Any CPU.ActiveCfg = Release|Any CPU
		{D3703585-AD40-4873-8D2E-C18875BD4B5B}.Release|Any CPU.Build.0 = Release|Any CPU
		{76821F24-0026-4772-B1D6-60F42C78A1AE}.Debug|Any CPU.ActiveCfg = Debug|Any CPU
		{76821F24-0026-4772-B1D6-60F42C78A1AE}.Debug|Any CPU.Build.0 = Debug|Any CPU
		{76821F24-0026-4772-B1D6-60F42C78A1AE}.Release|Any CPU.ActiveCfg = Release|Any CPU
		{76821F24-0026-4772-B1D6-60F42C78A1AE}.Release|Any CPU.Build.0 = Release|Any CPU
		{AD33B71A-CF27-4F75-9723-597BC4ECF799}.Debug|Any CPU.ActiveCfg = Debug|Any CPU
		{AD33B71A-CF27-4F75-9723-597BC4ECF799}.Debug|Any CPU.Build.0 = Debug|Any CPU
		{AD33B71A-CF27-4F75-9723-597BC4ECF799}.Release|Any CPU.ActiveCfg = Release|Any CPU
		{AD33B71A-CF27-4F75-9723-597BC4ECF799}.Release|Any CPU.Build.0 = Release|Any CPU
		{E38339B3-070D-4204-8655-037BBA46DB2A}.Debug|Any CPU.ActiveCfg = Debug|Any CPU
		{E38339B3-070D-4204-8655-037BBA46DB2A}.Debug|Any CPU.Build.0 = Debug|Any CPU
		{E38339B3-070D-4204-8655-037BBA46DB2A}.Release|Any CPU.ActiveCfg = Release|Any CPU
		{E38339B3-070D-4204-8655-037BBA46DB2A}.Release|Any CPU.Build.0 = Release|Any CPU
		{22553CDD-1C96-4DBD-9041-6C61C47D1FDD}.Debug|Any CPU.ActiveCfg = Debug|Any CPU
		{22553CDD-1C96-4DBD-9041-6C61C47D1FDD}.Debug|Any CPU.Build.0 = Debug|Any CPU
		{22553CDD-1C96-4DBD-9041-6C61C47D1FDD}.Release|Any CPU.ActiveCfg = Release|Any CPU
		{22553CDD-1C96-4DBD-9041-6C61C47D1FDD}.Release|Any CPU.Build.0 = Release|Any CPU
		{5F40C194-7302-4D9F-80CB-EAF67314C74F}.Debug|Any CPU.ActiveCfg = Debug|Any CPU
		{5F40C194-7302-4D9F-80CB-EAF67314C74F}.Debug|Any CPU.Build.0 = Debug|Any CPU
		{5F40C194-7302-4D9F-80CB-EAF67314C74F}.Release|Any CPU.ActiveCfg = Release|Any CPU
		{5F40C194-7302-4D9F-80CB-EAF67314C74F}.Release|Any CPU.Build.0 = Release|Any CPU
		{63DDFBE5-4238-4C7F-A97D-C729DCB9DF4A}.Debug|Any CPU.ActiveCfg = Debug|Any CPU
		{63DDFBE5-4238-4C7F-A97D-C729DCB9DF4A}.Debug|Any CPU.Build.0 = Debug|Any CPU
		{63DDFBE5-4238-4C7F-A97D-C729DCB9DF4A}.Release|Any CPU.ActiveCfg = Release|Any CPU
		{63DDFBE5-4238-4C7F-A97D-C729DCB9DF4A}.Release|Any CPU.Build.0 = Release|Any CPU
		{59FCE4B3-88F1-4E3C-8F7D-A831F16FC5BF}.Debug|Any CPU.ActiveCfg = Debug|Any CPU
		{59FCE4B3-88F1-4E3C-8F7D-A831F16FC5BF}.Debug|Any CPU.Build.0 = Debug|Any CPU
		{59FCE4B3-88F1-4E3C-8F7D-A831F16FC5BF}.Release|Any CPU.ActiveCfg = Release|Any CPU
		{59FCE4B3-88F1-4E3C-8F7D-A831F16FC5BF}.Release|Any CPU.Build.0 = Release|Any CPU
		{9FBF4EF7-4782-4EB6-ABDF-B8C712539700}.Debug|Any CPU.ActiveCfg = Debug|Any CPU
		{9FBF4EF7-4782-4EB6-ABDF-B8C712539700}.Debug|Any CPU.Build.0 = Debug|Any CPU
		{9FBF4EF7-4782-4EB6-ABDF-B8C712539700}.Release|Any CPU.ActiveCfg = Release|Any CPU
		{9FBF4EF7-4782-4EB6-ABDF-B8C712539700}.Release|Any CPU.Build.0 = Release|Any CPU
		{2F90A055-B7D4-4C24-9231-C5C1DCE001AB}.Debug|Any CPU.ActiveCfg = Debug|Any CPU
		{2F90A055-B7D4-4C24-9231-C5C1DCE001AB}.Debug|Any CPU.Build.0 = Debug|Any CPU
		{2F90A055-B7D4-4C24-9231-C5C1DCE001AB}.Release|Any CPU.ActiveCfg = Release|Any CPU
		{2F90A055-B7D4-4C24-9231-C5C1DCE001AB}.Release|Any CPU.Build.0 = Release|Any CPU
		{C6FA4588-977D-4DBB-9E6D-B5AFC8E50B35}.Debug|Any CPU.ActiveCfg = Debug|Any CPU
		{C6FA4588-977D-4DBB-9E6D-B5AFC8E50B35}.Debug|Any CPU.Build.0 = Debug|Any CPU
		{C6FA4588-977D-4DBB-9E6D-B5AFC8E50B35}.Release|Any CPU.ActiveCfg = Release|Any CPU
		{C6FA4588-977D-4DBB-9E6D-B5AFC8E50B35}.Release|Any CPU.Build.0 = Release|Any CPU
		{348511CA-23B4-4B67-B7A9-7A40E4C56E26}.Debug|Any CPU.ActiveCfg = Debug|Any CPU
		{348511CA-23B4-4B67-B7A9-7A40E4C56E26}.Debug|Any CPU.Build.0 = Debug|Any CPU
		{348511CA-23B4-4B67-B7A9-7A40E4C56E26}.Release|Any CPU.ActiveCfg = Release|Any CPU
		{348511CA-23B4-4B67-B7A9-7A40E4C56E26}.Release|Any CPU.Build.0 = Release|Any CPU
		{7CD2017F-4C30-44ED-860F-946F25BD43BD}.Debug|Any CPU.ActiveCfg = Debug|Any CPU
		{7CD2017F-4C30-44ED-860F-946F25BD43BD}.Debug|Any CPU.Build.0 = Debug|Any CPU
		{7CD2017F-4C30-44ED-860F-946F25BD43BD}.Release|Any CPU.ActiveCfg = Release|Any CPU
		{7CD2017F-4C30-44ED-860F-946F25BD43BD}.Release|Any CPU.Build.0 = Release|Any CPU
		{9E878F53-57E6-4FEC-9BFF-6D59C6678959}.Debug|Any CPU.ActiveCfg = Debug|Any CPU
		{9E878F53-57E6-4FEC-9BFF-6D59C6678959}.Debug|Any CPU.Build.0 = Debug|Any CPU
		{9E878F53-57E6-4FEC-9BFF-6D59C6678959}.Release|Any CPU.ActiveCfg = Release|Any CPU
		{9E878F53-57E6-4FEC-9BFF-6D59C6678959}.Release|Any CPU.Build.0 = Release|Any CPU
		{137D0072-95E1-4342-9049-4DA86D93E651}.Debug|Any CPU.ActiveCfg = Debug|Any CPU
		{137D0072-95E1-4342-9049-4DA86D93E651}.Debug|Any CPU.Build.0 = Debug|Any CPU
		{137D0072-95E1-4342-9049-4DA86D93E651}.Release|Any CPU.ActiveCfg = Release|Any CPU
		{137D0072-95E1-4342-9049-4DA86D93E651}.Release|Any CPU.Build.0 = Release|Any CPU
		{861D8EAA-729E-44A7-B939-EB710450C157}.Debug|Any CPU.ActiveCfg = Debug|Any CPU
		{861D8EAA-729E-44A7-B939-EB710450C157}.Debug|Any CPU.Build.0 = Debug|Any CPU
		{861D8EAA-729E-44A7-B939-EB710450C157}.Release|Any CPU.ActiveCfg = Release|Any CPU
		{861D8EAA-729E-44A7-B939-EB710450C157}.Release|Any CPU.Build.0 = Release|Any CPU
		{CF46B9E6-7F20-414A-9B05-F584FE7513D4}.Debug|Any CPU.ActiveCfg = Debug|Any CPU
		{CF46B9E6-7F20-414A-9B05-F584FE7513D4}.Debug|Any CPU.Build.0 = Debug|Any CPU
		{CF46B9E6-7F20-414A-9B05-F584FE7513D4}.Release|Any CPU.ActiveCfg = Release|Any CPU
		{CF46B9E6-7F20-414A-9B05-F584FE7513D4}.Release|Any CPU.Build.0 = Release|Any CPU
		{C4C4302D-919B-46C5-BA75-71C73CA20178}.Debug|Any CPU.ActiveCfg = Debug|Any CPU
		{C4C4302D-919B-46C5-BA75-71C73CA20178}.Debug|Any CPU.Build.0 = Debug|Any CPU
		{C4C4302D-919B-46C5-BA75-71C73CA20178}.Release|Any CPU.ActiveCfg = Release|Any CPU
		{C4C4302D-919B-46C5-BA75-71C73CA20178}.Release|Any CPU.Build.0 = Release|Any CPU
		{52684C51-9606-4F78-B324-74C7B16569AB}.Debug|Any CPU.ActiveCfg = Debug|Any CPU
		{52684C51-9606-4F78-B324-74C7B16569AB}.Debug|Any CPU.Build.0 = Debug|Any CPU
		{52684C51-9606-4F78-B324-74C7B16569AB}.Release|Any CPU.ActiveCfg = Release|Any CPU
		{52684C51-9606-4F78-B324-74C7B16569AB}.Release|Any CPU.Build.0 = Release|Any CPU
		{D398CFD4-1D7E-4A74-A400-439180E3F5EB}.Debug|Any CPU.ActiveCfg = Debug|Any CPU
		{D398CFD4-1D7E-4A74-A400-439180E3F5EB}.Debug|Any CPU.Build.0 = Debug|Any CPU
		{D398CFD4-1D7E-4A74-A400-439180E3F5EB}.Release|Any CPU.ActiveCfg = Release|Any CPU
		{D398CFD4-1D7E-4A74-A400-439180E3F5EB}.Release|Any CPU.Build.0 = Release|Any CPU
		{367F010F-F6C7-48A5-A4EA-E60D41AC1E6E}.Debug|Any CPU.ActiveCfg = Debug|Any CPU
		{367F010F-F6C7-48A5-A4EA-E60D41AC1E6E}.Debug|Any CPU.Build.0 = Debug|Any CPU
		{367F010F-F6C7-48A5-A4EA-E60D41AC1E6E}.Release|Any CPU.ActiveCfg = Release|Any CPU
		{367F010F-F6C7-48A5-A4EA-E60D41AC1E6E}.Release|Any CPU.Build.0 = Release|Any CPU
		{75C47460-6B4E-400F-B243-A9242633C2DD}.Debug|Any CPU.ActiveCfg = Debug|Any CPU
		{75C47460-6B4E-400F-B243-A9242633C2DD}.Debug|Any CPU.Build.0 = Debug|Any CPU
		{75C47460-6B4E-400F-B243-A9242633C2DD}.Release|Any CPU.ActiveCfg = Release|Any CPU
		{75C47460-6B4E-400F-B243-A9242633C2DD}.Release|Any CPU.Build.0 = Release|Any CPU
		{EF3D9946-C709-4A21-BDDB-73610C1D5555}.Debug|Any CPU.ActiveCfg = Debug|Any CPU
		{EF3D9946-C709-4A21-BDDB-73610C1D5555}.Debug|Any CPU.Build.0 = Debug|Any CPU
		{EF3D9946-C709-4A21-BDDB-73610C1D5555}.Release|Any CPU.ActiveCfg = Release|Any CPU
		{EF3D9946-C709-4A21-BDDB-73610C1D5555}.Release|Any CPU.Build.0 = Release|Any CPU
		{ED048949-BCEB-4B88-82A9-5878BA70BC56}.Debug|Any CPU.ActiveCfg = Debug|Any CPU
		{ED048949-BCEB-4B88-82A9-5878BA70BC56}.Debug|Any CPU.Build.0 = Debug|Any CPU
		{ED048949-BCEB-4B88-82A9-5878BA70BC56}.Release|Any CPU.ActiveCfg = Release|Any CPU
		{ED048949-BCEB-4B88-82A9-5878BA70BC56}.Release|Any CPU.Build.0 = Release|Any CPU
		{0D03031D-A98B-445B-88C6-389AEB30745F}.Debug|Any CPU.ActiveCfg = Debug|Any CPU
		{0D03031D-A98B-445B-88C6-389AEB30745F}.Debug|Any CPU.Build.0 = Debug|Any CPU
		{0D03031D-A98B-445B-88C6-389AEB30745F}.Release|Any CPU.ActiveCfg = Release|Any CPU
		{0D03031D-A98B-445B-88C6-389AEB30745F}.Release|Any CPU.Build.0 = Release|Any CPU
		{B39FDF31-CEB0-498E-B0D2-EE2A83684855}.Debug|Any CPU.ActiveCfg = Debug|Any CPU
		{B39FDF31-CEB0-498E-B0D2-EE2A83684855}.Debug|Any CPU.Build.0 = Debug|Any CPU
		{B39FDF31-CEB0-498E-B0D2-EE2A83684855}.Release|Any CPU.ActiveCfg = Release|Any CPU
		{B39FDF31-CEB0-498E-B0D2-EE2A83684855}.Release|Any CPU.Build.0 = Release|Any CPU
		{572A3B9A-A63C-402A-92CA-EF745140FD2D}.Debug|Any CPU.ActiveCfg = Debug|Any CPU
		{572A3B9A-A63C-402A-92CA-EF745140FD2D}.Debug|Any CPU.Build.0 = Debug|Any CPU
		{572A3B9A-A63C-402A-92CA-EF745140FD2D}.Release|Any CPU.ActiveCfg = Release|Any CPU
		{572A3B9A-A63C-402A-92CA-EF745140FD2D}.Release|Any CPU.Build.0 = Release|Any CPU
		{19D5BFD4-279D-4D3F-B340-E7667C95A4AE}.Debug|Any CPU.ActiveCfg = Debug|Any CPU
		{19D5BFD4-279D-4D3F-B340-E7667C95A4AE}.Debug|Any CPU.Build.0 = Debug|Any CPU
		{19D5BFD4-279D-4D3F-B340-E7667C95A4AE}.Release|Any CPU.ActiveCfg = Release|Any CPU
		{19D5BFD4-279D-4D3F-B340-E7667C95A4AE}.Release|Any CPU.Build.0 = Release|Any CPU
		{D193AF5A-E17D-40BD-8CA1-FCF032D95D27}.Debug|Any CPU.ActiveCfg = Debug|Any CPU
		{D193AF5A-E17D-40BD-8CA1-FCF032D95D27}.Debug|Any CPU.Build.0 = Debug|Any CPU
		{D193AF5A-E17D-40BD-8CA1-FCF032D95D27}.Release|Any CPU.ActiveCfg = Release|Any CPU
		{D193AF5A-E17D-40BD-8CA1-FCF032D95D27}.Release|Any CPU.Build.0 = Release|Any CPU
		{2B4EBBDC-28A7-4B06-9D89-5851C23FA55A}.Debug|Any CPU.ActiveCfg = Debug|Any CPU
		{2B4EBBDC-28A7-4B06-9D89-5851C23FA55A}.Debug|Any CPU.Build.0 = Debug|Any CPU
		{2B4EBBDC-28A7-4B06-9D89-5851C23FA55A}.Release|Any CPU.ActiveCfg = Release|Any CPU
		{2B4EBBDC-28A7-4B06-9D89-5851C23FA55A}.Release|Any CPU.Build.0 = Release|Any CPU
		{61748355-FC65-4FA6-A7DC-763B12384D5F}.Debug|Any CPU.ActiveCfg = Debug|Any CPU
		{61748355-FC65-4FA6-A7DC-763B12384D5F}.Debug|Any CPU.Build.0 = Debug|Any CPU
		{61748355-FC65-4FA6-A7DC-763B12384D5F}.Release|Any CPU.ActiveCfg = Release|Any CPU
		{61748355-FC65-4FA6-A7DC-763B12384D5F}.Release|Any CPU.Build.0 = Release|Any CPU
		{C439E6B7-9406-4CE0-9547-56DAF87D4F79}.Debug|Any CPU.ActiveCfg = Debug|Any CPU
		{C439E6B7-9406-4CE0-9547-56DAF87D4F79}.Debug|Any CPU.Build.0 = Debug|Any CPU
		{C439E6B7-9406-4CE0-9547-56DAF87D4F79}.Release|Any CPU.ActiveCfg = Release|Any CPU
		{C439E6B7-9406-4CE0-9547-56DAF87D4F79}.Release|Any CPU.Build.0 = Release|Any CPU
		{8FD4E222-8954-4AA1-8EDF-3157BA58AB52}.Debug|Any CPU.ActiveCfg = Debug|Any CPU
		{8FD4E222-8954-4AA1-8EDF-3157BA58AB52}.Debug|Any CPU.Build.0 = Debug|Any CPU
		{8FD4E222-8954-4AA1-8EDF-3157BA58AB52}.Release|Any CPU.ActiveCfg = Release|Any CPU
		{8FD4E222-8954-4AA1-8EDF-3157BA58AB52}.Release|Any CPU.Build.0 = Release|Any CPU
		{D4797200-88BF-46E7-BBAA-9E3A1EF41AFE}.Debug|Any CPU.ActiveCfg = Debug|Any CPU
		{D4797200-88BF-46E7-BBAA-9E3A1EF41AFE}.Debug|Any CPU.Build.0 = Debug|Any CPU
		{D4797200-88BF-46E7-BBAA-9E3A1EF41AFE}.Release|Any CPU.ActiveCfg = Release|Any CPU
		{D4797200-88BF-46E7-BBAA-9E3A1EF41AFE}.Release|Any CPU.Build.0 = Release|Any CPU
		{BBED9DB6-D891-493A-92EF-94B49775D9F7}.Debug|Any CPU.ActiveCfg = Debug|Any CPU
		{BBED9DB6-D891-493A-92EF-94B49775D9F7}.Debug|Any CPU.Build.0 = Debug|Any CPU
		{BBED9DB6-D891-493A-92EF-94B49775D9F7}.Release|Any CPU.ActiveCfg = Release|Any CPU
		{BBED9DB6-D891-493A-92EF-94B49775D9F7}.Release|Any CPU.Build.0 = Release|Any CPU
		{08943A03-63C0-4134-A073-21C2DFD0C783}.Debug|Any CPU.ActiveCfg = Debug|Any CPU
		{08943A03-63C0-4134-A073-21C2DFD0C783}.Debug|Any CPU.Build.0 = Debug|Any CPU
		{08943A03-63C0-4134-A073-21C2DFD0C783}.Release|Any CPU.ActiveCfg = Release|Any CPU
		{08943A03-63C0-4134-A073-21C2DFD0C783}.Release|Any CPU.Build.0 = Release|Any CPU
		{670E89D0-8C9E-444A-A746-A49C5B4DFA83}.Debug|Any CPU.ActiveCfg = Debug|Any CPU
		{670E89D0-8C9E-444A-A746-A49C5B4DFA83}.Debug|Any CPU.Build.0 = Debug|Any CPU
		{670E89D0-8C9E-444A-A746-A49C5B4DFA83}.Release|Any CPU.ActiveCfg = Release|Any CPU
		{670E89D0-8C9E-444A-A746-A49C5B4DFA83}.Release|Any CPU.Build.0 = Release|Any CPU
		{1C0D4885-BF67-4625-B260-E5FA5B21431A}.Debug|Any CPU.ActiveCfg = Debug|Any CPU
		{1C0D4885-BF67-4625-B260-E5FA5B21431A}.Debug|Any CPU.Build.0 = Debug|Any CPU
		{1C0D4885-BF67-4625-B260-E5FA5B21431A}.Release|Any CPU.ActiveCfg = Release|Any CPU
		{1C0D4885-BF67-4625-B260-E5FA5B21431A}.Release|Any CPU.Build.0 = Release|Any CPU
		{437A3047-BDAB-423B-9FAD-A93EDD555908}.Debug|Any CPU.ActiveCfg = Debug|Any CPU
		{437A3047-BDAB-423B-9FAD-A93EDD555908}.Debug|Any CPU.Build.0 = Debug|Any CPU
		{437A3047-BDAB-423B-9FAD-A93EDD555908}.Release|Any CPU.ActiveCfg = Release|Any CPU
		{437A3047-BDAB-423B-9FAD-A93EDD555908}.Release|Any CPU.Build.0 = Release|Any CPU
		{16EA3084-E396-485C-A8BA-8F1DC4C8AC56}.Debug|Any CPU.ActiveCfg = Debug|Any CPU
		{16EA3084-E396-485C-A8BA-8F1DC4C8AC56}.Debug|Any CPU.Build.0 = Debug|Any CPU
		{16EA3084-E396-485C-A8BA-8F1DC4C8AC56}.Release|Any CPU.ActiveCfg = Release|Any CPU
		{16EA3084-E396-485C-A8BA-8F1DC4C8AC56}.Release|Any CPU.Build.0 = Release|Any CPU
		{3ACD941B-FACB-4F55-83BD-4AFFA1C3D491}.Debug|Any CPU.ActiveCfg = Debug|Any CPU
		{3ACD941B-FACB-4F55-83BD-4AFFA1C3D491}.Debug|Any CPU.Build.0 = Debug|Any CPU
		{3ACD941B-FACB-4F55-83BD-4AFFA1C3D491}.Release|Any CPU.ActiveCfg = Release|Any CPU
		{3ACD941B-FACB-4F55-83BD-4AFFA1C3D491}.Release|Any CPU.Build.0 = Release|Any CPU
		{BA1FF49B-B591-4A4E-837F-FF275A0014FA}.Debug|Any CPU.ActiveCfg = Debug|Any CPU
		{BA1FF49B-B591-4A4E-837F-FF275A0014FA}.Debug|Any CPU.Build.0 = Debug|Any CPU
		{BA1FF49B-B591-4A4E-837F-FF275A0014FA}.Release|Any CPU.ActiveCfg = Release|Any CPU
		{BA1FF49B-B591-4A4E-837F-FF275A0014FA}.Release|Any CPU.Build.0 = Release|Any CPU
		{13EB9E85-E440-46E0-BD43-38B59A93A37B}.Debug|Any CPU.ActiveCfg = Debug|Any CPU
		{13EB9E85-E440-46E0-BD43-38B59A93A37B}.Debug|Any CPU.Build.0 = Debug|Any CPU
		{13EB9E85-E440-46E0-BD43-38B59A93A37B}.Release|Any CPU.ActiveCfg = Release|Any CPU
		{13EB9E85-E440-46E0-BD43-38B59A93A37B}.Release|Any CPU.Build.0 = Release|Any CPU
		{4A903713-897E-47B0-9CB6-14FF3C0A3D41}.Debug|Any CPU.ActiveCfg = Debug|Any CPU
		{4A903713-897E-47B0-9CB6-14FF3C0A3D41}.Debug|Any CPU.Build.0 = Debug|Any CPU
		{4A903713-897E-47B0-9CB6-14FF3C0A3D41}.Release|Any CPU.ActiveCfg = Release|Any CPU
		{4A903713-897E-47B0-9CB6-14FF3C0A3D41}.Release|Any CPU.Build.0 = Release|Any CPU
		{B7F47546-B0FC-47F5-8C5D-7D9645FCD93F}.Debug|Any CPU.ActiveCfg = Debug|Any CPU
		{B7F47546-B0FC-47F5-8C5D-7D9645FCD93F}.Debug|Any CPU.Build.0 = Debug|Any CPU
		{B7F47546-B0FC-47F5-8C5D-7D9645FCD93F}.Release|Any CPU.ActiveCfg = Release|Any CPU
		{B7F47546-B0FC-47F5-8C5D-7D9645FCD93F}.Release|Any CPU.Build.0 = Release|Any CPU
		{990EE97E-3000-43CF-A9E4-5FE91A808F7D}.Debug|Any CPU.ActiveCfg = Debug|Any CPU
		{990EE97E-3000-43CF-A9E4-5FE91A808F7D}.Debug|Any CPU.Build.0 = Debug|Any CPU
		{990EE97E-3000-43CF-A9E4-5FE91A808F7D}.Release|Any CPU.ActiveCfg = Release|Any CPU
		{990EE97E-3000-43CF-A9E4-5FE91A808F7D}.Release|Any CPU.Build.0 = Release|Any CPU
		{996A52F6-AFCA-437A-B4AA-7C0DB6F7A263}.Debug|Any CPU.ActiveCfg = Debug|Any CPU
		{996A52F6-AFCA-437A-B4AA-7C0DB6F7A263}.Debug|Any CPU.Build.0 = Debug|Any CPU
		{996A52F6-AFCA-437A-B4AA-7C0DB6F7A263}.Release|Any CPU.ActiveCfg = Release|Any CPU
		{996A52F6-AFCA-437A-B4AA-7C0DB6F7A263}.Release|Any CPU.Build.0 = Release|Any CPU
		{87C89BAC-E0CC-461A-BA10-93A276E28B83}.Debug|Any CPU.ActiveCfg = Debug|Any CPU
		{87C89BAC-E0CC-461A-BA10-93A276E28B83}.Debug|Any CPU.Build.0 = Debug|Any CPU
		{87C89BAC-E0CC-461A-BA10-93A276E28B83}.Release|Any CPU.ActiveCfg = Release|Any CPU
		{87C89BAC-E0CC-461A-BA10-93A276E28B83}.Release|Any CPU.Build.0 = Release|Any CPU
		{D2B133BA-3BE1-4A7C-958D-A114B37AF98A}.Debug|Any CPU.ActiveCfg = Debug|Any CPU
		{D2B133BA-3BE1-4A7C-958D-A114B37AF98A}.Debug|Any CPU.Build.0 = Debug|Any CPU
		{D2B133BA-3BE1-4A7C-958D-A114B37AF98A}.Release|Any CPU.ActiveCfg = Release|Any CPU
		{D2B133BA-3BE1-4A7C-958D-A114B37AF98A}.Release|Any CPU.Build.0 = Release|Any CPU
		{E2C03A4B-A126-4083-B2E6-08D0F9A51541}.Debug|Any CPU.ActiveCfg = Debug|Any CPU
		{E2C03A4B-A126-4083-B2E6-08D0F9A51541}.Debug|Any CPU.Build.0 = Debug|Any CPU
		{E2C03A4B-A126-4083-B2E6-08D0F9A51541}.Release|Any CPU.ActiveCfg = Release|Any CPU
		{E2C03A4B-A126-4083-B2E6-08D0F9A51541}.Release|Any CPU.Build.0 = Release|Any CPU
		{1ED6DF33-5811-4DDC-B987-0E996192C60E}.Debug|Any CPU.ActiveCfg = Debug|Any CPU
		{1ED6DF33-5811-4DDC-B987-0E996192C60E}.Debug|Any CPU.Build.0 = Debug|Any CPU
		{1ED6DF33-5811-4DDC-B987-0E996192C60E}.Release|Any CPU.ActiveCfg = Release|Any CPU
		{1ED6DF33-5811-4DDC-B987-0E996192C60E}.Release|Any CPU.Build.0 = Release|Any CPU
		{394DC6C2-8F32-41AE-9063-8CA695D37F01}.Debug|Any CPU.ActiveCfg = Debug|Any CPU
		{394DC6C2-8F32-41AE-9063-8CA695D37F01}.Debug|Any CPU.Build.0 = Debug|Any CPU
		{394DC6C2-8F32-41AE-9063-8CA695D37F01}.Release|Any CPU.ActiveCfg = Release|Any CPU
		{394DC6C2-8F32-41AE-9063-8CA695D37F01}.Release|Any CPU.Build.0 = Release|Any CPU
		{5E941E67-D9D9-4DE2-9BE0-A33FE2A62B63}.Debug|Any CPU.ActiveCfg = Debug|Any CPU
		{5E941E67-D9D9-4DE2-9BE0-A33FE2A62B63}.Debug|Any CPU.Build.0 = Debug|Any CPU
		{5E941E67-D9D9-4DE2-9BE0-A33FE2A62B63}.Release|Any CPU.ActiveCfg = Release|Any CPU
		{5E941E67-D9D9-4DE2-9BE0-A33FE2A62B63}.Release|Any CPU.Build.0 = Release|Any CPU
	EndGlobalSection
	GlobalSection(NestedProjects) = preSolution
		{1F7078AE-2A7B-4FCA-A2B7-D6215D771B12} = {55633C1B-D8AD-45EA-8496-AA47C618DEC7}
		{4AD1C9B2-8FA9-45CB-B67D-58BF69D6EC27} = {55633C1B-D8AD-45EA-8496-AA47C618DEC7}
		{321213F3-39C2-4414-858C-09A270230770} = {3E251D2C-A84A-46E5-8C84-2EFFA140E796}
		{F6B02B78-CB7A-4DC6-B3B7-F056B964B64A} = {3E251D2C-A84A-46E5-8C84-2EFFA140E796}
		{74B549A8-7B76-4D52-AAFC-1C20708AFCAA} = {43CFDD5F-9827-4C15-A3E9-6E0536B36B2B}
		{D1CED545-FC3D-4A73-937D-3C004000FF4B} = {43CFDD5F-9827-4C15-A3E9-6E0536B36B2B}
		{10EBB54A-4111-41E1-8E56-37D0B6A2F944} = {9CFA7D8A-92A2-4BDF-A32E-CFC7DB54D466}
		{07846916-62FA-46FB-867F-7D9BDEB46EAC} = {9CFA7D8A-92A2-4BDF-A32E-CFC7DB54D466}
		{D3703585-AD40-4873-8D2E-C18875BD4B5B} = {D3BA1AC0-9884-454B-81D4-846574069852}
		{76821F24-0026-4772-B1D6-60F42C78A1AE} = {D3BA1AC0-9884-454B-81D4-846574069852}
		{AD33B71A-CF27-4F75-9723-597BC4ECF799} = {3565A308-F52D-460C-9560-AFEDF50ECD1B}
		{E38339B3-070D-4204-8655-037BBA46DB2A} = {3565A308-F52D-460C-9560-AFEDF50ECD1B}
		{22553CDD-1C96-4DBD-9041-6C61C47D1FDD} = {C7B1DE2C-5A5A-4154-8870-D61F2F7DF712}
		{5F40C194-7302-4D9F-80CB-EAF67314C74F} = {C7B1DE2C-5A5A-4154-8870-D61F2F7DF712}
		{63DDFBE5-4238-4C7F-A97D-C729DCB9DF4A} = {8EDCD45A-3F7B-4863-B509-1B12A5A93482}
		{59FCE4B3-88F1-4E3C-8F7D-A831F16FC5BF} = {8EDCD45A-3F7B-4863-B509-1B12A5A93482}
		{9FBF4EF7-4782-4EB6-ABDF-B8C712539700} = {DB4161CB-A047-4D51-A303-5950BC8EF27D}
		{2F90A055-B7D4-4C24-9231-C5C1DCE001AB} = {DB4161CB-A047-4D51-A303-5950BC8EF27D}
		{C6FA4588-977D-4DBB-9E6D-B5AFC8E50B35} = {F0E86EAF-57F7-4770-8FCA-09969698B78D}
		{348511CA-23B4-4B67-B7A9-7A40E4C56E26} = {F0E86EAF-57F7-4770-8FCA-09969698B78D}
		{7CD2017F-4C30-44ED-860F-946F25BD43BD} = {CA4C40C0-B7BF-4171-88E2-B1793318C80A}
		{9E878F53-57E6-4FEC-9BFF-6D59C6678959} = {CA4C40C0-B7BF-4171-88E2-B1793318C80A}
		{137D0072-95E1-4342-9049-4DA86D93E651} = {17EB5379-021C-48D6-9F3C-A0D3B4A20532}
		{861D8EAA-729E-44A7-B939-EB710450C157} = {17EB5379-021C-48D6-9F3C-A0D3B4A20532}
		{CF46B9E6-7F20-414A-9B05-F584FE7513D4} = {62CFEFA1-4EEF-4881-96DA-D359BC58846B}
		{C4C4302D-919B-46C5-BA75-71C73CA20178} = {62CFEFA1-4EEF-4881-96DA-D359BC58846B}
		{52684C51-9606-4F78-B324-74C7B16569AB} = {EF1D01C1-E4A7-43BF-BC0C-A4B6619E9B85}
		{D398CFD4-1D7E-4A74-A400-439180E3F5EB} = {EF1D01C1-E4A7-43BF-BC0C-A4B6619E9B85}
		{367F010F-F6C7-48A5-A4EA-E60D41AC1E6E} = {81A8D37A-E038-4C8E-8A20-CE67AE142A3F}
		{75C47460-6B4E-400F-B243-A9242633C2DD} = {81A8D37A-E038-4C8E-8A20-CE67AE142A3F}
		{EF3D9946-C709-4A21-BDDB-73610C1D5555} = {E69BB8CC-C619-496B-AD42-B061BBEDE649}
		{ED048949-BCEB-4B88-82A9-5878BA70BC56} = {E69BB8CC-C619-496B-AD42-B061BBEDE649}
		{0D03031D-A98B-445B-88C6-389AEB30745F} = {B060DB04-E62C-423F-8E2E-A1844682A10D}
		{B39FDF31-CEB0-498E-B0D2-EE2A83684855} = {B060DB04-E62C-423F-8E2E-A1844682A10D}
		{572A3B9A-A63C-402A-92CA-EF745140FD2D} = {082B2794-7A1D-4315-9061-24BA37869451}
		{19D5BFD4-279D-4D3F-B340-E7667C95A4AE} = {082B2794-7A1D-4315-9061-24BA37869451}
		{D193AF5A-E17D-40BD-8CA1-FCF032D95D27} = {45491E12-A21B-40E9-8495-2EF5310C1EC4}
		{2B4EBBDC-28A7-4B06-9D89-5851C23FA55A} = {45491E12-A21B-40E9-8495-2EF5310C1EC4}
		{61748355-FC65-4FA6-A7DC-763B12384D5F} = {66550EEB-7837-4472-9476-311A8000059E}
		{C439E6B7-9406-4CE0-9547-56DAF87D4F79} = {66550EEB-7837-4472-9476-311A8000059E}
		{8FD4E222-8954-4AA1-8EDF-3157BA58AB52} = {B42E99EE-C2CF-48FC-A0DE-C8B94192B165}
		{D4797200-88BF-46E7-BBAA-9E3A1EF41AFE} = {B42E99EE-C2CF-48FC-A0DE-C8B94192B165}
		{BBED9DB6-D891-493A-92EF-94B49775D9F7} = {5CBF4CCB-FC88-4D65-8BD6-D0CD1692CC71}
		{08943A03-63C0-4134-A073-21C2DFD0C783} = {5CBF4CCB-FC88-4D65-8BD6-D0CD1692CC71}
		{670E89D0-8C9E-444A-A746-A49C5B4DFA83} = {CE410021-84D4-45A8-981F-06475647AE3B}
		{1C0D4885-BF67-4625-B260-E5FA5B21431A} = {CE410021-84D4-45A8-981F-06475647AE3B}
		{437A3047-BDAB-423B-9FAD-A93EDD555908} = {60614ABE-D052-4683-9011-DC03D2C3F594}
		{16EA3084-E396-485C-A8BA-8F1DC4C8AC56} = {60614ABE-D052-4683-9011-DC03D2C3F594}
		{3ACD941B-FACB-4F55-83BD-4AFFA1C3D491} = {5CBD6F77-271C-4798-B2D3-3D08811C2D52}
		{BA1FF49B-B591-4A4E-837F-FF275A0014FA} = {5CBD6F77-271C-4798-B2D3-3D08811C2D52}
		{13EB9E85-E440-46E0-BD43-38B59A93A37B} = {D7195BE3-F8C0-412C-9DEA-F3CCA4F3AF83}
		{4A903713-897E-47B0-9CB6-14FF3C0A3D41} = {D7195BE3-F8C0-412C-9DEA-F3CCA4F3AF83}
		{B7F47546-B0FC-47F5-8C5D-7D9645FCD93F} = {26C8622C-9EC2-4BC8-B31A-2AB4CEEBD31A}
		{990EE97E-3000-43CF-A9E4-5FE91A808F7D} = {26C8622C-9EC2-4BC8-B31A-2AB4CEEBD31A}
		{996A52F6-AFCA-437A-B4AA-7C0DB6F7A263} = {719BF432-D8B7-44F3-9A9F-58DCA87DA163}
		{87C89BAC-E0CC-461A-BA10-93A276E28B83} = {719BF432-D8B7-44F3-9A9F-58DCA87DA163}
		{D2B133BA-3BE1-4A7C-958D-A114B37AF98A} = {6D31A2AF-5493-464E-8B7D-5F2BAB4CF3DA}
		{E2C03A4B-A126-4083-B2E6-08D0F9A51541} = {6D31A2AF-5493-464E-8B7D-5F2BAB4CF3DA}
		{1ED6DF33-5811-4DDC-B987-0E996192C60E} = {CFB3FF2E-F71D-44A2-BA25-9F7155A6EBA7}
		{394DC6C2-8F32-41AE-9063-8CA695D37F01} = {CFB3FF2E-F71D-44A2-BA25-9F7155A6EBA7}
		{5E941E67-D9D9-4DE2-9BE0-A33FE2A62B63} = {CFB3FF2E-F71D-44A2-BA25-9F7155A6EBA7}
	EndGlobalSection
EndGlobal
