
Microsoft Visual Studio Solution File, Format Version 12.00
# Visual Studio Version 17
VisualStudioVersion = 17.0.31903.59
MinimumVisualStudioVersion = 10.0.40219.1
Project("{2150E333-8FDC-42A3-9474-1A3956D46DE8}") = "101", "101", "{5973BE9C-F229-4FF4-9B29-843EB3044D31}"
EndProject
Project("{9A19103F-16F7-4668-BE54-9A1E7A4F7556}") = "Rockaway.WebApp", "101\Rockaway.WebApp\Rockaway.WebApp.csproj", "{01E5A23D-521F-4D39-AA1F-438037EFE703}"
EndProject
Project("{2150E333-8FDC-42A3-9474-1A3956D46DE8}") = "100", "100", "{6AFB8E78-167B-4365-83E0-573FF977B042}"
EndProject
Project("{9A19103F-16F7-4668-BE54-9A1E7A4F7556}") = "Rockaway.WebApp", "100\Rockaway.WebApp\Rockaway.WebApp.csproj", "{5439A805-4248-4130-AA9D-B978D54C5DCD}"
EndProject
Project("{9A19103F-16F7-4668-BE54-9A1E7A4F7556}") = "Rockaway.WebApp.Tests", "100\Rockaway.WebApp.Tests\Rockaway.WebApp.Tests.csproj", "{3B4A79F1-67C5-443D-B290-B68B9FCEE3E3}"
EndProject
Project("{9A19103F-16F7-4668-BE54-9A1E7A4F7556}") = "Rockaway.WebApp.Tests", "101\Rockaway.WebApp.Tests\Rockaway.WebApp.Tests.csproj", "{5A45437B-F4B0-4CD0-9AB6-164DB34C6BE1}"
EndProject
Project("{2150E333-8FDC-42A3-9474-1A3956D46DE8}") = "102", "102", "{907F1745-CC04-4821-A604-BF83B861C041}"
EndProject
Project("{9A19103F-16F7-4668-BE54-9A1E7A4F7556}") = "Rockaway.WebApp", "102\Rockaway.WebApp\Rockaway.WebApp.csproj", "{E41BF231-15A9-4960-A1E0-792E2DFB365B}"
EndProject
Project("{9A19103F-16F7-4668-BE54-9A1E7A4F7556}") = "Rockaway.WebApp.Tests", "102\Rockaway.WebApp.Tests\Rockaway.WebApp.Tests.csproj", "{67B955EB-2416-4963-B9A9-F9A20CC16AF3}"
EndProject
Project("{2150E333-8FDC-42A3-9474-1A3956D46DE8}") = "201", "201", "{B35137CC-3994-4ED0-9A12-32B53F7B2077}"
EndProject
Project("{9A19103F-16F7-4668-BE54-9A1E7A4F7556}") = "Rockaway.WebApp", "201\Rockaway.WebApp\Rockaway.WebApp.csproj", "{7D1471A7-AD9F-4CC7-B5C2-8891C7012298}"
EndProject
Project("{9A19103F-16F7-4668-BE54-9A1E7A4F7556}") = "Rockaway.WebApp.Tests", "201\Rockaway.WebApp.Tests\Rockaway.WebApp.Tests.csproj", "{AFF07619-677C-49B3-8B23-7BBEC67EBDCB}"
EndProject
Project("{2150E333-8FDC-42A3-9474-1A3956D46DE8}") = "202", "202", "{FCD414F9-9882-49A9-A2E0-75FC898A84EA}"
EndProject
Project("{9A19103F-16F7-4668-BE54-9A1E7A4F7556}") = "Rockaway.WebApp", "202\Rockaway.WebApp\Rockaway.WebApp.csproj", "{6110EC0D-2F55-4C0C-BA94-44447D5DF433}"
EndProject
Project("{9A19103F-16F7-4668-BE54-9A1E7A4F7556}") = "Rockaway.WebApp.Tests", "202\Rockaway.WebApp.Tests\Rockaway.WebApp.Tests.csproj", "{4C4A910C-A4FB-456F-91CB-40CA20CEF1AA}"
EndProject
Global
	GlobalSection(SolutionConfigurationPlatforms) = preSolution
		Debug|Any CPU = Debug|Any CPU
		Release|Any CPU = Release|Any CPU
	EndGlobalSection
	GlobalSection(ProjectConfigurationPlatforms) = postSolution
		{01E5A23D-521F-4D39-AA1F-438037EFE703}.Debug|Any CPU.ActiveCfg = Debug|Any CPU
		{01E5A23D-521F-4D39-AA1F-438037EFE703}.Debug|Any CPU.Build.0 = Debug|Any CPU
		{01E5A23D-521F-4D39-AA1F-438037EFE703}.Release|Any CPU.ActiveCfg = Release|Any CPU
		{01E5A23D-521F-4D39-AA1F-438037EFE703}.Release|Any CPU.Build.0 = Release|Any CPU
		{5439A805-4248-4130-AA9D-B978D54C5DCD}.Debug|Any CPU.ActiveCfg = Debug|Any CPU
		{5439A805-4248-4130-AA9D-B978D54C5DCD}.Debug|Any CPU.Build.0 = Debug|Any CPU
		{5439A805-4248-4130-AA9D-B978D54C5DCD}.Release|Any CPU.ActiveCfg = Release|Any CPU
		{5439A805-4248-4130-AA9D-B978D54C5DCD}.Release|Any CPU.Build.0 = Release|Any CPU
		{3B4A79F1-67C5-443D-B290-B68B9FCEE3E3}.Debug|Any CPU.ActiveCfg = Debug|Any CPU
		{3B4A79F1-67C5-443D-B290-B68B9FCEE3E3}.Debug|Any CPU.Build.0 = Debug|Any CPU
		{3B4A79F1-67C5-443D-B290-B68B9FCEE3E3}.Release|Any CPU.ActiveCfg = Release|Any CPU
		{3B4A79F1-67C5-443D-B290-B68B9FCEE3E3}.Release|Any CPU.Build.0 = Release|Any CPU
		{5A45437B-F4B0-4CD0-9AB6-164DB34C6BE1}.Debug|Any CPU.ActiveCfg = Debug|Any CPU
		{5A45437B-F4B0-4CD0-9AB6-164DB34C6BE1}.Debug|Any CPU.Build.0 = Debug|Any CPU
		{5A45437B-F4B0-4CD0-9AB6-164DB34C6BE1}.Release|Any CPU.ActiveCfg = Release|Any CPU
		{5A45437B-F4B0-4CD0-9AB6-164DB34C6BE1}.Release|Any CPU.Build.0 = Release|Any CPU
		{E41BF231-15A9-4960-A1E0-792E2DFB365B}.Debug|Any CPU.ActiveCfg = Debug|Any CPU
		{E41BF231-15A9-4960-A1E0-792E2DFB365B}.Debug|Any CPU.Build.0 = Debug|Any CPU
		{E41BF231-15A9-4960-A1E0-792E2DFB365B}.Release|Any CPU.ActiveCfg = Release|Any CPU
		{E41BF231-15A9-4960-A1E0-792E2DFB365B}.Release|Any CPU.Build.0 = Release|Any CPU
		{67B955EB-2416-4963-B9A9-F9A20CC16AF3}.Debug|Any CPU.ActiveCfg = Debug|Any CPU
		{67B955EB-2416-4963-B9A9-F9A20CC16AF3}.Debug|Any CPU.Build.0 = Debug|Any CPU
		{67B955EB-2416-4963-B9A9-F9A20CC16AF3}.Release|Any CPU.ActiveCfg = Release|Any CPU
		{67B955EB-2416-4963-B9A9-F9A20CC16AF3}.Release|Any CPU.Build.0 = Release|Any CPU
		{7D1471A7-AD9F-4CC7-B5C2-8891C7012298}.Debug|Any CPU.ActiveCfg = Debug|Any CPU
		{7D1471A7-AD9F-4CC7-B5C2-8891C7012298}.Debug|Any CPU.Build.0 = Debug|Any CPU
		{7D1471A7-AD9F-4CC7-B5C2-8891C7012298}.Release|Any CPU.ActiveCfg = Release|Any CPU
		{7D1471A7-AD9F-4CC7-B5C2-8891C7012298}.Release|Any CPU.Build.0 = Release|Any CPU
		{AFF07619-677C-49B3-8B23-7BBEC67EBDCB}.Debug|Any CPU.ActiveCfg = Debug|Any CPU
		{AFF07619-677C-49B3-8B23-7BBEC67EBDCB}.Debug|Any CPU.Build.0 = Debug|Any CPU
		{AFF07619-677C-49B3-8B23-7BBEC67EBDCB}.Release|Any CPU.ActiveCfg = Release|Any CPU
		{AFF07619-677C-49B3-8B23-7BBEC67EBDCB}.Release|Any CPU.Build.0 = Release|Any CPU
		{6110EC0D-2F55-4C0C-BA94-44447D5DF433}.Debug|Any CPU.ActiveCfg = Debug|Any CPU
		{6110EC0D-2F55-4C0C-BA94-44447D5DF433}.Debug|Any CPU.Build.0 = Debug|Any CPU
		{6110EC0D-2F55-4C0C-BA94-44447D5DF433}.Release|Any CPU.ActiveCfg = Release|Any CPU
		{6110EC0D-2F55-4C0C-BA94-44447D5DF433}.Release|Any CPU.Build.0 = Release|Any CPU
		{4C4A910C-A4FB-456F-91CB-40CA20CEF1AA}.Debug|Any CPU.ActiveCfg = Debug|Any CPU
		{4C4A910C-A4FB-456F-91CB-40CA20CEF1AA}.Debug|Any CPU.Build.0 = Debug|Any CPU
		{4C4A910C-A4FB-456F-91CB-40CA20CEF1AA}.Release|Any CPU.ActiveCfg = Release|Any CPU
		{4C4A910C-A4FB-456F-91CB-40CA20CEF1AA}.Release|Any CPU.Build.0 = Release|Any CPU
	EndGlobalSection
	GlobalSection(SolutionProperties) = preSolution
		HideSolutionNode = FALSE
	EndGlobalSection
	GlobalSection(NestedProjects) = preSolution
		{01E5A23D-521F-4D39-AA1F-438037EFE703} = {5973BE9C-F229-4FF4-9B29-843EB3044D31}
		{5439A805-4248-4130-AA9D-B978D54C5DCD} = {6AFB8E78-167B-4365-83E0-573FF977B042}
		{3B4A79F1-67C5-443D-B290-B68B9FCEE3E3} = {6AFB8E78-167B-4365-83E0-573FF977B042}
		{5A45437B-F4B0-4CD0-9AB6-164DB34C6BE1} = {5973BE9C-F229-4FF4-9B29-843EB3044D31}
		{E41BF231-15A9-4960-A1E0-792E2DFB365B} = {907F1745-CC04-4821-A604-BF83B861C041}
		{67B955EB-2416-4963-B9A9-F9A20CC16AF3} = {907F1745-CC04-4821-A604-BF83B861C041}
		{7D1471A7-AD9F-4CC7-B5C2-8891C7012298} = {B35137CC-3994-4ED0-9A12-32B53F7B2077}
		{AFF07619-677C-49B3-8B23-7BBEC67EBDCB} = {B35137CC-3994-4ED0-9A12-32B53F7B2077}
		{6110EC0D-2F55-4C0C-BA94-44447D5DF433} = {FCD414F9-9882-49A9-A2E0-75FC898A84EA}
		{4C4A910C-A4FB-456F-91CB-40CA20CEF1AA} = {FCD414F9-9882-49A9-A2E0-75FC898A84EA}
	EndGlobalSection
EndGlobal
