
Microsoft Visual Studio Solution File, Format Version 12.00
# Visual Studio Version 17
VisualStudioVersion = 17.0.31903.59
MinimumVisualStudioVersion = 10.0.40219.1
Project("{2150E333-8FDC-42A3-9474-1A3956D46DE8}") = "500", "500", "{05871B03-FA75-4CD3-8D01-A5AF1552F7D8}"
EndProject
Project("{FAE04EC0-301F-11D3-BF4B-00C04F79EFBC}") = "Rockaway.WebApp", "500\Rockaway\Rockaway.WebApp\Rockaway.WebApp.csproj", "{A8CB37C9-82A5-44DF-95F0-77CADF691230}"
EndProject
Project("{FAE04EC0-301F-11D3-BF4B-00C04F79EFBC}") = "Rockaway.WebApp.Tests", "500\Rockaway\Rockaway.WebApp.Tests\Rockaway.WebApp.Tests.csproj", "{C054CAA6-82B3-45D8-ACF6-4BD725398ED0}"
EndProject
Project("{2150E333-8FDC-42A3-9474-1A3956D46DE8}") = "501", "501", "{F4D71529-478D-42E8-9F2A-E386D3A38983}"
EndProject
Project("{FAE04EC0-301F-11D3-BF4B-00C04F79EFBC}") = "Rockaway.WebApp", "501\Rockaway\Rockaway.WebApp\Rockaway.WebApp.csproj", "{54F4089E-A69F-4BB3-AFCA-391BC4BB0176}"
EndProject
Project("{FAE04EC0-301F-11D3-BF4B-00C04F79EFBC}") = "Rockaway.WebApp.Tests", "501\Rockaway\Rockaway.WebApp.Tests\Rockaway.WebApp.Tests.csproj", "{6BA32309-113B-4814-A785-E03F1FA6D8ED}"
EndProject
Project("{2150E333-8FDC-42A3-9474-1A3956D46DE8}") = "502", "502", "{020724A1-C39C-402A-8194-1FACDE67F784}"
EndProject
Project("{FAE04EC0-301F-11D3-BF4B-00C04F79EFBC}") = "Rockaway.WebApp", "502\Rockaway\Rockaway.WebApp\Rockaway.WebApp.csproj", "{93A4BE4C-E639-47B1-B48A-4F068F5B8672}"
EndProject
Project("{FAE04EC0-301F-11D3-BF4B-00C04F79EFBC}") = "Rockaway.WebApp.Tests", "502\Rockaway\Rockaway.WebApp.Tests\Rockaway.WebApp.Tests.csproj", "{C5E18688-3CC2-4C09-B385-FDC9238C77CC}"
EndProject
Project("{2150E333-8FDC-42A3-9474-1A3956D46DE8}") = "503", "503", "{76C87E48-3A75-42A5-9305-1984E8C59C56}"
EndProject
Project("{FAE04EC0-301F-11D3-BF4B-00C04F79EFBC}") = "Rockaway.WebApp", "503\Rockaway\Rockaway.WebApp\Rockaway.WebApp.csproj", "{9CC39940-AC3E-4587-9285-FBD71B6E4750}"
EndProject
Project("{FAE04EC0-301F-11D3-BF4B-00C04F79EFBC}") = "Rockaway.WebApp.Tests", "503\Rockaway\Rockaway.WebApp.Tests\Rockaway.WebApp.Tests.csproj", "{A179064E-91FC-4773-924E-085A1F86A064}"
EndProject
Project("{2150E333-8FDC-42A3-9474-1A3956D46DE8}") = "504", "504", "{51A61CEA-1D49-4199-92D8-CA9486EDC88E}"
EndProject
Project("{FAE04EC0-301F-11D3-BF4B-00C04F79EFBC}") = "Rockaway.WebApp", "504\Rockaway\Rockaway.WebApp\Rockaway.WebApp.csproj", "{C2B33641-4425-4F27-8D61-955A4E063222}"
EndProject
Project("{FAE04EC0-301F-11D3-BF4B-00C04F79EFBC}") = "Rockaway.WebApp.Tests", "504\Rockaway\Rockaway.WebApp.Tests\Rockaway.WebApp.Tests.csproj", "{E18D5735-114F-4C93-83F7-88B1BA331513}"
EndProject
Project("{2150E333-8FDC-42A3-9474-1A3956D46DE8}") = "505", "505", "{4E8BFBCE-FE57-499B-9E19-DEE94EEF2C66}"
EndProject
Project("{FAE04EC0-301F-11D3-BF4B-00C04F79EFBC}") = "Rockaway.WebApp", "505\Rockaway\Rockaway.WebApp\Rockaway.WebApp.csproj", "{F9C0000D-20EA-4000-80F3-E96D26489990}"
EndProject
Project("{FAE04EC0-301F-11D3-BF4B-00C04F79EFBC}") = "Rockaway.WebApp.Tests", "505\Rockaway\Rockaway.WebApp.Tests\Rockaway.WebApp.Tests.csproj", "{387C6663-7A6E-4174-993F-06A437CF8EBF}"
EndProject
Project("{2150E333-8FDC-42A3-9474-1A3956D46DE8}") = "506", "506", "{025ABFE8-A375-479A-B807-9D7503680039}"
EndProject
Project("{FAE04EC0-301F-11D3-BF4B-00C04F79EFBC}") = "Rockaway.WebApp", "506\Rockaway\Rockaway.WebApp\Rockaway.WebApp.csproj", "{835B75BE-8C7D-4B68-BF52-6B8135B96E28}"
EndProject
Project("{FAE04EC0-301F-11D3-BF4B-00C04F79EFBC}") = "Rockaway.WebApp.Tests", "506\Rockaway\Rockaway.WebApp.Tests\Rockaway.WebApp.Tests.csproj", "{423C7C73-2687-4A94-8AD6-878EEA8C9D23}"
EndProject
Project("{2150E333-8FDC-42A3-9474-1A3956D46DE8}") = "507", "507", "{E556AC88-8F3F-4FD2-8A50-22A360EBAEBB}"
EndProject
Project("{FAE04EC0-301F-11D3-BF4B-00C04F79EFBC}") = "Rockaway.WebApp", "507\Rockaway\Rockaway.WebApp\Rockaway.WebApp.csproj", "{69C266F6-9676-4BF8-B562-B9F26186EFEB}"
EndProject
Project("{FAE04EC0-301F-11D3-BF4B-00C04F79EFBC}") = "Rockaway.WebApp.Tests", "507\Rockaway\Rockaway.WebApp.Tests\Rockaway.WebApp.Tests.csproj", "{78D06F71-B526-4D4F-9B92-4B92BE6F58D5}"
EndProject
Project("{2150E333-8FDC-42A3-9474-1A3956D46DE8}") = "508", "508", "{6AD543A5-D069-4274-B0CA-766A11A70CC4}"
EndProject
Project("{FAE04EC0-301F-11D3-BF4B-00C04F79EFBC}") = "Rockaway.WebApp", "508\Rockaway\Rockaway.WebApp\Rockaway.WebApp.csproj", "{D48C27FF-81A1-4362-9D99-B7FA9FFF31DC}"
EndProject
Project("{FAE04EC0-301F-11D3-BF4B-00C04F79EFBC}") = "Rockaway.WebApp.Tests", "508\Rockaway\Rockaway.WebApp.Tests\Rockaway.WebApp.Tests.csproj", "{96475494-F140-42FD-BB69-E378DF52397F}"
EndProject
Project("{2150E333-8FDC-42A3-9474-1A3956D46DE8}") = "509", "509", "{C2D32912-CEDF-459B-AC8B-972F49ABBA7D}"
EndProject
Project("{FAE04EC0-301F-11D3-BF4B-00C04F79EFBC}") = "Rockaway.WebApp", "509\Rockaway\Rockaway.WebApp\Rockaway.WebApp.csproj", "{A8C01971-CE18-43D0-8798-B753C5E00AE5}"
EndProject
Project("{FAE04EC0-301F-11D3-BF4B-00C04F79EFBC}") = "Rockaway.WebApp.Tests", "509\Rockaway\Rockaway.WebApp.Tests\Rockaway.WebApp.Tests.csproj", "{67C260FB-0EBE-48FC-A983-E1330CD82ECA}"
EndProject
Project("{2150E333-8FDC-42A3-9474-1A3956D46DE8}") = "510", "510", "{AE1FA97E-A202-490E-8752-109D7D15918B}"
EndProject
Project("{FAE04EC0-301F-11D3-BF4B-00C04F79EFBC}") = "Rockaway.WebApp", "510\Rockaway\Rockaway.WebApp\Rockaway.WebApp.csproj", "{B8C07AB1-0DCA-4FB7-8E34-E5F847A1B5BB}"
EndProject
Project("{FAE04EC0-301F-11D3-BF4B-00C04F79EFBC}") = "Rockaway.WebApp.Tests", "510\Rockaway\Rockaway.WebApp.Tests\Rockaway.WebApp.Tests.csproj", "{3CDB92C4-ECBC-4F83-B557-D19CABC4008E}"
EndProject
Project("{2150E333-8FDC-42A3-9474-1A3956D46DE8}") = "601", "601", "{F45D17B3-4D96-4D9D-82E1-5255E14BAF1C}"
EndProject
Project("{FAE04EC0-301F-11D3-BF4B-00C04F79EFBC}") = "Rockaway.WebApp", "601\Rockaway\Rockaway.WebApp\Rockaway.WebApp.csproj", "{D752C825-4547-4F1D-B7D5-EB861AA772A7}"
EndProject
Project("{FAE04EC0-301F-11D3-BF4B-00C04F79EFBC}") = "Rockaway.WebApp.Tests", "601\Rockaway\Rockaway.WebApp.Tests\Rockaway.WebApp.Tests.csproj", "{E76E35A3-8582-444E-ACF7-AD80B1CE8DDF}"
EndProject
Project("{2150E333-8FDC-42A3-9474-1A3956D46DE8}") = "602", "602", "{DE906EF7-7E36-43FC-B5D5-F512B32E4FE2}"
EndProject
Project("{FAE04EC0-301F-11D3-BF4B-00C04F79EFBC}") = "Rockaway.WebApp", "602\Rockaway\Rockaway.WebApp\Rockaway.WebApp.csproj", "{5C7304FC-2DC5-415C-808D-075AE03056D5}"
EndProject
Project("{FAE04EC0-301F-11D3-BF4B-00C04F79EFBC}") = "Rockaway.WebApp.Tests", "602\Rockaway\Rockaway.WebApp.Tests\Rockaway.WebApp.Tests.csproj", "{AA3541CC-A358-4F8D-99BD-172EC634CA60}"
EndProject
Project("{2150E333-8FDC-42A3-9474-1A3956D46DE8}") = "701", "701", "{20ED8F99-B534-407B-B750-6712DE859206}"
EndProject
Project("{FAE04EC0-301F-11D3-BF4B-00C04F79EFBC}") = "Rockaway.WebApp", "701\Rockaway\Rockaway.WebApp\Rockaway.WebApp.csproj", "{93F29FD8-1F00-4D5D-8B08-81FE0AC01957}"
EndProject
Project("{FAE04EC0-301F-11D3-BF4B-00C04F79EFBC}") = "Rockaway.WebApp.Tests", "701\Rockaway\Rockaway.WebApp.Tests\Rockaway.WebApp.Tests.csproj", "{50ACE54B-DFE2-4EC8-96EF-8930C7C6F7F6}"
EndProject
Project("{2150E333-8FDC-42A3-9474-1A3956D46DE8}") = "702", "702", "{7DF4ED27-D842-4E2F-B3F7-61EC49E084C4}"
EndProject
Project("{FAE04EC0-301F-11D3-BF4B-00C04F79EFBC}") = "Rockaway.RazorComponents", "702\Rockaway\Rockaway.RazorComponents\Rockaway.RazorComponents.csproj", "{E37F889D-30DD-425F-BF45-36E0568628B7}"
EndProject
Project("{FAE04EC0-301F-11D3-BF4B-00C04F79EFBC}") = "Rockaway.WebApp", "702\Rockaway\Rockaway.WebApp\Rockaway.WebApp.csproj", "{6A9DE95E-8C1F-4768-A723-A32E615C5832}"
EndProject
Project("{FAE04EC0-301F-11D3-BF4B-00C04F79EFBC}") = "Rockaway.WebApp.Tests", "702\Rockaway\Rockaway.WebApp.Tests\Rockaway.WebApp.Tests.csproj", "{2C62BF81-90E9-4802-84FE-E070C6BB82B3}"
EndProject
Global
	GlobalSection(SolutionConfigurationPlatforms) = preSolution
		Debug|Any CPU = Debug|Any CPU
		Release|Any CPU = Release|Any CPU
	EndGlobalSection
	GlobalSection(SolutionProperties) = preSolution
		HideSolutionNode = FALSE
	EndGlobalSection
	GlobalSection(ProjectConfigurationPlatforms) = postSolution
		{A8CB37C9-82A5-44DF-95F0-77CADF691230}.Debug|Any CPU.ActiveCfg = Debug|Any CPU
		{A8CB37C9-82A5-44DF-95F0-77CADF691230}.Debug|Any CPU.Build.0 = Debug|Any CPU
		{A8CB37C9-82A5-44DF-95F0-77CADF691230}.Release|Any CPU.ActiveCfg = Release|Any CPU
		{A8CB37C9-82A5-44DF-95F0-77CADF691230}.Release|Any CPU.Build.0 = Release|Any CPU
		{C054CAA6-82B3-45D8-ACF6-4BD725398ED0}.Debug|Any CPU.ActiveCfg = Debug|Any CPU
		{C054CAA6-82B3-45D8-ACF6-4BD725398ED0}.Debug|Any CPU.Build.0 = Debug|Any CPU
		{C054CAA6-82B3-45D8-ACF6-4BD725398ED0}.Release|Any CPU.ActiveCfg = Release|Any CPU
		{C054CAA6-82B3-45D8-ACF6-4BD725398ED0}.Release|Any CPU.Build.0 = Release|Any CPU
		{54F4089E-A69F-4BB3-AFCA-391BC4BB0176}.Debug|Any CPU.ActiveCfg = Debug|Any CPU
		{54F4089E-A69F-4BB3-AFCA-391BC4BB0176}.Debug|Any CPU.Build.0 = Debug|Any CPU
		{54F4089E-A69F-4BB3-AFCA-391BC4BB0176}.Release|Any CPU.ActiveCfg = Release|Any CPU
		{54F4089E-A69F-4BB3-AFCA-391BC4BB0176}.Release|Any CPU.Build.0 = Release|Any CPU
		{6BA32309-113B-4814-A785-E03F1FA6D8ED}.Debug|Any CPU.ActiveCfg = Debug|Any CPU
		{6BA32309-113B-4814-A785-E03F1FA6D8ED}.Debug|Any CPU.Build.0 = Debug|Any CPU
		{6BA32309-113B-4814-A785-E03F1FA6D8ED}.Release|Any CPU.ActiveCfg = Release|Any CPU
		{6BA32309-113B-4814-A785-E03F1FA6D8ED}.Release|Any CPU.Build.0 = Release|Any CPU
		{93A4BE4C-E639-47B1-B48A-4F068F5B8672}.Debug|Any CPU.ActiveCfg = Debug|Any CPU
		{93A4BE4C-E639-47B1-B48A-4F068F5B8672}.Debug|Any CPU.Build.0 = Debug|Any CPU
		{93A4BE4C-E639-47B1-B48A-4F068F5B8672}.Release|Any CPU.ActiveCfg = Release|Any CPU
		{93A4BE4C-E639-47B1-B48A-4F068F5B8672}.Release|Any CPU.Build.0 = Release|Any CPU
		{C5E18688-3CC2-4C09-B385-FDC9238C77CC}.Debug|Any CPU.ActiveCfg = Debug|Any CPU
		{C5E18688-3CC2-4C09-B385-FDC9238C77CC}.Debug|Any CPU.Build.0 = Debug|Any CPU
		{C5E18688-3CC2-4C09-B385-FDC9238C77CC}.Release|Any CPU.ActiveCfg = Release|Any CPU
		{C5E18688-3CC2-4C09-B385-FDC9238C77CC}.Release|Any CPU.Build.0 = Release|Any CPU
		{9CC39940-AC3E-4587-9285-FBD71B6E4750}.Debug|Any CPU.ActiveCfg = Debug|Any CPU
		{9CC39940-AC3E-4587-9285-FBD71B6E4750}.Debug|Any CPU.Build.0 = Debug|Any CPU
		{9CC39940-AC3E-4587-9285-FBD71B6E4750}.Release|Any CPU.ActiveCfg = Release|Any CPU
		{9CC39940-AC3E-4587-9285-FBD71B6E4750}.Release|Any CPU.Build.0 = Release|Any CPU
		{A179064E-91FC-4773-924E-085A1F86A064}.Debug|Any CPU.ActiveCfg = Debug|Any CPU
		{A179064E-91FC-4773-924E-085A1F86A064}.Debug|Any CPU.Build.0 = Debug|Any CPU
		{A179064E-91FC-4773-924E-085A1F86A064}.Release|Any CPU.ActiveCfg = Release|Any CPU
		{A179064E-91FC-4773-924E-085A1F86A064}.Release|Any CPU.Build.0 = Release|Any CPU
		{C2B33641-4425-4F27-8D61-955A4E063222}.Debug|Any CPU.ActiveCfg = Debug|Any CPU
		{C2B33641-4425-4F27-8D61-955A4E063222}.Debug|Any CPU.Build.0 = Debug|Any CPU
		{C2B33641-4425-4F27-8D61-955A4E063222}.Release|Any CPU.ActiveCfg = Release|Any CPU
		{C2B33641-4425-4F27-8D61-955A4E063222}.Release|Any CPU.Build.0 = Release|Any CPU
		{E18D5735-114F-4C93-83F7-88B1BA331513}.Debug|Any CPU.ActiveCfg = Debug|Any CPU
		{E18D5735-114F-4C93-83F7-88B1BA331513}.Debug|Any CPU.Build.0 = Debug|Any CPU
		{E18D5735-114F-4C93-83F7-88B1BA331513}.Release|Any CPU.ActiveCfg = Release|Any CPU
		{E18D5735-114F-4C93-83F7-88B1BA331513}.Release|Any CPU.Build.0 = Release|Any CPU
		{F9C0000D-20EA-4000-80F3-E96D26489990}.Debug|Any CPU.ActiveCfg = Debug|Any CPU
		{F9C0000D-20EA-4000-80F3-E96D26489990}.Debug|Any CPU.Build.0 = Debug|Any CPU
		{F9C0000D-20EA-4000-80F3-E96D26489990}.Release|Any CPU.ActiveCfg = Release|Any CPU
		{F9C0000D-20EA-4000-80F3-E96D26489990}.Release|Any CPU.Build.0 = Release|Any CPU
		{387C6663-7A6E-4174-993F-06A437CF8EBF}.Debug|Any CPU.ActiveCfg = Debug|Any CPU
		{387C6663-7A6E-4174-993F-06A437CF8EBF}.Debug|Any CPU.Build.0 = Debug|Any CPU
		{387C6663-7A6E-4174-993F-06A437CF8EBF}.Release|Any CPU.ActiveCfg = Release|Any CPU
		{387C6663-7A6E-4174-993F-06A437CF8EBF}.Release|Any CPU.Build.0 = Release|Any CPU
		{835B75BE-8C7D-4B68-BF52-6B8135B96E28}.Debug|Any CPU.ActiveCfg = Debug|Any CPU
		{835B75BE-8C7D-4B68-BF52-6B8135B96E28}.Debug|Any CPU.Build.0 = Debug|Any CPU
		{835B75BE-8C7D-4B68-BF52-6B8135B96E28}.Release|Any CPU.ActiveCfg = Release|Any CPU
		{835B75BE-8C7D-4B68-BF52-6B8135B96E28}.Release|Any CPU.Build.0 = Release|Any CPU
		{423C7C73-2687-4A94-8AD6-878EEA8C9D23}.Debug|Any CPU.ActiveCfg = Debug|Any CPU
		{423C7C73-2687-4A94-8AD6-878EEA8C9D23}.Debug|Any CPU.Build.0 = Debug|Any CPU
		{423C7C73-2687-4A94-8AD6-878EEA8C9D23}.Release|Any CPU.ActiveCfg = Release|Any CPU
		{423C7C73-2687-4A94-8AD6-878EEA8C9D23}.Release|Any CPU.Build.0 = Release|Any CPU
		{69C266F6-9676-4BF8-B562-B9F26186EFEB}.Debug|Any CPU.ActiveCfg = Debug|Any CPU
		{69C266F6-9676-4BF8-B562-B9F26186EFEB}.Debug|Any CPU.Build.0 = Debug|Any CPU
		{69C266F6-9676-4BF8-B562-B9F26186EFEB}.Release|Any CPU.ActiveCfg = Release|Any CPU
		{69C266F6-9676-4BF8-B562-B9F26186EFEB}.Release|Any CPU.Build.0 = Release|Any CPU
		{78D06F71-B526-4D4F-9B92-4B92BE6F58D5}.Debug|Any CPU.ActiveCfg = Debug|Any CPU
		{78D06F71-B526-4D4F-9B92-4B92BE6F58D5}.Debug|Any CPU.Build.0 = Debug|Any CPU
		{78D06F71-B526-4D4F-9B92-4B92BE6F58D5}.Release|Any CPU.ActiveCfg = Release|Any CPU
		{78D06F71-B526-4D4F-9B92-4B92BE6F58D5}.Release|Any CPU.Build.0 = Release|Any CPU
		{D48C27FF-81A1-4362-9D99-B7FA9FFF31DC}.Debug|Any CPU.ActiveCfg = Debug|Any CPU
		{D48C27FF-81A1-4362-9D99-B7FA9FFF31DC}.Debug|Any CPU.Build.0 = Debug|Any CPU
		{D48C27FF-81A1-4362-9D99-B7FA9FFF31DC}.Release|Any CPU.ActiveCfg = Release|Any CPU
		{D48C27FF-81A1-4362-9D99-B7FA9FFF31DC}.Release|Any CPU.Build.0 = Release|Any CPU
		{96475494-F140-42FD-BB69-E378DF52397F}.Debug|Any CPU.ActiveCfg = Debug|Any CPU
		{96475494-F140-42FD-BB69-E378DF52397F}.Debug|Any CPU.Build.0 = Debug|Any CPU
		{96475494-F140-42FD-BB69-E378DF52397F}.Release|Any CPU.ActiveCfg = Release|Any CPU
		{96475494-F140-42FD-BB69-E378DF52397F}.Release|Any CPU.Build.0 = Release|Any CPU
		{A8C01971-CE18-43D0-8798-B753C5E00AE5}.Debug|Any CPU.ActiveCfg = Debug|Any CPU
		{A8C01971-CE18-43D0-8798-B753C5E00AE5}.Debug|Any CPU.Build.0 = Debug|Any CPU
		{A8C01971-CE18-43D0-8798-B753C5E00AE5}.Release|Any CPU.ActiveCfg = Release|Any CPU
		{A8C01971-CE18-43D0-8798-B753C5E00AE5}.Release|Any CPU.Build.0 = Release|Any CPU
		{67C260FB-0EBE-48FC-A983-E1330CD82ECA}.Debug|Any CPU.ActiveCfg = Debug|Any CPU
		{67C260FB-0EBE-48FC-A983-E1330CD82ECA}.Debug|Any CPU.Build.0 = Debug|Any CPU
		{67C260FB-0EBE-48FC-A983-E1330CD82ECA}.Release|Any CPU.ActiveCfg = Release|Any CPU
		{67C260FB-0EBE-48FC-A983-E1330CD82ECA}.Release|Any CPU.Build.0 = Release|Any CPU
		{B8C07AB1-0DCA-4FB7-8E34-E5F847A1B5BB}.Debug|Any CPU.ActiveCfg = Debug|Any CPU
		{B8C07AB1-0DCA-4FB7-8E34-E5F847A1B5BB}.Debug|Any CPU.Build.0 = Debug|Any CPU
		{B8C07AB1-0DCA-4FB7-8E34-E5F847A1B5BB}.Release|Any CPU.ActiveCfg = Release|Any CPU
		{B8C07AB1-0DCA-4FB7-8E34-E5F847A1B5BB}.Release|Any CPU.Build.0 = Release|Any CPU
		{3CDB92C4-ECBC-4F83-B557-D19CABC4008E}.Debug|Any CPU.ActiveCfg = Debug|Any CPU
		{3CDB92C4-ECBC-4F83-B557-D19CABC4008E}.Debug|Any CPU.Build.0 = Debug|Any CPU
		{3CDB92C4-ECBC-4F83-B557-D19CABC4008E}.Release|Any CPU.ActiveCfg = Release|Any CPU
		{3CDB92C4-ECBC-4F83-B557-D19CABC4008E}.Release|Any CPU.Build.0 = Release|Any CPU
		{D752C825-4547-4F1D-B7D5-EB861AA772A7}.Debug|Any CPU.ActiveCfg = Debug|Any CPU
		{D752C825-4547-4F1D-B7D5-EB861AA772A7}.Debug|Any CPU.Build.0 = Debug|Any CPU
		{D752C825-4547-4F1D-B7D5-EB861AA772A7}.Release|Any CPU.ActiveCfg = Release|Any CPU
		{D752C825-4547-4F1D-B7D5-EB861AA772A7}.Release|Any CPU.Build.0 = Release|Any CPU
		{E76E35A3-8582-444E-ACF7-AD80B1CE8DDF}.Debug|Any CPU.ActiveCfg = Debug|Any CPU
		{E76E35A3-8582-444E-ACF7-AD80B1CE8DDF}.Debug|Any CPU.Build.0 = Debug|Any CPU
		{E76E35A3-8582-444E-ACF7-AD80B1CE8DDF}.Release|Any CPU.ActiveCfg = Release|Any CPU
		{E76E35A3-8582-444E-ACF7-AD80B1CE8DDF}.Release|Any CPU.Build.0 = Release|Any CPU
		{5C7304FC-2DC5-415C-808D-075AE03056D5}.Debug|Any CPU.ActiveCfg = Debug|Any CPU
		{5C7304FC-2DC5-415C-808D-075AE03056D5}.Debug|Any CPU.Build.0 = Debug|Any CPU
		{5C7304FC-2DC5-415C-808D-075AE03056D5}.Release|Any CPU.ActiveCfg = Release|Any CPU
		{5C7304FC-2DC5-415C-808D-075AE03056D5}.Release|Any CPU.Build.0 = Release|Any CPU
		{AA3541CC-A358-4F8D-99BD-172EC634CA60}.Debug|Any CPU.ActiveCfg = Debug|Any CPU
		{AA3541CC-A358-4F8D-99BD-172EC634CA60}.Debug|Any CPU.Build.0 = Debug|Any CPU
		{AA3541CC-A358-4F8D-99BD-172EC634CA60}.Release|Any CPU.ActiveCfg = Release|Any CPU
		{AA3541CC-A358-4F8D-99BD-172EC634CA60}.Release|Any CPU.Build.0 = Release|Any CPU
		{93F29FD8-1F00-4D5D-8B08-81FE0AC01957}.Debug|Any CPU.ActiveCfg = Debug|Any CPU
		{93F29FD8-1F00-4D5D-8B08-81FE0AC01957}.Debug|Any CPU.Build.0 = Debug|Any CPU
		{93F29FD8-1F00-4D5D-8B08-81FE0AC01957}.Release|Any CPU.ActiveCfg = Release|Any CPU
		{93F29FD8-1F00-4D5D-8B08-81FE0AC01957}.Release|Any CPU.Build.0 = Release|Any CPU
		{50ACE54B-DFE2-4EC8-96EF-8930C7C6F7F6}.Debug|Any CPU.ActiveCfg = Debug|Any CPU
		{50ACE54B-DFE2-4EC8-96EF-8930C7C6F7F6}.Debug|Any CPU.Build.0 = Debug|Any CPU
		{50ACE54B-DFE2-4EC8-96EF-8930C7C6F7F6}.Release|Any CPU.ActiveCfg = Release|Any CPU
		{50ACE54B-DFE2-4EC8-96EF-8930C7C6F7F6}.Release|Any CPU.Build.0 = Release|Any CPU
		{E37F889D-30DD-425F-BF45-36E0568628B7}.Debug|Any CPU.ActiveCfg = Debug|Any CPU
		{E37F889D-30DD-425F-BF45-36E0568628B7}.Debug|Any CPU.Build.0 = Debug|Any CPU
		{E37F889D-30DD-425F-BF45-36E0568628B7}.Release|Any CPU.ActiveCfg = Release|Any CPU
		{E37F889D-30DD-425F-BF45-36E0568628B7}.Release|Any CPU.Build.0 = Release|Any CPU
		{6A9DE95E-8C1F-4768-A723-A32E615C5832}.Debug|Any CPU.ActiveCfg = Debug|Any CPU
		{6A9DE95E-8C1F-4768-A723-A32E615C5832}.Debug|Any CPU.Build.0 = Debug|Any CPU
		{6A9DE95E-8C1F-4768-A723-A32E615C5832}.Release|Any CPU.ActiveCfg = Release|Any CPU
		{6A9DE95E-8C1F-4768-A723-A32E615C5832}.Release|Any CPU.Build.0 = Release|Any CPU
		{2C62BF81-90E9-4802-84FE-E070C6BB82B3}.Debug|Any CPU.ActiveCfg = Debug|Any CPU
		{2C62BF81-90E9-4802-84FE-E070C6BB82B3}.Debug|Any CPU.Build.0 = Debug|Any CPU
		{2C62BF81-90E9-4802-84FE-E070C6BB82B3}.Release|Any CPU.ActiveCfg = Release|Any CPU
		{2C62BF81-90E9-4802-84FE-E070C6BB82B3}.Release|Any CPU.Build.0 = Release|Any CPU
	EndGlobalSection
	GlobalSection(NestedProjects) = preSolution
		{A8CB37C9-82A5-44DF-95F0-77CADF691230} = {05871B03-FA75-4CD3-8D01-A5AF1552F7D8}
		{C054CAA6-82B3-45D8-ACF6-4BD725398ED0} = {05871B03-FA75-4CD3-8D01-A5AF1552F7D8}
		{54F4089E-A69F-4BB3-AFCA-391BC4BB0176} = {F4D71529-478D-42E8-9F2A-E386D3A38983}
		{6BA32309-113B-4814-A785-E03F1FA6D8ED} = {F4D71529-478D-42E8-9F2A-E386D3A38983}
		{93A4BE4C-E639-47B1-B48A-4F068F5B8672} = {020724A1-C39C-402A-8194-1FACDE67F784}
		{C5E18688-3CC2-4C09-B385-FDC9238C77CC} = {020724A1-C39C-402A-8194-1FACDE67F784}
		{9CC39940-AC3E-4587-9285-FBD71B6E4750} = {76C87E48-3A75-42A5-9305-1984E8C59C56}
		{A179064E-91FC-4773-924E-085A1F86A064} = {76C87E48-3A75-42A5-9305-1984E8C59C56}
		{C2B33641-4425-4F27-8D61-955A4E063222} = {51A61CEA-1D49-4199-92D8-CA9486EDC88E}
		{E18D5735-114F-4C93-83F7-88B1BA331513} = {51A61CEA-1D49-4199-92D8-CA9486EDC88E}
		{F9C0000D-20EA-4000-80F3-E96D26489990} = {4E8BFBCE-FE57-499B-9E19-DEE94EEF2C66}
		{387C6663-7A6E-4174-993F-06A437CF8EBF} = {4E8BFBCE-FE57-499B-9E19-DEE94EEF2C66}
		{835B75BE-8C7D-4B68-BF52-6B8135B96E28} = {025ABFE8-A375-479A-B807-9D7503680039}
		{423C7C73-2687-4A94-8AD6-878EEA8C9D23} = {025ABFE8-A375-479A-B807-9D7503680039}
		{69C266F6-9676-4BF8-B562-B9F26186EFEB} = {E556AC88-8F3F-4FD2-8A50-22A360EBAEBB}
		{78D06F71-B526-4D4F-9B92-4B92BE6F58D5} = {E556AC88-8F3F-4FD2-8A50-22A360EBAEBB}
		{D48C27FF-81A1-4362-9D99-B7FA9FFF31DC} = {6AD543A5-D069-4274-B0CA-766A11A70CC4}
		{96475494-F140-42FD-BB69-E378DF52397F} = {6AD543A5-D069-4274-B0CA-766A11A70CC4}
		{A8C01971-CE18-43D0-8798-B753C5E00AE5} = {C2D32912-CEDF-459B-AC8B-972F49ABBA7D}
		{67C260FB-0EBE-48FC-A983-E1330CD82ECA} = {C2D32912-CEDF-459B-AC8B-972F49ABBA7D}
		{B8C07AB1-0DCA-4FB7-8E34-E5F847A1B5BB} = {AE1FA97E-A202-490E-8752-109D7D15918B}
		{3CDB92C4-ECBC-4F83-B557-D19CABC4008E} = {AE1FA97E-A202-490E-8752-109D7D15918B}
		{D752C825-4547-4F1D-B7D5-EB861AA772A7} = {F45D17B3-4D96-4D9D-82E1-5255E14BAF1C}
		{E76E35A3-8582-444E-ACF7-AD80B1CE8DDF} = {F45D17B3-4D96-4D9D-82E1-5255E14BAF1C}
		{5C7304FC-2DC5-415C-808D-075AE03056D5} = {DE906EF7-7E36-43FC-B5D5-F512B32E4FE2}
		{AA3541CC-A358-4F8D-99BD-172EC634CA60} = {DE906EF7-7E36-43FC-B5D5-F512B32E4FE2}
		{93F29FD8-1F00-4D5D-8B08-81FE0AC01957} = {20ED8F99-B534-407B-B750-6712DE859206}
		{50ACE54B-DFE2-4EC8-96EF-8930C7C6F7F6} = {20ED8F99-B534-407B-B750-6712DE859206}
		{E37F889D-30DD-425F-BF45-36E0568628B7} = {7DF4ED27-D842-4E2F-B3F7-61EC49E084C4}
		{6A9DE95E-8C1F-4768-A723-A32E615C5832} = {7DF4ED27-D842-4E2F-B3F7-61EC49E084C4}
		{2C62BF81-90E9-4802-84FE-E070C6BB82B3} = {7DF4ED27-D842-4E2F-B3F7-61EC49E084C4}
	EndGlobalSection
EndGlobal
