
Microsoft Visual Studio Solution File, Format Version 12.00
# Visual Studio Version 18
VisualStudioVersion = 18.3.11527.330
MinimumVisualStudioVersion = 10.0.40219.1
Project("{2150E333-8FDC-42A3-9474-1A3956D46DE8}") = "101", "101", "{5973BE9C-F229-4FF4-9B29-843EB3044D31}"
EndProject
Project("{9A19103F-16F7-4668-BE54-9A1E7A4F7556}") = "Rockaway.WebApp", "101\Rockaway.WebApp\Rockaway.WebApp.csproj", "{01E5A23D-521F-4D39-AA1F-438037EFE703}"
EndProject
Project("{2150E333-8FDC-42A3-9474-1A3956D46DE8}") = "100", "100", "{6AFB8E78-167B-4365-83E0-573FF977B042}"
EndProject
Project("{9A19103F-16F7-4668-BE54-9A1E7A4F7556}") = "Rockaway.WebApp", "100\Rockaway.WebApp\Rockaway.WebApp.csproj", "{5439A805-4248-4130-AA9D-B978D54C5DCD}"
EndProject
Project("{9A19103F-16F7-4668-BE54-9A1E7A4F7556}") = "Rockaway.WebApp.Tests", "100\Rockaway.WebApp.Tests\Rockaway.WebApp.Tests.csproj", "{3B4A79F1-67C5-443D-B290-B68B9FCEE3E3}"
EndProject
Project("{9A19103F-16F7-4668-BE54-9A1E7A4F7556}") = "Rockaway.WebApp.Tests", "101\Rockaway.WebApp.Tests\Rockaway.WebApp.Tests.csproj", "{5A45437B-F4B0-4CD0-9AB6-164DB34C6BE1}"
EndProject
Project("{2150E333-8FDC-42A3-9474-1A3956D46DE8}") = "102", "102", "{907F1745-CC04-4821-A604-BF83B861C041}"
EndProject
Project("{9A19103F-16F7-4668-BE54-9A1E7A4F7556}") = "Rockaway.WebApp", "102\Rockaway.WebApp\Rockaway.WebApp.csproj", "{E41BF231-15A9-4960-A1E0-792E2DFB365B}"
EndProject
Project("{9A19103F-16F7-4668-BE54-9A1E7A4F7556}") = "Rockaway.WebApp.Tests", "102\Rockaway.WebApp.Tests\Rockaway.WebApp.Tests.csproj", "{67B955EB-2416-4963-B9A9-F9A20CC16AF3}"
EndProject
Project("{2150E333-8FDC-42A3-9474-1A3956D46DE8}") = "201", "201", "{B35137CC-3994-4ED0-9A12-32B53F7B2077}"
EndProject
Project("{9A19103F-16F7-4668-BE54-9A1E7A4F7556}") = "Rockaway.WebApp", "201\Rockaway.WebApp\Rockaway.WebApp.csproj", "{7D1471A7-AD9F-4CC7-B5C2-8891C7012298}"
EndProject
Project("{9A19103F-16F7-4668-BE54-9A1E7A4F7556}") = "Rockaway.WebApp.Tests", "201\Rockaway.WebApp.Tests\Rockaway.WebApp.Tests.csproj", "{AFF07619-677C-49B3-8B23-7BBEC67EBDCB}"
EndProject
Project("{2150E333-8FDC-42A3-9474-1A3956D46DE8}") = "202", "202", "{FCD414F9-9882-49A9-A2E0-75FC898A84EA}"
EndProject
Project("{9A19103F-16F7-4668-BE54-9A1E7A4F7556}") = "Rockaway.WebApp", "202\Rockaway.WebApp\Rockaway.WebApp.csproj", "{6110EC0D-2F55-4C0C-BA94-44447D5DF433}"
EndProject
Project("{9A19103F-16F7-4668-BE54-9A1E7A4F7556}") = "Rockaway.WebApp.Tests", "202\Rockaway.WebApp.Tests\Rockaway.WebApp.Tests.csproj", "{4C4A910C-A4FB-456F-91CB-40CA20CEF1AA}"
EndProject
Project("{2150E333-8FDC-42A3-9474-1A3956D46DE8}") = "301", "301", "{2BB0812E-30BA-74DA-86DA-088C36F38B48}"
EndProject
Project("{FAE04EC0-301F-11D3-BF4B-00C04F79EFBC}") = "Rockaway.WebApp", "301\Rockaway.WebApp\Rockaway.WebApp.csproj", "{38273FAC-8A6C-4D18-851A-5A989A8FF8D4}"
EndProject
Project("{FAE04EC0-301F-11D3-BF4B-00C04F79EFBC}") = "Rockaway.WebApp.Tests", "301\Rockaway.WebApp.Tests\Rockaway.WebApp.Tests.csproj", "{2A6F742B-B35C-4E11-9621-43E1C8D5DCFD}"
EndProject
Project("{2150E333-8FDC-42A3-9474-1A3956D46DE8}") = "302", "302", "{60C9C661-BD18-178D-E244-7587BC073DCE}"
EndProject
Project("{FAE04EC0-301F-11D3-BF4B-00C04F79EFBC}") = "Rockaway.WebApp", "302\Rockaway.WebApp\Rockaway.WebApp.csproj", "{C3D30EF8-6E46-4716-AA28-9C840E9A22E7}"
EndProject
Project("{FAE04EC0-301F-11D3-BF4B-00C04F79EFBC}") = "Rockaway.WebApp.Tests", "302\Rockaway.WebApp.Tests\Rockaway.WebApp.Tests.csproj", "{65D65AAC-BD26-435D-9573-A1931647DE05}"
EndProject
Project("{2150E333-8FDC-42A3-9474-1A3956D46DE8}") = "303", "303", "{DFA92446-4157-8FFB-1543-EF5957AB54AA}"
EndProject
Project("{FAE04EC0-301F-11D3-BF4B-00C04F79EFBC}") = "Rockaway.WebApp", "303\Rockaway.WebApp\Rockaway.WebApp.csproj", "{BF8E0572-9DEC-4898-9548-2A150FEBDF7D}"
EndProject
Project("{FAE04EC0-301F-11D3-BF4B-00C04F79EFBC}") = "Rockaway.WebApp.Tests", "303\Rockaway.WebApp.Tests\Rockaway.WebApp.Tests.csproj", "{DCAC042C-277A-455C-8484-AE0066CDFB33}"
EndProject
Project("{2150E333-8FDC-42A3-9474-1A3956D46DE8}") = "304", "304", "{734D4409-28EF-0DBD-15F6-0EE3A90B2770}"
EndProject
Project("{FAE04EC0-301F-11D3-BF4B-00C04F79EFBC}") = "Rockaway.WebApp", "304\Rockaway.WebApp\Rockaway.WebApp.csproj", "{3775FD48-A83C-4F95-ACD9-29EEF69903AC}"
EndProject
Project("{FAE04EC0-301F-11D3-BF4B-00C04F79EFBC}") = "Rockaway.WebApp.Tests", "304\Rockaway.WebApp.Tests\Rockaway.WebApp.Tests.csproj", "{75343CFF-5F68-45BC-BC7E-B10F624BFB15}"
EndProject
Project("{2150E333-8FDC-42A3-9474-1A3956D46DE8}") = "305", "305", "{026B2513-1281-4BA9-2A99-997348D0B92F}"
EndProject
Project("{FAE04EC0-301F-11D3-BF4B-00C04F79EFBC}") = "Rockaway.WebApp", "305\Rockaway.WebApp\Rockaway.WebApp.csproj", "{C917A25C-990C-4060-BDD9-E34F977915BB}"
EndProject
Project("{FAE04EC0-301F-11D3-BF4B-00C04F79EFBC}") = "Rockaway.WebApp.Tests", "305\Rockaway.WebApp.Tests\Rockaway.WebApp.Tests.csproj", "{829AFC91-A07C-49CA-991C-B90045703A20}"
EndProject
Project("{2150E333-8FDC-42A3-9474-1A3956D46DE8}") = "400", "400", "{E003018B-BA8A-ABAA-3ACD-B9DE1357A2F4}"
EndProject
Project("{FAE04EC0-301F-11D3-BF4B-00C04F79EFBC}") = "Rockaway.WebApp", "400\Rockaway.WebApp\Rockaway.WebApp.csproj", "{DD5ADB62-CE2F-4549-8DC9-1C2D729D9D7C}"
EndProject
Project("{FAE04EC0-301F-11D3-BF4B-00C04F79EFBC}") = "Rockaway.WebApp.Tests", "400\Rockaway.WebApp.Tests\Rockaway.WebApp.Tests.csproj", "{A344C026-C806-4815-ABAD-1E4E491D3DB3}"
EndProject
Project("{2150E333-8FDC-42A3-9474-1A3956D46DE8}") = "401", "401", "{ED3D2F02-D722-C1C1-BDC7-0DF0A30BA210}"
EndProject
Project("{FAE04EC0-301F-11D3-BF4B-00C04F79EFBC}") = "Rockaway.WebApp", "401\Rockaway.WebApp\Rockaway.WebApp.csproj", "{BABC8160-EB76-4CBE-AB62-B82FCF6D26B4}"
EndProject
Project("{FAE04EC0-301F-11D3-BF4B-00C04F79EFBC}") = "Rockaway.WebApp.Tests", "401\Rockaway.WebApp.Tests\Rockaway.WebApp.Tests.csproj", "{2FC58EF0-571F-4351-BA7A-E12FA2F68DDA}"
EndProject
Project("{2150E333-8FDC-42A3-9474-1A3956D46DE8}") = "402", "402", "{174D0FE2-D462-6468-D470-0B69971CEB0A}"
EndProject
Project("{FAE04EC0-301F-11D3-BF4B-00C04F79EFBC}") = "Rockaway.WebApp", "402\Rockaway.WebApp\Rockaway.WebApp.csproj", "{95318A6C-0BA5-469A-8B8C-5C114872F710}"
EndProject
Project("{FAE04EC0-301F-11D3-BF4B-00C04F79EFBC}") = "Rockaway.WebApp.Tests", "402\Rockaway.WebApp.Tests\Rockaway.WebApp.Tests.csproj", "{B7D2EBFF-F00F-4095-9B39-F380BB021013}"
EndProject
Project("{2150E333-8FDC-42A3-9474-1A3956D46DE8}") = "500", "500", "{6389DDAD-D9D3-4827-CC54-A5675AD06F97}"
EndProject
Project("{FAE04EC0-301F-11D3-BF4B-00C04F79EFBC}") = "Rockaway.WebApp", "500\Rockaway.WebApp\Rockaway.WebApp.csproj", "{5348087A-B25B-4A43-8AE7-ABEFCE201352}"
EndProject
Project("{FAE04EC0-301F-11D3-BF4B-00C04F79EFBC}") = "Rockaway.WebApp.Tests", "500\Rockaway.WebApp.Tests\Rockaway.WebApp.Tests.csproj", "{42D0DB42-1827-4675-A5D7-1A65690AD4BE}"
EndProject
Project("{2150E333-8FDC-42A3-9474-1A3956D46DE8}") = "501", "501", "{72207974-2593-7170-DEFB-2C896971F8D6}"
EndProject
Project("{FAE04EC0-301F-11D3-BF4B-00C04F79EFBC}") = "Rockaway.WebApp", "501\Rockaway.WebApp\Rockaway.WebApp.csproj", "{175D10D8-6A62-46F6-B3AC-06326C777390}"
EndProject
Project("{FAE04EC0-301F-11D3-BF4B-00C04F79EFBC}") = "Rockaway.WebApp.Tests", "501\Rockaway.WebApp.Tests\Rockaway.WebApp.Tests.csproj", "{5EA6C231-ACC4-4D0D-9F32-3F3C7C256B17}"
EndProject
Project("{2150E333-8FDC-42A3-9474-1A3956D46DE8}") = "502", "502", "{3637EFDB-18CC-06D8-46F7-0A6F23857942}"
EndProject
Project("{FAE04EC0-301F-11D3-BF4B-00C04F79EFBC}") = "Rockaway.WebApp", "502\Rockaway.WebApp\Rockaway.WebApp.csproj", "{A995EE87-1683-448F-BA5A-638ABF81FC9B}"
EndProject
Project("{FAE04EC0-301F-11D3-BF4B-00C04F79EFBC}") = "Rockaway.WebApp.Tests", "502\Rockaway.WebApp.Tests\Rockaway.WebApp.Tests.csproj", "{1F933793-DF78-4DD7-8CB7-C56E0C2D5231}"
EndProject
Project("{2150E333-8FDC-42A3-9474-1A3956D46DE8}") = "503", "503", "{BF89F16A-F5CC-C5C7-A7E5-6BCCDB8AE368}"
EndProject
Project("{FAE04EC0-301F-11D3-BF4B-00C04F79EFBC}") = "Rockaway.WebApp", "503\Rockaway.WebApp\Rockaway.WebApp.csproj", "{2171964F-C4BF-4127-A9EC-FA9116570C79}"
EndProject
Project("{FAE04EC0-301F-11D3-BF4B-00C04F79EFBC}") = "Rockaway.WebApp.Tests", "503\Rockaway.WebApp.Tests\Rockaway.WebApp.Tests.csproj", "{3F4AE751-E163-48CB-8B14-AA3126C53FE1}"
EndProject
Project("{2150E333-8FDC-42A3-9474-1A3956D46DE8}") = "504", "504", "{8FB6E65A-A1D0-12E0-B30B-8FB3A489957C}"
EndProject
Project("{FAE04EC0-301F-11D3-BF4B-00C04F79EFBC}") = "Rockaway.WebApp", "504\Rockaway.WebApp\Rockaway.WebApp.csproj", "{7484F1D0-B327-4B78-9090-F450AF5287B4}"
EndProject
Project("{FAE04EC0-301F-11D3-BF4B-00C04F79EFBC}") = "Rockaway.WebApp.Tests", "504\Rockaway.WebApp.Tests\Rockaway.WebApp.Tests.csproj", "{BBBB06B7-5E6C-4359-9403-3756E50B2BDC}"
EndProject
Project("{2150E333-8FDC-42A3-9474-1A3956D46DE8}") = "505", "505", "{66759BAA-7BF9-E9E3-E544-5A6715FBE7F9}"
EndProject
Project("{FAE04EC0-301F-11D3-BF4B-00C04F79EFBC}") = "Rockaway.WebApp", "505\Rockaway.WebApp\Rockaway.WebApp.csproj", "{4D73631F-A1A1-4F93-8B08-ADA1A26A750E}"
EndProject
Project("{FAE04EC0-301F-11D3-BF4B-00C04F79EFBC}") = "Rockaway.WebApp.Tests", "505\Rockaway.WebApp.Tests\Rockaway.WebApp.Tests.csproj", "{189476DD-EE16-4058-88D9-E5B9218A9556}"
EndProject
Project("{2150E333-8FDC-42A3-9474-1A3956D46DE8}") = "506", "506", "{B64D1614-CFB3-A6AA-FDFA-80FE0E924EDD}"
EndProject
Project("{FAE04EC0-301F-11D3-BF4B-00C04F79EFBC}") = "Rockaway.WebApp", "506\Rockaway.WebApp\Rockaway.WebApp.csproj", "{871FE222-922D-45E6-9256-993446523E2B}"
EndProject
Project("{FAE04EC0-301F-11D3-BF4B-00C04F79EFBC}") = "Rockaway.WebApp.Tests", "506\Rockaway.WebApp.Tests\Rockaway.WebApp.Tests.csproj", "{FC92E5D9-6D23-4E13-8205-5883B9A4F6D3}"
EndProject
Project("{2150E333-8FDC-42A3-9474-1A3956D46DE8}") = "507", "507", "{1D231E2B-CF32-081B-B8FE-B5C73FDE7AC7}"
EndProject
Project("{FAE04EC0-301F-11D3-BF4B-00C04F79EFBC}") = "Rockaway.WebApp", "507\Rockaway.WebApp\Rockaway.WebApp.csproj", "{EB3A552D-D645-406E-BF14-CFC11411EA29}"
EndProject
Project("{FAE04EC0-301F-11D3-BF4B-00C04F79EFBC}") = "Rockaway.WebApp.Tests", "507\Rockaway.WebApp.Tests\Rockaway.WebApp.Tests.csproj", "{6BA262B0-7B25-4B62-BE88-519ADBBB329C}"
EndProject
Project("{2150E333-8FDC-42A3-9474-1A3956D46DE8}") = "508", "508", "{6828A23D-5BBC-395F-8384-DA486DF77803}"
EndProject
Project("{FAE04EC0-301F-11D3-BF4B-00C04F79EFBC}") = "Rockaway.WebApp", "508\Rockaway.WebApp\Rockaway.WebApp.csproj", "{91FC8B93-DEBB-4D92-8D01-77CCDC14682F}"
EndProject
Project("{FAE04EC0-301F-11D3-BF4B-00C04F79EFBC}") = "Rockaway.WebApp.Tests", "508\Rockaway.WebApp.Tests\Rockaway.WebApp.Tests.csproj", "{4C8FE22A-B223-441A-86E6-439D5647D634}"
EndProject
Project("{2150E333-8FDC-42A3-9474-1A3956D46DE8}") = "509", "509", "{DBC612E6-BEB4-FB15-3077-FA6E92605282}"
EndProject
Project("{FAE04EC0-301F-11D3-BF4B-00C04F79EFBC}") = "Rockaway.WebApp", "509\Rockaway.WebApp\Rockaway.WebApp.csproj", "{A94A85C2-7F9C-4BBA-BA67-586643B580C8}"
EndProject
Project("{FAE04EC0-301F-11D3-BF4B-00C04F79EFBC}") = "Rockaway.WebApp.Tests", "509\Rockaway.WebApp.Tests\Rockaway.WebApp.Tests.csproj", "{01B3ACFC-E7A0-4222-8ACC-2A6B18EB4751}"
EndProject
Project("{2150E333-8FDC-42A3-9474-1A3956D46DE8}") = "510", "510", "{56FB2611-7932-E9CC-920E-52245177B3F5}"
EndProject
Project("{FAE04EC0-301F-11D3-BF4B-00C04F79EFBC}") = "Rockaway.WebApp", "510\Rockaway.WebApp\Rockaway.WebApp.csproj", "{1C65C1A8-2AE9-4A97-9D7C-8E6C370FCC1D}"
EndProject
Project("{FAE04EC0-301F-11D3-BF4B-00C04F79EFBC}") = "Rockaway.WebApp.Tests", "510\Rockaway.WebApp.Tests\Rockaway.WebApp.Tests.csproj", "{529C498C-B643-4B01-9BCD-2A01F015DDF5}"
EndProject
Project("{2150E333-8FDC-42A3-9474-1A3956D46DE8}") = "601", "601", "{9AE438F2-4620-1879-97BF-D8ECA541F062}"
EndProject
Project("{FAE04EC0-301F-11D3-BF4B-00C04F79EFBC}") = "Rockaway.WebApp", "601\Rockaway.WebApp\Rockaway.WebApp.csproj", "{45AD356A-5E1A-4CBB-98E6-AA284CF4CF4F}"
EndProject
Project("{FAE04EC0-301F-11D3-BF4B-00C04F79EFBC}") = "Rockaway.WebApp.Tests", "601\Rockaway.WebApp.Tests\Rockaway.WebApp.Tests.csproj", "{6037C883-C589-4D0B-B4BB-46212C8F794F}"
EndProject
Project("{2150E333-8FDC-42A3-9474-1A3956D46DE8}") = "602", "602", "{A1B6AF78-7513-F0DF-766A-A4585D407AA5}"
EndProject
Project("{FAE04EC0-301F-11D3-BF4B-00C04F79EFBC}") = "Rockaway.WebApp", "602\Rockaway.WebApp\Rockaway.WebApp.csproj", "{B003ACBF-D08C-49E8-8F39-699F45BDBBC1}"
EndProject
Project("{FAE04EC0-301F-11D3-BF4B-00C04F79EFBC}") = "Rockaway.WebApp.Tests", "602\Rockaway.WebApp.Tests\Rockaway.WebApp.Tests.csproj", "{0D8BC582-8337-45E6-8DDF-D5FFFF78158C}"
EndProject
Project("{2150E333-8FDC-42A3-9474-1A3956D46DE8}") = "701", "701", "{4770C0E6-8FC0-74B3-FA08-7F12349EB3AF}"
EndProject
Project("{FAE04EC0-301F-11D3-BF4B-00C04F79EFBC}") = "Rockaway.WebApp", "701\Rockaway.WebApp\Rockaway.WebApp.csproj", "{FA2FB96F-CA2F-43A2-8D53-641C669D4303}"
EndProject
Project("{FAE04EC0-301F-11D3-BF4B-00C04F79EFBC}") = "Rockaway.WebApp.Tests", "701\Rockaway.WebApp.Tests\Rockaway.WebApp.Tests.csproj", "{29710CDF-B947-46E6-8FBD-B12DCCDB80FD}"
EndProject
Project("{2150E333-8FDC-42A3-9474-1A3956D46DE8}") = "702", "702", "{941C177D-9695-D13A-863E-779E61F65030}"
EndProject
Project("{FAE04EC0-301F-11D3-BF4B-00C04F79EFBC}") = "Rockaway.WebApp", "702\Rockaway.WebApp\Rockaway.WebApp.csproj", "{7534C1DE-0FF3-49AE-86E8-047C6DF10ED0}"
EndProject
Project("{FAE04EC0-301F-11D3-BF4B-00C04F79EFBC}") = "Rockaway.RazorComponents", "702\Rockaway.RazorComponents\Rockaway.RazorComponents.csproj", "{10DED669-CA0A-4498-A135-C513B7B94D49}"
EndProject
Project("{FAE04EC0-301F-11D3-BF4B-00C04F79EFBC}") = "Rockaway.WebApp.Tests", "702\Rockaway.WebApp.Tests\Rockaway.WebApp.Tests.csproj", "{58BAAEEA-0AE5-4059-AFA4-68F8349AF5F8}"
EndProject
Project("{2150E333-8FDC-42A3-9474-1A3956D46DE8}") = "801", "801", "{EC89FB1D-DE82-711F-5777-DACC630DDE42}"
EndProject
Project("{FAE04EC0-301F-11D3-BF4B-00C04F79EFBC}") = "Rockaway.WebApp", "801\Rockaway.WebApp\Rockaway.WebApp.csproj", "{5B39B194-C367-4316-B754-55D529E16F0E}"
EndProject
Project("{FAE04EC0-301F-11D3-BF4B-00C04F79EFBC}") = "Rockaway.RazorComponents", "801\Rockaway.RazorComponents\Rockaway.RazorComponents.csproj", "{F0F47B60-E886-46F8-AD2B-81ECAD924F33}"
EndProject
Project("{FAE04EC0-301F-11D3-BF4B-00C04F79EFBC}") = "Rockaway.ServiceDefaults", "801\Rockaway.ServiceDefaults\Rockaway.ServiceDefaults.csproj", "{EA5E276E-823B-404B-9A97-4AC2C28F3255}"
EndProject
Project("{FAE04EC0-301F-11D3-BF4B-00C04F79EFBC}") = "Rockaway.WebApp.Tests", "801\Rockaway.WebApp.Tests\Rockaway.WebApp.Tests.csproj", "{548CC66A-368E-4B23-867E-C6277A5ED030}"
EndProject
Project("{2150E333-8FDC-42A3-9474-1A3956D46DE8}") = "103", "103", "{5ECC7212-D43A-2DDA-4952-3D0497CF2EF7}"
EndProject
Project("{FAE04EC0-301F-11D3-BF4B-00C04F79EFBC}") = "Rockaway.WebApp", "103\Rockaway.WebApp\Rockaway.WebApp.csproj", "{4EC743D2-B2E3-4EDB-A469-6A88A7EBF62A}"
EndProject
Project("{FAE04EC0-301F-11D3-BF4B-00C04F79EFBC}") = "Rockaway.WebApp.Tests", "103\Rockaway.WebApp.Tests\Rockaway.WebApp.Tests.csproj", "{C5662322-3911-4119-B9FA-1A179E278BFB}"
EndProject
Project("{2150E333-8FDC-42A3-9474-1A3956D46DE8}") = "200", "200", "{EBCFAA16-9E1C-40ED-785F-3E07867DDB12}"
EndProject
Project("{FAE04EC0-301F-11D3-BF4B-00C04F79EFBC}") = "Rockaway.WebApp", "200\Rockaway.WebApp\Rockaway.WebApp.csproj", "{E388131F-324E-4AF6-A333-B1A2B862D81E}"
EndProject
Project("{2150E333-8FDC-42A3-9474-1A3956D46DE8}") = "300", "300", "{E54ABA49-B889-3B16-761C-75EE14FA5937}"
EndProject
Project("{FAE04EC0-301F-11D3-BF4B-00C04F79EFBC}") = "Rockaway.WebApp", "300\Rockaway.WebApp\Rockaway.WebApp.csproj", "{08EC0377-DC09-445A-A218-C3E22EB18F0A}"
EndProject
Project("{FAE04EC0-301F-11D3-BF4B-00C04F79EFBC}") = "Rockaway.WebApp.Tests", "200\Rockaway.WebApp.Tests\Rockaway.WebApp.Tests.csproj", "{338AB003-C84E-4038-A652-A3D482AAF480}"
EndProject
Project("{FAE04EC0-301F-11D3-BF4B-00C04F79EFBC}") = "Rockaway.WebApp.Tests", "300\Rockaway.WebApp.Tests\Rockaway.WebApp.Tests.csproj", "{185EA001-1DAF-46A2-B643-DE68343C4A5B}"
EndProject
Global
	GlobalSection(SolutionConfigurationPlatforms) = preSolution
		Debug|Any CPU = Debug|Any CPU
		Debug|x64 = Debug|x64
		Debug|x86 = Debug|x86
		Release|Any CPU = Release|Any CPU
		Release|x64 = Release|x64
		Release|x86 = Release|x86
	EndGlobalSection
	GlobalSection(ProjectConfigurationPlatforms) = postSolution
		{01E5A23D-521F-4D39-AA1F-438037EFE703}.Debug|Any CPU.ActiveCfg = Debug|Any CPU
		{01E5A23D-521F-4D39-AA1F-438037EFE703}.Debug|Any CPU.Build.0 = Debug|Any CPU
		{01E5A23D-521F-4D39-AA1F-438037EFE703}.Debug|x64.ActiveCfg = Debug|Any CPU
		{01E5A23D-521F-4D39-AA1F-438037EFE703}.Debug|x64.Build.0 = Debug|Any CPU
		{01E5A23D-521F-4D39-AA1F-438037EFE703}.Debug|x86.ActiveCfg = Debug|Any CPU
		{01E5A23D-521F-4D39-AA1F-438037EFE703}.Debug|x86.Build.0 = Debug|Any CPU
		{01E5A23D-521F-4D39-AA1F-438037EFE703}.Release|Any CPU.ActiveCfg = Release|Any CPU
		{01E5A23D-521F-4D39-AA1F-438037EFE703}.Release|Any CPU.Build.0 = Release|Any CPU
		{01E5A23D-521F-4D39-AA1F-438037EFE703}.Release|x64.ActiveCfg = Release|Any CPU
		{01E5A23D-521F-4D39-AA1F-438037EFE703}.Release|x64.Build.0 = Release|Any CPU
		{01E5A23D-521F-4D39-AA1F-438037EFE703}.Release|x86.ActiveCfg = Release|Any CPU
		{01E5A23D-521F-4D39-AA1F-438037EFE703}.Release|x86.Build.0 = Release|Any CPU
		{5439A805-4248-4130-AA9D-B978D54C5DCD}.Debug|Any CPU.ActiveCfg = Debug|Any CPU
		{5439A805-4248-4130-AA9D-B978D54C5DCD}.Debug|Any CPU.Build.0 = Debug|Any CPU
		{5439A805-4248-4130-AA9D-B978D54C5DCD}.Debug|x64.ActiveCfg = Debug|Any CPU
		{5439A805-4248-4130-AA9D-B978D54C5DCD}.Debug|x64.Build.0 = Debug|Any CPU
		{5439A805-4248-4130-AA9D-B978D54C5DCD}.Debug|x86.ActiveCfg = Debug|Any CPU
		{5439A805-4248-4130-AA9D-B978D54C5DCD}.Debug|x86.Build.0 = Debug|Any CPU
		{5439A805-4248-4130-AA9D-B978D54C5DCD}.Release|Any CPU.ActiveCfg = Release|Any CPU
		{5439A805-4248-4130-AA9D-B978D54C5DCD}.Release|Any CPU.Build.0 = Release|Any CPU
		{5439A805-4248-4130-AA9D-B978D54C5DCD}.Release|x64.ActiveCfg = Release|Any CPU
		{5439A805-4248-4130-AA9D-B978D54C5DCD}.Release|x64.Build.0 = Release|Any CPU
		{5439A805-4248-4130-AA9D-B978D54C5DCD}.Release|x86.ActiveCfg = Release|Any CPU
		{5439A805-4248-4130-AA9D-B978D54C5DCD}.Release|x86.Build.0 = Release|Any CPU
		{3B4A79F1-67C5-443D-B290-B68B9FCEE3E3}.Debug|Any CPU.ActiveCfg = Debug|Any CPU
		{3B4A79F1-67C5-443D-B290-B68B9FCEE3E3}.Debug|Any CPU.Build.0 = Debug|Any CPU
		{3B4A79F1-67C5-443D-B290-B68B9FCEE3E3}.Debug|x64.ActiveCfg = Debug|Any CPU
		{3B4A79F1-67C5-443D-B290-B68B9FCEE3E3}.Debug|x64.Build.0 = Debug|Any CPU
		{3B4A79F1-67C5-443D-B290-B68B9FCEE3E3}.Debug|x86.ActiveCfg = Debug|Any CPU
		{3B4A79F1-67C5-443D-B290-B68B9FCEE3E3}.Debug|x86.Build.0 = Debug|Any CPU
		{3B4A79F1-67C5-443D-B290-B68B9FCEE3E3}.Release|Any CPU.ActiveCfg = Release|Any CPU
		{3B4A79F1-67C5-443D-B290-B68B9FCEE3E3}.Release|Any CPU.Build.0 = Release|Any CPU
		{3B4A79F1-67C5-443D-B290-B68B9FCEE3E3}.Release|x64.ActiveCfg = Release|Any CPU
		{3B4A79F1-67C5-443D-B290-B68B9FCEE3E3}.Release|x64.Build.0 = Release|Any CPU
		{3B4A79F1-67C5-443D-B290-B68B9FCEE3E3}.Release|x86.ActiveCfg = Release|Any CPU
		{3B4A79F1-67C5-443D-B290-B68B9FCEE3E3}.Release|x86.Build.0 = Release|Any CPU
		{5A45437B-F4B0-4CD0-9AB6-164DB34C6BE1}.Debug|Any CPU.ActiveCfg = Debug|Any CPU
		{5A45437B-F4B0-4CD0-9AB6-164DB34C6BE1}.Debug|Any CPU.Build.0 = Debug|Any CPU
		{5A45437B-F4B0-4CD0-9AB6-164DB34C6BE1}.Debug|x64.ActiveCfg = Debug|Any CPU
		{5A45437B-F4B0-4CD0-9AB6-164DB34C6BE1}.Debug|x64.Build.0 = Debug|Any CPU
		{5A45437B-F4B0-4CD0-9AB6-164DB34C6BE1}.Debug|x86.ActiveCfg = Debug|Any CPU
		{5A45437B-F4B0-4CD0-9AB6-164DB34C6BE1}.Debug|x86.Build.0 = Debug|Any CPU
		{5A45437B-F4B0-4CD0-9AB6-164DB34C6BE1}.Release|Any CPU.ActiveCfg = Release|Any CPU
		{5A45437B-F4B0-4CD0-9AB6-164DB34C6BE1}.Release|Any CPU.Build.0 = Release|Any CPU
		{5A45437B-F4B0-4CD0-9AB6-164DB34C6BE1}.Release|x64.ActiveCfg = Release|Any CPU
		{5A45437B-F4B0-4CD0-9AB6-164DB34C6BE1}.Release|x64.Build.0 = Release|Any CPU
		{5A45437B-F4B0-4CD0-9AB6-164DB34C6BE1}.Release|x86.ActiveCfg = Release|Any CPU
		{5A45437B-F4B0-4CD0-9AB6-164DB34C6BE1}.Release|x86.Build.0 = Release|Any CPU
		{E41BF231-15A9-4960-A1E0-792E2DFB365B}.Debug|Any CPU.ActiveCfg = Debug|Any CPU
		{E41BF231-15A9-4960-A1E0-792E2DFB365B}.Debug|Any CPU.Build.0 = Debug|Any CPU
		{E41BF231-15A9-4960-A1E0-792E2DFB365B}.Debug|x64.ActiveCfg = Debug|Any CPU
		{E41BF231-15A9-4960-A1E0-792E2DFB365B}.Debug|x64.Build.0 = Debug|Any CPU
		{E41BF231-15A9-4960-A1E0-792E2DFB365B}.Debug|x86.ActiveCfg = Debug|Any CPU
		{E41BF231-15A9-4960-A1E0-792E2DFB365B}.Debug|x86.Build.0 = Debug|Any CPU
		{E41BF231-15A9-4960-A1E0-792E2DFB365B}.Release|Any CPU.ActiveCfg = Release|Any CPU
		{E41BF231-15A9-4960-A1E0-792E2DFB365B}.Release|Any CPU.Build.0 = Release|Any CPU
		{E41BF231-15A9-4960-A1E0-792E2DFB365B}.Release|x64.ActiveCfg = Release|Any CPU
		{E41BF231-15A9-4960-A1E0-792E2DFB365B}.Release|x64.Build.0 = Release|Any CPU
		{E41BF231-15A9-4960-A1E0-792E2DFB365B}.Release|x86.ActiveCfg = Release|Any CPU
		{E41BF231-15A9-4960-A1E0-792E2DFB365B}.Release|x86.Build.0 = Release|Any CPU
		{67B955EB-2416-4963-B9A9-F9A20CC16AF3}.Debug|Any CPU.ActiveCfg = Debug|Any CPU
		{67B955EB-2416-4963-B9A9-F9A20CC16AF3}.Debug|Any CPU.Build.0 = Debug|Any CPU
		{67B955EB-2416-4963-B9A9-F9A20CC16AF3}.Debug|x64.ActiveCfg = Debug|Any CPU
		{67B955EB-2416-4963-B9A9-F9A20CC16AF3}.Debug|x64.Build.0 = Debug|Any CPU
		{67B955EB-2416-4963-B9A9-F9A20CC16AF3}.Debug|x86.ActiveCfg = Debug|Any CPU
		{67B955EB-2416-4963-B9A9-F9A20CC16AF3}.Debug|x86.Build.0 = Debug|Any CPU
		{67B955EB-2416-4963-B9A9-F9A20CC16AF3}.Release|Any CPU.ActiveCfg = Release|Any CPU
		{67B955EB-2416-4963-B9A9-F9A20CC16AF3}.Release|Any CPU.Build.0 = Release|Any CPU
		{67B955EB-2416-4963-B9A9-F9A20CC16AF3}.Release|x64.ActiveCfg = Release|Any CPU
		{67B955EB-2416-4963-B9A9-F9A20CC16AF3}.Release|x64.Build.0 = Release|Any CPU
		{67B955EB-2416-4963-B9A9-F9A20CC16AF3}.Release|x86.ActiveCfg = Release|Any CPU
		{67B955EB-2416-4963-B9A9-F9A20CC16AF3}.Release|x86.Build.0 = Release|Any CPU
		{7D1471A7-AD9F-4CC7-B5C2-8891C7012298}.Debug|Any CPU.ActiveCfg = Debug|Any CPU
		{7D1471A7-AD9F-4CC7-B5C2-8891C7012298}.Debug|Any CPU.Build.0 = Debug|Any CPU
		{7D1471A7-AD9F-4CC7-B5C2-8891C7012298}.Debug|x64.ActiveCfg = Debug|Any CPU
		{7D1471A7-AD9F-4CC7-B5C2-8891C7012298}.Debug|x64.Build.0 = Debug|Any CPU
		{7D1471A7-AD9F-4CC7-B5C2-8891C7012298}.Debug|x86.ActiveCfg = Debug|Any CPU
		{7D1471A7-AD9F-4CC7-B5C2-8891C7012298}.Debug|x86.Build.0 = Debug|Any CPU
		{7D1471A7-AD9F-4CC7-B5C2-8891C7012298}.Release|Any CPU.ActiveCfg = Release|Any CPU
		{7D1471A7-AD9F-4CC7-B5C2-8891C7012298}.Release|Any CPU.Build.0 = Release|Any CPU
		{7D1471A7-AD9F-4CC7-B5C2-8891C7012298}.Release|x64.ActiveCfg = Release|Any CPU
		{7D1471A7-AD9F-4CC7-B5C2-8891C7012298}.Release|x64.Build.0 = Release|Any CPU
		{7D1471A7-AD9F-4CC7-B5C2-8891C7012298}.Release|x86.ActiveCfg = Release|Any CPU
		{7D1471A7-AD9F-4CC7-B5C2-8891C7012298}.Release|x86.Build.0 = Release|Any CPU
		{AFF07619-677C-49B3-8B23-7BBEC67EBDCB}.Debug|Any CPU.ActiveCfg = Debug|Any CPU
		{AFF07619-677C-49B3-8B23-7BBEC67EBDCB}.Debug|Any CPU.Build.0 = Debug|Any CPU
		{AFF07619-677C-49B3-8B23-7BBEC67EBDCB}.Debug|x64.ActiveCfg = Debug|Any CPU
		{AFF07619-677C-49B3-8B23-7BBEC67EBDCB}.Debug|x64.Build.0 = Debug|Any CPU
		{AFF07619-677C-49B3-8B23-7BBEC67EBDCB}.Debug|x86.ActiveCfg = Debug|Any CPU
		{AFF07619-677C-49B3-8B23-7BBEC67EBDCB}.Debug|x86.Build.0 = Debug|Any CPU
		{AFF07619-677C-49B3-8B23-7BBEC67EBDCB}.Release|Any CPU.ActiveCfg = Release|Any CPU
		{AFF07619-677C-49B3-8B23-7BBEC67EBDCB}.Release|Any CPU.Build.0 = Release|Any CPU
		{AFF07619-677C-49B3-8B23-7BBEC67EBDCB}.Release|x64.ActiveCfg = Release|Any CPU
		{AFF07619-677C-49B3-8B23-7BBEC67EBDCB}.Release|x64.Build.0 = Release|Any CPU
		{AFF07619-677C-49B3-8B23-7BBEC67EBDCB}.Release|x86.ActiveCfg = Release|Any CPU
		{AFF07619-677C-49B3-8B23-7BBEC67EBDCB}.Release|x86.Build.0 = Release|Any CPU
		{6110EC0D-2F55-4C0C-BA94-44447D5DF433}.Debug|Any CPU.ActiveCfg = Debug|Any CPU
		{6110EC0D-2F55-4C0C-BA94-44447D5DF433}.Debug|Any CPU.Build.0 = Debug|Any CPU
		{6110EC0D-2F55-4C0C-BA94-44447D5DF433}.Debug|x64.ActiveCfg = Debug|Any CPU
		{6110EC0D-2F55-4C0C-BA94-44447D5DF433}.Debug|x64.Build.0 = Debug|Any CPU
		{6110EC0D-2F55-4C0C-BA94-44447D5DF433}.Debug|x86.ActiveCfg = Debug|Any CPU
		{6110EC0D-2F55-4C0C-BA94-44447D5DF433}.Debug|x86.Build.0 = Debug|Any CPU
		{6110EC0D-2F55-4C0C-BA94-44447D5DF433}.Release|Any CPU.ActiveCfg = Release|Any CPU
		{6110EC0D-2F55-4C0C-BA94-44447D5DF433}.Release|Any CPU.Build.0 = Release|Any CPU
		{6110EC0D-2F55-4C0C-BA94-44447D5DF433}.Release|x64.ActiveCfg = Release|Any CPU
		{6110EC0D-2F55-4C0C-BA94-44447D5DF433}.Release|x64.Build.0 = Release|Any CPU
		{6110EC0D-2F55-4C0C-BA94-44447D5DF433}.Release|x86.ActiveCfg = Release|Any CPU
		{6110EC0D-2F55-4C0C-BA94-44447D5DF433}.Release|x86.Build.0 = Release|Any CPU
		{4C4A910C-A4FB-456F-91CB-40CA20CEF1AA}.Debug|Any CPU.ActiveCfg = Debug|Any CPU
		{4C4A910C-A4FB-456F-91CB-40CA20CEF1AA}.Debug|Any CPU.Build.0 = Debug|Any CPU
		{4C4A910C-A4FB-456F-91CB-40CA20CEF1AA}.Debug|x64.ActiveCfg = Debug|Any CPU
		{4C4A910C-A4FB-456F-91CB-40CA20CEF1AA}.Debug|x64.Build.0 = Debug|Any CPU
		{4C4A910C-A4FB-456F-91CB-40CA20CEF1AA}.Debug|x86.ActiveCfg = Debug|Any CPU
		{4C4A910C-A4FB-456F-91CB-40CA20CEF1AA}.Debug|x86.Build.0 = Debug|Any CPU
		{4C4A910C-A4FB-456F-91CB-40CA20CEF1AA}.Release|Any CPU.ActiveCfg = Release|Any CPU
		{4C4A910C-A4FB-456F-91CB-40CA20CEF1AA}.Release|Any CPU.Build.0 = Release|Any CPU
		{4C4A910C-A4FB-456F-91CB-40CA20CEF1AA}.Release|x64.ActiveCfg = Release|Any CPU
		{4C4A910C-A4FB-456F-91CB-40CA20CEF1AA}.Release|x64.Build.0 = Release|Any CPU
		{4C4A910C-A4FB-456F-91CB-40CA20CEF1AA}.Release|x86.ActiveCfg = Release|Any CPU
		{4C4A910C-A4FB-456F-91CB-40CA20CEF1AA}.Release|x86.Build.0 = Release|Any CPU
		{38273FAC-8A6C-4D18-851A-5A989A8FF8D4}.Debug|Any CPU.ActiveCfg = Debug|Any CPU
		{38273FAC-8A6C-4D18-851A-5A989A8FF8D4}.Debug|Any CPU.Build.0 = Debug|Any CPU
		{38273FAC-8A6C-4D18-851A-5A989A8FF8D4}.Debug|x64.ActiveCfg = Debug|Any CPU
		{38273FAC-8A6C-4D18-851A-5A989A8FF8D4}.Debug|x64.Build.0 = Debug|Any CPU
		{38273FAC-8A6C-4D18-851A-5A989A8FF8D4}.Debug|x86.ActiveCfg = Debug|Any CPU
		{38273FAC-8A6C-4D18-851A-5A989A8FF8D4}.Debug|x86.Build.0 = Debug|Any CPU
		{38273FAC-8A6C-4D18-851A-5A989A8FF8D4}.Release|Any CPU.ActiveCfg = Release|Any CPU
		{38273FAC-8A6C-4D18-851A-5A989A8FF8D4}.Release|Any CPU.Build.0 = Release|Any CPU
		{38273FAC-8A6C-4D18-851A-5A989A8FF8D4}.Release|x64.ActiveCfg = Release|Any CPU
		{38273FAC-8A6C-4D18-851A-5A989A8FF8D4}.Release|x64.Build.0 = Release|Any CPU
		{38273FAC-8A6C-4D18-851A-5A989A8FF8D4}.Release|x86.ActiveCfg = Release|Any CPU
		{38273FAC-8A6C-4D18-851A-5A989A8FF8D4}.Release|x86.Build.0 = Release|Any CPU
		{2A6F742B-B35C-4E11-9621-43E1C8D5DCFD}.Debug|Any CPU.ActiveCfg = Debug|Any CPU
		{2A6F742B-B35C-4E11-9621-43E1C8D5DCFD}.Debug|Any CPU.Build.0 = Debug|Any CPU
		{2A6F742B-B35C-4E11-9621-43E1C8D5DCFD}.Debug|x64.ActiveCfg = Debug|Any CPU
		{2A6F742B-B35C-4E11-9621-43E1C8D5DCFD}.Debug|x64.Build.0 = Debug|Any CPU
		{2A6F742B-B35C-4E11-9621-43E1C8D5DCFD}.Debug|x86.ActiveCfg = Debug|Any CPU
		{2A6F742B-B35C-4E11-9621-43E1C8D5DCFD}.Debug|x86.Build.0 = Debug|Any CPU
		{2A6F742B-B35C-4E11-9621-43E1C8D5DCFD}.Release|Any CPU.ActiveCfg = Release|Any CPU
		{2A6F742B-B35C-4E11-9621-43E1C8D5DCFD}.Release|Any CPU.Build.0 = Release|Any CPU
		{2A6F742B-B35C-4E11-9621-43E1C8D5DCFD}.Release|x64.ActiveCfg = Release|Any CPU
		{2A6F742B-B35C-4E11-9621-43E1C8D5DCFD}.Release|x64.Build.0 = Release|Any CPU
		{2A6F742B-B35C-4E11-9621-43E1C8D5DCFD}.Release|x86.ActiveCfg = Release|Any CPU
		{2A6F742B-B35C-4E11-9621-43E1C8D5DCFD}.Release|x86.Build.0 = Release|Any CPU
		{C3D30EF8-6E46-4716-AA28-9C840E9A22E7}.Debug|Any CPU.ActiveCfg = Debug|Any CPU
		{C3D30EF8-6E46-4716-AA28-9C840E9A22E7}.Debug|Any CPU.Build.0 = Debug|Any CPU
		{C3D30EF8-6E46-4716-AA28-9C840E9A22E7}.Debug|x64.ActiveCfg = Debug|Any CPU
		{C3D30EF8-6E46-4716-AA28-9C840E9A22E7}.Debug|x64.Build.0 = Debug|Any CPU
		{C3D30EF8-6E46-4716-AA28-9C840E9A22E7}.Debug|x86.ActiveCfg = Debug|Any CPU
		{C3D30EF8-6E46-4716-AA28-9C840E9A22E7}.Debug|x86.Build.0 = Debug|Any CPU
		{C3D30EF8-6E46-4716-AA28-9C840E9A22E7}.Release|Any CPU.ActiveCfg = Release|Any CPU
		{C3D30EF8-6E46-4716-AA28-9C840E9A22E7}.Release|Any CPU.Build.0 = Release|Any CPU
		{C3D30EF8-6E46-4716-AA28-9C840E9A22E7}.Release|x64.ActiveCfg = Release|Any CPU
		{C3D30EF8-6E46-4716-AA28-9C840E9A22E7}.Release|x64.Build.0 = Release|Any CPU
		{C3D30EF8-6E46-4716-AA28-9C840E9A22E7}.Release|x86.ActiveCfg = Release|Any CPU
		{C3D30EF8-6E46-4716-AA28-9C840E9A22E7}.Release|x86.Build.0 = Release|Any CPU
		{65D65AAC-BD26-435D-9573-A1931647DE05}.Debug|Any CPU.ActiveCfg = Debug|Any CPU
		{65D65AAC-BD26-435D-9573-A1931647DE05}.Debug|Any CPU.Build.0 = Debug|Any CPU
		{65D65AAC-BD26-435D-9573-A1931647DE05}.Debug|x64.ActiveCfg = Debug|Any CPU
		{65D65AAC-BD26-435D-9573-A1931647DE05}.Debug|x64.Build.0 = Debug|Any CPU
		{65D65AAC-BD26-435D-9573-A1931647DE05}.Debug|x86.ActiveCfg = Debug|Any CPU
		{65D65AAC-BD26-435D-9573-A1931647DE05}.Debug|x86.Build.0 = Debug|Any CPU
		{65D65AAC-BD26-435D-9573-A1931647DE05}.Release|Any CPU.ActiveCfg = Release|Any CPU
		{65D65AAC-BD26-435D-9573-A1931647DE05}.Release|Any CPU.Build.0 = Release|Any CPU
		{65D65AAC-BD26-435D-9573-A1931647DE05}.Release|x64.ActiveCfg = Release|Any CPU
		{65D65AAC-BD26-435D-9573-A1931647DE05}.Release|x64.Build.0 = Release|Any CPU
		{65D65AAC-BD26-435D-9573-A1931647DE05}.Release|x86.ActiveCfg = Release|Any CPU
		{65D65AAC-BD26-435D-9573-A1931647DE05}.Release|x86.Build.0 = Release|Any CPU
		{BF8E0572-9DEC-4898-9548-2A150FEBDF7D}.Debug|Any CPU.ActiveCfg = Debug|Any CPU
		{BF8E0572-9DEC-4898-9548-2A150FEBDF7D}.Debug|Any CPU.Build.0 = Debug|Any CPU
		{BF8E0572-9DEC-4898-9548-2A150FEBDF7D}.Debug|x64.ActiveCfg = Debug|Any CPU
		{BF8E0572-9DEC-4898-9548-2A150FEBDF7D}.Debug|x64.Build.0 = Debug|Any CPU
		{BF8E0572-9DEC-4898-9548-2A150FEBDF7D}.Debug|x86.ActiveCfg = Debug|Any CPU
		{BF8E0572-9DEC-4898-9548-2A150FEBDF7D}.Debug|x86.Build.0 = Debug|Any CPU
		{BF8E0572-9DEC-4898-9548-2A150FEBDF7D}.Release|Any CPU.ActiveCfg = Release|Any CPU
		{BF8E0572-9DEC-4898-9548-2A150FEBDF7D}.Release|Any CPU.Build.0 = Release|Any CPU
		{BF8E0572-9DEC-4898-9548-2A150FEBDF7D}.Release|x64.ActiveCfg = Release|Any CPU
		{BF8E0572-9DEC-4898-9548-2A150FEBDF7D}.Release|x64.Build.0 = Release|Any CPU
		{BF8E0572-9DEC-4898-9548-2A150FEBDF7D}.Release|x86.ActiveCfg = Release|Any CPU
		{BF8E0572-9DEC-4898-9548-2A150FEBDF7D}.Release|x86.Build.0 = Release|Any CPU
		{DCAC042C-277A-455C-8484-AE0066CDFB33}.Debug|Any CPU.ActiveCfg = Debug|Any CPU
		{DCAC042C-277A-455C-8484-AE0066CDFB33}.Debug|Any CPU.Build.0 = Debug|Any CPU
		{DCAC042C-277A-455C-8484-AE0066CDFB33}.Debug|x64.ActiveCfg = Debug|Any CPU
		{DCAC042C-277A-455C-8484-AE0066CDFB33}.Debug|x64.Build.0 = Debug|Any CPU
		{DCAC042C-277A-455C-8484-AE0066CDFB33}.Debug|x86.ActiveCfg = Debug|Any CPU
		{DCAC042C-277A-455C-8484-AE0066CDFB33}.Debug|x86.Build.0 = Debug|Any CPU
		{DCAC042C-277A-455C-8484-AE0066CDFB33}.Release|Any CPU.ActiveCfg = Release|Any CPU
		{DCAC042C-277A-455C-8484-AE0066CDFB33}.Release|Any CPU.Build.0 = Release|Any CPU
		{DCAC042C-277A-455C-8484-AE0066CDFB33}.Release|x64.ActiveCfg = Release|Any CPU
		{DCAC042C-277A-455C-8484-AE0066CDFB33}.Release|x64.Build.0 = Release|Any CPU
		{DCAC042C-277A-455C-8484-AE0066CDFB33}.Release|x86.ActiveCfg = Release|Any CPU
		{DCAC042C-277A-455C-8484-AE0066CDFB33}.Release|x86.Build.0 = Release|Any CPU
		{3775FD48-A83C-4F95-ACD9-29EEF69903AC}.Debug|Any CPU.ActiveCfg = Debug|Any CPU
		{3775FD48-A83C-4F95-ACD9-29EEF69903AC}.Debug|Any CPU.Build.0 = Debug|Any CPU
		{3775FD48-A83C-4F95-ACD9-29EEF69903AC}.Debug|x64.ActiveCfg = Debug|Any CPU
		{3775FD48-A83C-4F95-ACD9-29EEF69903AC}.Debug|x64.Build.0 = Debug|Any CPU
		{3775FD48-A83C-4F95-ACD9-29EEF69903AC}.Debug|x86.ActiveCfg = Debug|Any CPU
		{3775FD48-A83C-4F95-ACD9-29EEF69903AC}.Debug|x86.Build.0 = Debug|Any CPU
		{3775FD48-A83C-4F95-ACD9-29EEF69903AC}.Release|Any CPU.ActiveCfg = Release|Any CPU
		{3775FD48-A83C-4F95-ACD9-29EEF69903AC}.Release|Any CPU.Build.0 = Release|Any CPU
		{3775FD48-A83C-4F95-ACD9-29EEF69903AC}.Release|x64.ActiveCfg = Release|Any CPU
		{3775FD48-A83C-4F95-ACD9-29EEF69903AC}.Release|x64.Build.0 = Release|Any CPU
		{3775FD48-A83C-4F95-ACD9-29EEF69903AC}.Release|x86.ActiveCfg = Release|Any CPU
		{3775FD48-A83C-4F95-ACD9-29EEF69903AC}.Release|x86.Build.0 = Release|Any CPU
		{75343CFF-5F68-45BC-BC7E-B10F624BFB15}.Debug|Any CPU.ActiveCfg = Debug|Any CPU
		{75343CFF-5F68-45BC-BC7E-B10F624BFB15}.Debug|Any CPU.Build.0 = Debug|Any CPU
		{75343CFF-5F68-45BC-BC7E-B10F624BFB15}.Debug|x64.ActiveCfg = Debug|Any CPU
		{75343CFF-5F68-45BC-BC7E-B10F624BFB15}.Debug|x64.Build.0 = Debug|Any CPU
		{75343CFF-5F68-45BC-BC7E-B10F624BFB15}.Debug|x86.ActiveCfg = Debug|Any CPU
		{75343CFF-5F68-45BC-BC7E-B10F624BFB15}.Debug|x86.Build.0 = Debug|Any CPU
		{75343CFF-5F68-45BC-BC7E-B10F624BFB15}.Release|Any CPU.ActiveCfg = Release|Any CPU
		{75343CFF-5F68-45BC-BC7E-B10F624BFB15}.Release|Any CPU.Build.0 = Release|Any CPU
		{75343CFF-5F68-45BC-BC7E-B10F624BFB15}.Release|x64.ActiveCfg = Release|Any CPU
		{75343CFF-5F68-45BC-BC7E-B10F624BFB15}.Release|x64.Build.0 = Release|Any CPU
		{75343CFF-5F68-45BC-BC7E-B10F624BFB15}.Release|x86.ActiveCfg = Release|Any CPU
		{75343CFF-5F68-45BC-BC7E-B10F624BFB15}.Release|x86.Build.0 = Release|Any CPU
		{C917A25C-990C-4060-BDD9-E34F977915BB}.Debug|Any CPU.ActiveCfg = Debug|Any CPU
		{C917A25C-990C-4060-BDD9-E34F977915BB}.Debug|Any CPU.Build.0 = Debug|Any CPU
		{C917A25C-990C-4060-BDD9-E34F977915BB}.Debug|x64.ActiveCfg = Debug|Any CPU
		{C917A25C-990C-4060-BDD9-E34F977915BB}.Debug|x64.Build.0 = Debug|Any CPU
		{C917A25C-990C-4060-BDD9-E34F977915BB}.Debug|x86.ActiveCfg = Debug|Any CPU
		{C917A25C-990C-4060-BDD9-E34F977915BB}.Debug|x86.Build.0 = Debug|Any CPU
		{C917A25C-990C-4060-BDD9-E34F977915BB}.Release|Any CPU.ActiveCfg = Release|Any CPU
		{C917A25C-990C-4060-BDD9-E34F977915BB}.Release|Any CPU.Build.0 = Release|Any CPU
		{C917A25C-990C-4060-BDD9-E34F977915BB}.Release|x64.ActiveCfg = Release|Any CPU
		{C917A25C-990C-4060-BDD9-E34F977915BB}.Release|x64.Build.0 = Release|Any CPU
		{C917A25C-990C-4060-BDD9-E34F977915BB}.Release|x86.ActiveCfg = Release|Any CPU
		{C917A25C-990C-4060-BDD9-E34F977915BB}.Release|x86.Build.0 = Release|Any CPU
		{829AFC91-A07C-49CA-991C-B90045703A20}.Debug|Any CPU.ActiveCfg = Debug|Any CPU
		{829AFC91-A07C-49CA-991C-B90045703A20}.Debug|Any CPU.Build.0 = Debug|Any CPU
		{829AFC91-A07C-49CA-991C-B90045703A20}.Debug|x64.ActiveCfg = Debug|Any CPU
		{829AFC91-A07C-49CA-991C-B90045703A20}.Debug|x64.Build.0 = Debug|Any CPU
		{829AFC91-A07C-49CA-991C-B90045703A20}.Debug|x86.ActiveCfg = Debug|Any CPU
		{829AFC91-A07C-49CA-991C-B90045703A20}.Debug|x86.Build.0 = Debug|Any CPU
		{829AFC91-A07C-49CA-991C-B90045703A20}.Release|Any CPU.ActiveCfg = Release|Any CPU
		{829AFC91-A07C-49CA-991C-B90045703A20}.Release|Any CPU.Build.0 = Release|Any CPU
		{829AFC91-A07C-49CA-991C-B90045703A20}.Release|x64.ActiveCfg = Release|Any CPU
		{829AFC91-A07C-49CA-991C-B90045703A20}.Release|x64.Build.0 = Release|Any CPU
		{829AFC91-A07C-49CA-991C-B90045703A20}.Release|x86.ActiveCfg = Release|Any CPU
		{829AFC91-A07C-49CA-991C-B90045703A20}.Release|x86.Build.0 = Release|Any CPU
		{DD5ADB62-CE2F-4549-8DC9-1C2D729D9D7C}.Debug|Any CPU.ActiveCfg = Debug|Any CPU
		{DD5ADB62-CE2F-4549-8DC9-1C2D729D9D7C}.Debug|Any CPU.Build.0 = Debug|Any CPU
		{DD5ADB62-CE2F-4549-8DC9-1C2D729D9D7C}.Debug|x64.ActiveCfg = Debug|Any CPU
		{DD5ADB62-CE2F-4549-8DC9-1C2D729D9D7C}.Debug|x64.Build.0 = Debug|Any CPU
		{DD5ADB62-CE2F-4549-8DC9-1C2D729D9D7C}.Debug|x86.ActiveCfg = Debug|Any CPU
		{DD5ADB62-CE2F-4549-8DC9-1C2D729D9D7C}.Debug|x86.Build.0 = Debug|Any CPU
		{DD5ADB62-CE2F-4549-8DC9-1C2D729D9D7C}.Release|Any CPU.ActiveCfg = Release|Any CPU
		{DD5ADB62-CE2F-4549-8DC9-1C2D729D9D7C}.Release|Any CPU.Build.0 = Release|Any CPU
		{DD5ADB62-CE2F-4549-8DC9-1C2D729D9D7C}.Release|x64.ActiveCfg = Release|Any CPU
		{DD5ADB62-CE2F-4549-8DC9-1C2D729D9D7C}.Release|x64.Build.0 = Release|Any CPU
		{DD5ADB62-CE2F-4549-8DC9-1C2D729D9D7C}.Release|x86.ActiveCfg = Release|Any CPU
		{DD5ADB62-CE2F-4549-8DC9-1C2D729D9D7C}.Release|x86.Build.0 = Release|Any CPU
		{A344C026-C806-4815-ABAD-1E4E491D3DB3}.Debug|Any CPU.ActiveCfg = Debug|Any CPU
		{A344C026-C806-4815-ABAD-1E4E491D3DB3}.Debug|Any CPU.Build.0 = Debug|Any CPU
		{A344C026-C806-4815-ABAD-1E4E491D3DB3}.Debug|x64.ActiveCfg = Debug|Any CPU
		{A344C026-C806-4815-ABAD-1E4E491D3DB3}.Debug|x64.Build.0 = Debug|Any CPU
		{A344C026-C806-4815-ABAD-1E4E491D3DB3}.Debug|x86.ActiveCfg = Debug|Any CPU
		{A344C026-C806-4815-ABAD-1E4E491D3DB3}.Debug|x86.Build.0 = Debug|Any CPU
		{A344C026-C806-4815-ABAD-1E4E491D3DB3}.Release|Any CPU.ActiveCfg = Release|Any CPU
		{A344C026-C806-4815-ABAD-1E4E491D3DB3}.Release|Any CPU.Build.0 = Release|Any CPU
		{A344C026-C806-4815-ABAD-1E4E491D3DB3}.Release|x64.ActiveCfg = Release|Any CPU
		{A344C026-C806-4815-ABAD-1E4E491D3DB3}.Release|x64.Build.0 = Release|Any CPU
		{A344C026-C806-4815-ABAD-1E4E491D3DB3}.Release|x86.ActiveCfg = Release|Any CPU
		{A344C026-C806-4815-ABAD-1E4E491D3DB3}.Release|x86.Build.0 = Release|Any CPU
		{BABC8160-EB76-4CBE-AB62-B82FCF6D26B4}.Debug|Any CPU.ActiveCfg = Debug|Any CPU
		{BABC8160-EB76-4CBE-AB62-B82FCF6D26B4}.Debug|Any CPU.Build.0 = Debug|Any CPU
		{BABC8160-EB76-4CBE-AB62-B82FCF6D26B4}.Debug|x64.ActiveCfg = Debug|Any CPU
		{BABC8160-EB76-4CBE-AB62-B82FCF6D26B4}.Debug|x64.Build.0 = Debug|Any CPU
		{BABC8160-EB76-4CBE-AB62-B82FCF6D26B4}.Debug|x86.ActiveCfg = Debug|Any CPU
		{BABC8160-EB76-4CBE-AB62-B82FCF6D26B4}.Debug|x86.Build.0 = Debug|Any CPU
		{BABC8160-EB76-4CBE-AB62-B82FCF6D26B4}.Release|Any CPU.ActiveCfg = Release|Any CPU
		{BABC8160-EB76-4CBE-AB62-B82FCF6D26B4}.Release|Any CPU.Build.0 = Release|Any CPU
		{BABC8160-EB76-4CBE-AB62-B82FCF6D26B4}.Release|x64.ActiveCfg = Release|Any CPU
		{BABC8160-EB76-4CBE-AB62-B82FCF6D26B4}.Release|x64.Build.0 = Release|Any CPU
		{BABC8160-EB76-4CBE-AB62-B82FCF6D26B4}.Release|x86.ActiveCfg = Release|Any CPU
		{BABC8160-EB76-4CBE-AB62-B82FCF6D26B4}.Release|x86.Build.0 = Release|Any CPU
		{2FC58EF0-571F-4351-BA7A-E12FA2F68DDA}.Debug|Any CPU.ActiveCfg = Debug|Any CPU
		{2FC58EF0-571F-4351-BA7A-E12FA2F68DDA}.Debug|Any CPU.Build.0 = Debug|Any CPU
		{2FC58EF0-571F-4351-BA7A-E12FA2F68DDA}.Debug|x64.ActiveCfg = Debug|Any CPU
		{2FC58EF0-571F-4351-BA7A-E12FA2F68DDA}.Debug|x64.Build.0 = Debug|Any CPU
		{2FC58EF0-571F-4351-BA7A-E12FA2F68DDA}.Debug|x86.ActiveCfg = Debug|Any CPU
		{2FC58EF0-571F-4351-BA7A-E12FA2F68DDA}.Debug|x86.Build.0 = Debug|Any CPU
		{2FC58EF0-571F-4351-BA7A-E12FA2F68DDA}.Release|Any CPU.ActiveCfg = Release|Any CPU
		{2FC58EF0-571F-4351-BA7A-E12FA2F68DDA}.Release|Any CPU.Build.0 = Release|Any CPU
		{2FC58EF0-571F-4351-BA7A-E12FA2F68DDA}.Release|x64.ActiveCfg = Release|Any CPU
		{2FC58EF0-571F-4351-BA7A-E12FA2F68DDA}.Release|x64.Build.0 = Release|Any CPU
		{2FC58EF0-571F-4351-BA7A-E12FA2F68DDA}.Release|x86.ActiveCfg = Release|Any CPU
		{2FC58EF0-571F-4351-BA7A-E12FA2F68DDA}.Release|x86.Build.0 = Release|Any CPU
		{95318A6C-0BA5-469A-8B8C-5C114872F710}.Debug|Any CPU.ActiveCfg = Debug|Any CPU
		{95318A6C-0BA5-469A-8B8C-5C114872F710}.Debug|Any CPU.Build.0 = Debug|Any CPU
		{95318A6C-0BA5-469A-8B8C-5C114872F710}.Debug|x64.ActiveCfg = Debug|Any CPU
		{95318A6C-0BA5-469A-8B8C-5C114872F710}.Debug|x64.Build.0 = Debug|Any CPU
		{95318A6C-0BA5-469A-8B8C-5C114872F710}.Debug|x86.ActiveCfg = Debug|Any CPU
		{95318A6C-0BA5-469A-8B8C-5C114872F710}.Debug|x86.Build.0 = Debug|Any CPU
		{95318A6C-0BA5-469A-8B8C-5C114872F710}.Release|Any CPU.ActiveCfg = Release|Any CPU
		{95318A6C-0BA5-469A-8B8C-5C114872F710}.Release|Any CPU.Build.0 = Release|Any CPU
		{95318A6C-0BA5-469A-8B8C-5C114872F710}.Release|x64.ActiveCfg = Release|Any CPU
		{95318A6C-0BA5-469A-8B8C-5C114872F710}.Release|x64.Build.0 = Release|Any CPU
		{95318A6C-0BA5-469A-8B8C-5C114872F710}.Release|x86.ActiveCfg = Release|Any CPU
		{95318A6C-0BA5-469A-8B8C-5C114872F710}.Release|x86.Build.0 = Release|Any CPU
		{B7D2EBFF-F00F-4095-9B39-F380BB021013}.Debug|Any CPU.ActiveCfg = Debug|Any CPU
		{B7D2EBFF-F00F-4095-9B39-F380BB021013}.Debug|Any CPU.Build.0 = Debug|Any CPU
		{B7D2EBFF-F00F-4095-9B39-F380BB021013}.Debug|x64.ActiveCfg = Debug|Any CPU
		{B7D2EBFF-F00F-4095-9B39-F380BB021013}.Debug|x64.Build.0 = Debug|Any CPU
		{B7D2EBFF-F00F-4095-9B39-F380BB021013}.Debug|x86.ActiveCfg = Debug|Any CPU
		{B7D2EBFF-F00F-4095-9B39-F380BB021013}.Debug|x86.Build.0 = Debug|Any CPU
		{B7D2EBFF-F00F-4095-9B39-F380BB021013}.Release|Any CPU.ActiveCfg = Release|Any CPU
		{B7D2EBFF-F00F-4095-9B39-F380BB021013}.Release|Any CPU.Build.0 = Release|Any CPU
		{B7D2EBFF-F00F-4095-9B39-F380BB021013}.Release|x64.ActiveCfg = Release|Any CPU
		{B7D2EBFF-F00F-4095-9B39-F380BB021013}.Release|x64.Build.0 = Release|Any CPU
		{B7D2EBFF-F00F-4095-9B39-F380BB021013}.Release|x86.ActiveCfg = Release|Any CPU
		{B7D2EBFF-F00F-4095-9B39-F380BB021013}.Release|x86.Build.0 = Release|Any CPU
		{5348087A-B25B-4A43-8AE7-ABEFCE201352}.Debug|Any CPU.ActiveCfg = Debug|Any CPU
		{5348087A-B25B-4A43-8AE7-ABEFCE201352}.Debug|Any CPU.Build.0 = Debug|Any CPU
		{5348087A-B25B-4A43-8AE7-ABEFCE201352}.Debug|x64.ActiveCfg = Debug|Any CPU
		{5348087A-B25B-4A43-8AE7-ABEFCE201352}.Debug|x64.Build.0 = Debug|Any CPU
		{5348087A-B25B-4A43-8AE7-ABEFCE201352}.Debug|x86.ActiveCfg = Debug|Any CPU
		{5348087A-B25B-4A43-8AE7-ABEFCE201352}.Debug|x86.Build.0 = Debug|Any CPU
		{5348087A-B25B-4A43-8AE7-ABEFCE201352}.Release|Any CPU.ActiveCfg = Release|Any CPU
		{5348087A-B25B-4A43-8AE7-ABEFCE201352}.Release|Any CPU.Build.0 = Release|Any CPU
		{5348087A-B25B-4A43-8AE7-ABEFCE201352}.Release|x64.ActiveCfg = Release|Any CPU
		{5348087A-B25B-4A43-8AE7-ABEFCE201352}.Release|x64.Build.0 = Release|Any CPU
		{5348087A-B25B-4A43-8AE7-ABEFCE201352}.Release|x86.ActiveCfg = Release|Any CPU
		{5348087A-B25B-4A43-8AE7-ABEFCE201352}.Release|x86.Build.0 = Release|Any CPU
		{42D0DB42-1827-4675-A5D7-1A65690AD4BE}.Debug|Any CPU.ActiveCfg = Debug|Any CPU
		{42D0DB42-1827-4675-A5D7-1A65690AD4BE}.Debug|Any CPU.Build.0 = Debug|Any CPU
		{42D0DB42-1827-4675-A5D7-1A65690AD4BE}.Debug|x64.ActiveCfg = Debug|Any CPU
		{42D0DB42-1827-4675-A5D7-1A65690AD4BE}.Debug|x64.Build.0 = Debug|Any CPU
		{42D0DB42-1827-4675-A5D7-1A65690AD4BE}.Debug|x86.ActiveCfg = Debug|Any CPU
		{42D0DB42-1827-4675-A5D7-1A65690AD4BE}.Debug|x86.Build.0 = Debug|Any CPU
		{42D0DB42-1827-4675-A5D7-1A65690AD4BE}.Release|Any CPU.ActiveCfg = Release|Any CPU
		{42D0DB42-1827-4675-A5D7-1A65690AD4BE}.Release|Any CPU.Build.0 = Release|Any CPU
		{42D0DB42-1827-4675-A5D7-1A65690AD4BE}.Release|x64.ActiveCfg = Release|Any CPU
		{42D0DB42-1827-4675-A5D7-1A65690AD4BE}.Release|x64.Build.0 = Release|Any CPU
		{42D0DB42-1827-4675-A5D7-1A65690AD4BE}.Release|x86.ActiveCfg = Release|Any CPU
		{42D0DB42-1827-4675-A5D7-1A65690AD4BE}.Release|x86.Build.0 = Release|Any CPU
		{175D10D8-6A62-46F6-B3AC-06326C777390}.Debug|Any CPU.ActiveCfg = Debug|Any CPU
		{175D10D8-6A62-46F6-B3AC-06326C777390}.Debug|Any CPU.Build.0 = Debug|Any CPU
		{175D10D8-6A62-46F6-B3AC-06326C777390}.Debug|x64.ActiveCfg = Debug|Any CPU
		{175D10D8-6A62-46F6-B3AC-06326C777390}.Debug|x64.Build.0 = Debug|Any CPU
		{175D10D8-6A62-46F6-B3AC-06326C777390}.Debug|x86.ActiveCfg = Debug|Any CPU
		{175D10D8-6A62-46F6-B3AC-06326C777390}.Debug|x86.Build.0 = Debug|Any CPU
		{175D10D8-6A62-46F6-B3AC-06326C777390}.Release|Any CPU.ActiveCfg = Release|Any CPU
		{175D10D8-6A62-46F6-B3AC-06326C777390}.Release|Any CPU.Build.0 = Release|Any CPU
		{175D10D8-6A62-46F6-B3AC-06326C777390}.Release|x64.ActiveCfg = Release|Any CPU
		{175D10D8-6A62-46F6-B3AC-06326C777390}.Release|x64.Build.0 = Release|Any CPU
		{175D10D8-6A62-46F6-B3AC-06326C777390}.Release|x86.ActiveCfg = Release|Any CPU
		{175D10D8-6A62-46F6-B3AC-06326C777390}.Release|x86.Build.0 = Release|Any CPU
		{5EA6C231-ACC4-4D0D-9F32-3F3C7C256B17}.Debug|Any CPU.ActiveCfg = Debug|Any CPU
		{5EA6C231-ACC4-4D0D-9F32-3F3C7C256B17}.Debug|Any CPU.Build.0 = Debug|Any CPU
		{5EA6C231-ACC4-4D0D-9F32-3F3C7C256B17}.Debug|x64.ActiveCfg = Debug|Any CPU
		{5EA6C231-ACC4-4D0D-9F32-3F3C7C256B17}.Debug|x64.Build.0 = Debug|Any CPU
		{5EA6C231-ACC4-4D0D-9F32-3F3C7C256B17}.Debug|x86.ActiveCfg = Debug|Any CPU
		{5EA6C231-ACC4-4D0D-9F32-3F3C7C256B17}.Debug|x86.Build.0 = Debug|Any CPU
		{5EA6C231-ACC4-4D0D-9F32-3F3C7C256B17}.Release|Any CPU.ActiveCfg = Release|Any CPU
		{5EA6C231-ACC4-4D0D-9F32-3F3C7C256B17}.Release|Any CPU.Build.0 = Release|Any CPU
		{5EA6C231-ACC4-4D0D-9F32-3F3C7C256B17}.Release|x64.ActiveCfg = Release|Any CPU
		{5EA6C231-ACC4-4D0D-9F32-3F3C7C256B17}.Release|x64.Build.0 = Release|Any CPU
		{5EA6C231-ACC4-4D0D-9F32-3F3C7C256B17}.Release|x86.ActiveCfg = Release|Any CPU
		{5EA6C231-ACC4-4D0D-9F32-3F3C7C256B17}.Release|x86.Build.0 = Release|Any CPU
		{A995EE87-1683-448F-BA5A-638ABF81FC9B}.Debug|Any CPU.ActiveCfg = Debug|Any CPU
		{A995EE87-1683-448F-BA5A-638ABF81FC9B}.Debug|Any CPU.Build.0 = Debug|Any CPU
		{A995EE87-1683-448F-BA5A-638ABF81FC9B}.Debug|x64.ActiveCfg = Debug|Any CPU
		{A995EE87-1683-448F-BA5A-638ABF81FC9B}.Debug|x64.Build.0 = Debug|Any CPU
		{A995EE87-1683-448F-BA5A-638ABF81FC9B}.Debug|x86.ActiveCfg = Debug|Any CPU
		{A995EE87-1683-448F-BA5A-638ABF81FC9B}.Debug|x86.Build.0 = Debug|Any CPU
		{A995EE87-1683-448F-BA5A-638ABF81FC9B}.Release|Any CPU.ActiveCfg = Release|Any CPU
		{A995EE87-1683-448F-BA5A-638ABF81FC9B}.Release|Any CPU.Build.0 = Release|Any CPU
		{A995EE87-1683-448F-BA5A-638ABF81FC9B}.Release|x64.ActiveCfg = Release|Any CPU
		{A995EE87-1683-448F-BA5A-638ABF81FC9B}.Release|x64.Build.0 = Release|Any CPU
		{A995EE87-1683-448F-BA5A-638ABF81FC9B}.Release|x86.ActiveCfg = Release|Any CPU
		{A995EE87-1683-448F-BA5A-638ABF81FC9B}.Release|x86.Build.0 = Release|Any CPU
		{1F933793-DF78-4DD7-8CB7-C56E0C2D5231}.Debug|Any CPU.ActiveCfg = Debug|Any CPU
		{1F933793-DF78-4DD7-8CB7-C56E0C2D5231}.Debug|Any CPU.Build.0 = Debug|Any CPU
		{1F933793-DF78-4DD7-8CB7-C56E0C2D5231}.Debug|x64.ActiveCfg = Debug|Any CPU
		{1F933793-DF78-4DD7-8CB7-C56E0C2D5231}.Debug|x64.Build.0 = Debug|Any CPU
		{1F933793-DF78-4DD7-8CB7-C56E0C2D5231}.Debug|x86.ActiveCfg = Debug|Any CPU
		{1F933793-DF78-4DD7-8CB7-C56E0C2D5231}.Debug|x86.Build.0 = Debug|Any CPU
		{1F933793-DF78-4DD7-8CB7-C56E0C2D5231}.Release|Any CPU.ActiveCfg = Release|Any CPU
		{1F933793-DF78-4DD7-8CB7-C56E0C2D5231}.Release|Any CPU.Build.0 = Release|Any CPU
		{1F933793-DF78-4DD7-8CB7-C56E0C2D5231}.Release|x64.ActiveCfg = Release|Any CPU
		{1F933793-DF78-4DD7-8CB7-C56E0C2D5231}.Release|x64.Build.0 = Release|Any CPU
		{1F933793-DF78-4DD7-8CB7-C56E0C2D5231}.Release|x86.ActiveCfg = Release|Any CPU
		{1F933793-DF78-4DD7-8CB7-C56E0C2D5231}.Release|x86.Build.0 = Release|Any CPU
		{2171964F-C4BF-4127-A9EC-FA9116570C79}.Debug|Any CPU.ActiveCfg = Debug|Any CPU
		{2171964F-C4BF-4127-A9EC-FA9116570C79}.Debug|Any CPU.Build.0 = Debug|Any CPU
		{2171964F-C4BF-4127-A9EC-FA9116570C79}.Debug|x64.ActiveCfg = Debug|Any CPU
		{2171964F-C4BF-4127-A9EC-FA9116570C79}.Debug|x64.Build.0 = Debug|Any CPU
		{2171964F-C4BF-4127-A9EC-FA9116570C79}.Debug|x86.ActiveCfg = Debug|Any CPU
		{2171964F-C4BF-4127-A9EC-FA9116570C79}.Debug|x86.Build.0 = Debug|Any CPU
		{2171964F-C4BF-4127-A9EC-FA9116570C79}.Release|Any CPU.ActiveCfg = Release|Any CPU
		{2171964F-C4BF-4127-A9EC-FA9116570C79}.Release|Any CPU.Build.0 = Release|Any CPU
		{2171964F-C4BF-4127-A9EC-FA9116570C79}.Release|x64.ActiveCfg = Release|Any CPU
		{2171964F-C4BF-4127-A9EC-FA9116570C79}.Release|x64.Build.0 = Release|Any CPU
		{2171964F-C4BF-4127-A9EC-FA9116570C79}.Release|x86.ActiveCfg = Release|Any CPU
		{2171964F-C4BF-4127-A9EC-FA9116570C79}.Release|x86.Build.0 = Release|Any CPU
		{3F4AE751-E163-48CB-8B14-AA3126C53FE1}.Debug|Any CPU.ActiveCfg = Debug|Any CPU
		{3F4AE751-E163-48CB-8B14-AA3126C53FE1}.Debug|Any CPU.Build.0 = Debug|Any CPU
		{3F4AE751-E163-48CB-8B14-AA3126C53FE1}.Debug|x64.ActiveCfg = Debug|Any CPU
		{3F4AE751-E163-48CB-8B14-AA3126C53FE1}.Debug|x64.Build.0 = Debug|Any CPU
		{3F4AE751-E163-48CB-8B14-AA3126C53FE1}.Debug|x86.ActiveCfg = Debug|Any CPU
		{3F4AE751-E163-48CB-8B14-AA3126C53FE1}.Debug|x86.Build.0 = Debug|Any CPU
		{3F4AE751-E163-48CB-8B14-AA3126C53FE1}.Release|Any CPU.ActiveCfg = Release|Any CPU
		{3F4AE751-E163-48CB-8B14-AA3126C53FE1}.Release|Any CPU.Build.0 = Release|Any CPU
		{3F4AE751-E163-48CB-8B14-AA3126C53FE1}.Release|x64.ActiveCfg = Release|Any CPU
		{3F4AE751-E163-48CB-8B14-AA3126C53FE1}.Release|x64.Build.0 = Release|Any CPU
		{3F4AE751-E163-48CB-8B14-AA3126C53FE1}.Release|x86.ActiveCfg = Release|Any CPU
		{3F4AE751-E163-48CB-8B14-AA3126C53FE1}.Release|x86.Build.0 = Release|Any CPU
		{7484F1D0-B327-4B78-9090-F450AF5287B4}.Debug|Any CPU.ActiveCfg = Debug|Any CPU
		{7484F1D0-B327-4B78-9090-F450AF5287B4}.Debug|Any CPU.Build.0 = Debug|Any CPU
		{7484F1D0-B327-4B78-9090-F450AF5287B4}.Debug|x64.ActiveCfg = Debug|Any CPU
		{7484F1D0-B327-4B78-9090-F450AF5287B4}.Debug|x64.Build.0 = Debug|Any CPU
		{7484F1D0-B327-4B78-9090-F450AF5287B4}.Debug|x86.ActiveCfg = Debug|Any CPU
		{7484F1D0-B327-4B78-9090-F450AF5287B4}.Debug|x86.Build.0 = Debug|Any CPU
		{7484F1D0-B327-4B78-9090-F450AF5287B4}.Release|Any CPU.ActiveCfg = Release|Any CPU
		{7484F1D0-B327-4B78-9090-F450AF5287B4}.Release|Any CPU.Build.0 = Release|Any CPU
		{7484F1D0-B327-4B78-9090-F450AF5287B4}.Release|x64.ActiveCfg = Release|Any CPU
		{7484F1D0-B327-4B78-9090-F450AF5287B4}.Release|x64.Build.0 = Release|Any CPU
		{7484F1D0-B327-4B78-9090-F450AF5287B4}.Release|x86.ActiveCfg = Release|Any CPU
		{7484F1D0-B327-4B78-9090-F450AF5287B4}.Release|x86.Build.0 = Release|Any CPU
		{BBBB06B7-5E6C-4359-9403-3756E50B2BDC}.Debug|Any CPU.ActiveCfg = Debug|Any CPU
		{BBBB06B7-5E6C-4359-9403-3756E50B2BDC}.Debug|Any CPU.Build.0 = Debug|Any CPU
		{BBBB06B7-5E6C-4359-9403-3756E50B2BDC}.Debug|x64.ActiveCfg = Debug|Any CPU
		{BBBB06B7-5E6C-4359-9403-3756E50B2BDC}.Debug|x64.Build.0 = Debug|Any CPU
		{BBBB06B7-5E6C-4359-9403-3756E50B2BDC}.Debug|x86.ActiveCfg = Debug|Any CPU
		{BBBB06B7-5E6C-4359-9403-3756E50B2BDC}.Debug|x86.Build.0 = Debug|Any CPU
		{BBBB06B7-5E6C-4359-9403-3756E50B2BDC}.Release|Any CPU.ActiveCfg = Release|Any CPU
		{BBBB06B7-5E6C-4359-9403-3756E50B2BDC}.Release|Any CPU.Build.0 = Release|Any CPU
		{BBBB06B7-5E6C-4359-9403-3756E50B2BDC}.Release|x64.ActiveCfg = Release|Any CPU
		{BBBB06B7-5E6C-4359-9403-3756E50B2BDC}.Release|x64.Build.0 = Release|Any CPU
		{BBBB06B7-5E6C-4359-9403-3756E50B2BDC}.Release|x86.ActiveCfg = Release|Any CPU
		{BBBB06B7-5E6C-4359-9403-3756E50B2BDC}.Release|x86.Build.0 = Release|Any CPU
		{4D73631F-A1A1-4F93-8B08-ADA1A26A750E}.Debug|Any CPU.ActiveCfg = Debug|Any CPU
		{4D73631F-A1A1-4F93-8B08-ADA1A26A750E}.Debug|Any CPU.Build.0 = Debug|Any CPU
		{4D73631F-A1A1-4F93-8B08-ADA1A26A750E}.Debug|x64.ActiveCfg = Debug|Any CPU
		{4D73631F-A1A1-4F93-8B08-ADA1A26A750E}.Debug|x64.Build.0 = Debug|Any CPU
		{4D73631F-A1A1-4F93-8B08-ADA1A26A750E}.Debug|x86.ActiveCfg = Debug|Any CPU
		{4D73631F-A1A1-4F93-8B08-ADA1A26A750E}.Debug|x86.Build.0 = Debug|Any CPU
		{4D73631F-A1A1-4F93-8B08-ADA1A26A750E}.Release|Any CPU.ActiveCfg = Release|Any CPU
		{4D73631F-A1A1-4F93-8B08-ADA1A26A750E}.Release|Any CPU.Build.0 = Release|Any CPU
		{4D73631F-A1A1-4F93-8B08-ADA1A26A750E}.Release|x64.ActiveCfg = Release|Any CPU
		{4D73631F-A1A1-4F93-8B08-ADA1A26A750E}.Release|x64.Build.0 = Release|Any CPU
		{4D73631F-A1A1-4F93-8B08-ADA1A26A750E}.Release|x86.ActiveCfg = Release|Any CPU
		{4D73631F-A1A1-4F93-8B08-ADA1A26A750E}.Release|x86.Build.0 = Release|Any CPU
		{189476DD-EE16-4058-88D9-E5B9218A9556}.Debug|Any CPU.ActiveCfg = Debug|Any CPU
		{189476DD-EE16-4058-88D9-E5B9218A9556}.Debug|Any CPU.Build.0 = Debug|Any CPU
		{189476DD-EE16-4058-88D9-E5B9218A9556}.Debug|x64.ActiveCfg = Debug|Any CPU
		{189476DD-EE16-4058-88D9-E5B9218A9556}.Debug|x64.Build.0 = Debug|Any CPU
		{189476DD-EE16-4058-88D9-E5B9218A9556}.Debug|x86.ActiveCfg = Debug|Any CPU
		{189476DD-EE16-4058-88D9-E5B9218A9556}.Debug|x86.Build.0 = Debug|Any CPU
		{189476DD-EE16-4058-88D9-E5B9218A9556}.Release|Any CPU.ActiveCfg = Release|Any CPU
		{189476DD-EE16-4058-88D9-E5B9218A9556}.Release|Any CPU.Build.0 = Release|Any CPU
		{189476DD-EE16-4058-88D9-E5B9218A9556}.Release|x64.ActiveCfg = Release|Any CPU
		{189476DD-EE16-4058-88D9-E5B9218A9556}.Release|x64.Build.0 = Release|Any CPU
		{189476DD-EE16-4058-88D9-E5B9218A9556}.Release|x86.ActiveCfg = Release|Any CPU
		{189476DD-EE16-4058-88D9-E5B9218A9556}.Release|x86.Build.0 = Release|Any CPU
		{871FE222-922D-45E6-9256-993446523E2B}.Debug|Any CPU.ActiveCfg = Debug|Any CPU
		{871FE222-922D-45E6-9256-993446523E2B}.Debug|Any CPU.Build.0 = Debug|Any CPU
		{871FE222-922D-45E6-9256-993446523E2B}.Debug|x64.ActiveCfg = Debug|Any CPU
		{871FE222-922D-45E6-9256-993446523E2B}.Debug|x64.Build.0 = Debug|Any CPU
		{871FE222-922D-45E6-9256-993446523E2B}.Debug|x86.ActiveCfg = Debug|Any CPU
		{871FE222-922D-45E6-9256-993446523E2B}.Debug|x86.Build.0 = Debug|Any CPU
		{871FE222-922D-45E6-9256-993446523E2B}.Release|Any CPU.ActiveCfg = Release|Any CPU
		{871FE222-922D-45E6-9256-993446523E2B}.Release|Any CPU.Build.0 = Release|Any CPU
		{871FE222-922D-45E6-9256-993446523E2B}.Release|x64.ActiveCfg = Release|Any CPU
		{871FE222-922D-45E6-9256-993446523E2B}.Release|x64.Build.0 = Release|Any CPU
		{871FE222-922D-45E6-9256-993446523E2B}.Release|x86.ActiveCfg = Release|Any CPU
		{871FE222-922D-45E6-9256-993446523E2B}.Release|x86.Build.0 = Release|Any CPU
		{FC92E5D9-6D23-4E13-8205-5883B9A4F6D3}.Debug|Any CPU.ActiveCfg = Debug|Any CPU
		{FC92E5D9-6D23-4E13-8205-5883B9A4F6D3}.Debug|Any CPU.Build.0 = Debug|Any CPU
		{FC92E5D9-6D23-4E13-8205-5883B9A4F6D3}.Debug|x64.ActiveCfg = Debug|Any CPU
		{FC92E5D9-6D23-4E13-8205-5883B9A4F6D3}.Debug|x64.Build.0 = Debug|Any CPU
		{FC92E5D9-6D23-4E13-8205-5883B9A4F6D3}.Debug|x86.ActiveCfg = Debug|Any CPU
		{FC92E5D9-6D23-4E13-8205-5883B9A4F6D3}.Debug|x86.Build.0 = Debug|Any CPU
		{FC92E5D9-6D23-4E13-8205-5883B9A4F6D3}.Release|Any CPU.ActiveCfg = Release|Any CPU
		{FC92E5D9-6D23-4E13-8205-5883B9A4F6D3}.Release|Any CPU.Build.0 = Release|Any CPU
		{FC92E5D9-6D23-4E13-8205-5883B9A4F6D3}.Release|x64.ActiveCfg = Release|Any CPU
		{FC92E5D9-6D23-4E13-8205-5883B9A4F6D3}.Release|x64.Build.0 = Release|Any CPU
		{FC92E5D9-6D23-4E13-8205-5883B9A4F6D3}.Release|x86.ActiveCfg = Release|Any CPU
		{FC92E5D9-6D23-4E13-8205-5883B9A4F6D3}.Release|x86.Build.0 = Release|Any CPU
		{EB3A552D-D645-406E-BF14-CFC11411EA29}.Debug|Any CPU.ActiveCfg = Debug|Any CPU
		{EB3A552D-D645-406E-BF14-CFC11411EA29}.Debug|Any CPU.Build.0 = Debug|Any CPU
		{EB3A552D-D645-406E-BF14-CFC11411EA29}.Debug|x64.ActiveCfg = Debug|Any CPU
		{EB3A552D-D645-406E-BF14-CFC11411EA29}.Debug|x64.Build.0 = Debug|Any CPU
		{EB3A552D-D645-406E-BF14-CFC11411EA29}.Debug|x86.ActiveCfg = Debug|Any CPU
		{EB3A552D-D645-406E-BF14-CFC11411EA29}.Debug|x86.Build.0 = Debug|Any CPU
		{EB3A552D-D645-406E-BF14-CFC11411EA29}.Release|Any CPU.ActiveCfg = Release|Any CPU
		{EB3A552D-D645-406E-BF14-CFC11411EA29}.Release|Any CPU.Build.0 = Release|Any CPU
		{EB3A552D-D645-406E-BF14-CFC11411EA29}.Release|x64.ActiveCfg = Release|Any CPU
		{EB3A552D-D645-406E-BF14-CFC11411EA29}.Release|x64.Build.0 = Release|Any CPU
		{EB3A552D-D645-406E-BF14-CFC11411EA29}.Release|x86.ActiveCfg = Release|Any CPU
		{EB3A552D-D645-406E-BF14-CFC11411EA29}.Release|x86.Build.0 = Release|Any CPU
		{6BA262B0-7B25-4B62-BE88-519ADBBB329C}.Debug|Any CPU.ActiveCfg = Debug|Any CPU
		{6BA262B0-7B25-4B62-BE88-519ADBBB329C}.Debug|Any CPU.Build.0 = Debug|Any CPU
		{6BA262B0-7B25-4B62-BE88-519ADBBB329C}.Debug|x64.ActiveCfg = Debug|Any CPU
		{6BA262B0-7B25-4B62-BE88-519ADBBB329C}.Debug|x64.Build.0 = Debug|Any CPU
		{6BA262B0-7B25-4B62-BE88-519ADBBB329C}.Debug|x86.ActiveCfg = Debug|Any CPU
		{6BA262B0-7B25-4B62-BE88-519ADBBB329C}.Debug|x86.Build.0 = Debug|Any CPU
		{6BA262B0-7B25-4B62-BE88-519ADBBB329C}.Release|Any CPU.ActiveCfg = Release|Any CPU
		{6BA262B0-7B25-4B62-BE88-519ADBBB329C}.Release|Any CPU.Build.0 = Release|Any CPU
		{6BA262B0-7B25-4B62-BE88-519ADBBB329C}.Release|x64.ActiveCfg = Release|Any CPU
		{6BA262B0-7B25-4B62-BE88-519ADBBB329C}.Release|x64.Build.0 = Release|Any CPU
		{6BA262B0-7B25-4B62-BE88-519ADBBB329C}.Release|x86.ActiveCfg = Release|Any CPU
		{6BA262B0-7B25-4B62-BE88-519ADBBB329C}.Release|x86.Build.0 = Release|Any CPU
		{91FC8B93-DEBB-4D92-8D01-77CCDC14682F}.Debug|Any CPU.ActiveCfg = Debug|Any CPU
		{91FC8B93-DEBB-4D92-8D01-77CCDC14682F}.Debug|Any CPU.Build.0 = Debug|Any CPU
		{91FC8B93-DEBB-4D92-8D01-77CCDC14682F}.Debug|x64.ActiveCfg = Debug|Any CPU
		{91FC8B93-DEBB-4D92-8D01-77CCDC14682F}.Debug|x64.Build.0 = Debug|Any CPU
		{91FC8B93-DEBB-4D92-8D01-77CCDC14682F}.Debug|x86.ActiveCfg = Debug|Any CPU
		{91FC8B93-DEBB-4D92-8D01-77CCDC14682F}.Debug|x86.Build.0 = Debug|Any CPU
		{91FC8B93-DEBB-4D92-8D01-77CCDC14682F}.Release|Any CPU.ActiveCfg = Release|Any CPU
		{91FC8B93-DEBB-4D92-8D01-77CCDC14682F}.Release|Any CPU.Build.0 = Release|Any CPU
		{91FC8B93-DEBB-4D92-8D01-77CCDC14682F}.Release|x64.ActiveCfg = Release|Any CPU
		{91FC8B93-DEBB-4D92-8D01-77CCDC14682F}.Release|x64.Build.0 = Release|Any CPU
		{91FC8B93-DEBB-4D92-8D01-77CCDC14682F}.Release|x86.ActiveCfg = Release|Any CPU
		{91FC8B93-DEBB-4D92-8D01-77CCDC14682F}.Release|x86.Build.0 = Release|Any CPU
		{4C8FE22A-B223-441A-86E6-439D5647D634}.Debug|Any CPU.ActiveCfg = Debug|Any CPU
		{4C8FE22A-B223-441A-86E6-439D5647D634}.Debug|Any CPU.Build.0 = Debug|Any CPU
		{4C8FE22A-B223-441A-86E6-439D5647D634}.Debug|x64.ActiveCfg = Debug|Any CPU
		{4C8FE22A-B223-441A-86E6-439D5647D634}.Debug|x64.Build.0 = Debug|Any CPU
		{4C8FE22A-B223-441A-86E6-439D5647D634}.Debug|x86.ActiveCfg = Debug|Any CPU
		{4C8FE22A-B223-441A-86E6-439D5647D634}.Debug|x86.Build.0 = Debug|Any CPU
		{4C8FE22A-B223-441A-86E6-439D5647D634}.Release|Any CPU.ActiveCfg = Release|Any CPU
		{4C8FE22A-B223-441A-86E6-439D5647D634}.Release|Any CPU.Build.0 = Release|Any CPU
		{4C8FE22A-B223-441A-86E6-439D5647D634}.Release|x64.ActiveCfg = Release|Any CPU
		{4C8FE22A-B223-441A-86E6-439D5647D634}.Release|x64.Build.0 = Release|Any CPU
		{4C8FE22A-B223-441A-86E6-439D5647D634}.Release|x86.ActiveCfg = Release|Any CPU
		{4C8FE22A-B223-441A-86E6-439D5647D634}.Release|x86.Build.0 = Release|Any CPU
		{A94A85C2-7F9C-4BBA-BA67-586643B580C8}.Debug|Any CPU.ActiveCfg = Debug|Any CPU
		{A94A85C2-7F9C-4BBA-BA67-586643B580C8}.Debug|Any CPU.Build.0 = Debug|Any CPU
		{A94A85C2-7F9C-4BBA-BA67-586643B580C8}.Debug|x64.ActiveCfg = Debug|Any CPU
		{A94A85C2-7F9C-4BBA-BA67-586643B580C8}.Debug|x64.Build.0 = Debug|Any CPU
		{A94A85C2-7F9C-4BBA-BA67-586643B580C8}.Debug|x86.ActiveCfg = Debug|Any CPU
		{A94A85C2-7F9C-4BBA-BA67-586643B580C8}.Debug|x86.Build.0 = Debug|Any CPU
		{A94A85C2-7F9C-4BBA-BA67-586643B580C8}.Release|Any CPU.ActiveCfg = Release|Any CPU
		{A94A85C2-7F9C-4BBA-BA67-586643B580C8}.Release|Any CPU.Build.0 = Release|Any CPU
		{A94A85C2-7F9C-4BBA-BA67-586643B580C8}.Release|x64.ActiveCfg = Release|Any CPU
		{A94A85C2-7F9C-4BBA-BA67-586643B580C8}.Release|x64.Build.0 = Release|Any CPU
		{A94A85C2-7F9C-4BBA-BA67-586643B580C8}.Release|x86.ActiveCfg = Release|Any CPU
		{A94A85C2-7F9C-4BBA-BA67-586643B580C8}.Release|x86.Build.0 = Release|Any CPU
		{01B3ACFC-E7A0-4222-8ACC-2A6B18EB4751}.Debug|Any CPU.ActiveCfg = Debug|Any CPU
		{01B3ACFC-E7A0-4222-8ACC-2A6B18EB4751}.Debug|Any CPU.Build.0 = Debug|Any CPU
		{01B3ACFC-E7A0-4222-8ACC-2A6B18EB4751}.Debug|x64.ActiveCfg = Debug|Any CPU
		{01B3ACFC-E7A0-4222-8ACC-2A6B18EB4751}.Debug|x64.Build.0 = Debug|Any CPU
		{01B3ACFC-E7A0-4222-8ACC-2A6B18EB4751}.Debug|x86.ActiveCfg = Debug|Any CPU
		{01B3ACFC-E7A0-4222-8ACC-2A6B18EB4751}.Debug|x86.Build.0 = Debug|Any CPU
		{01B3ACFC-E7A0-4222-8ACC-2A6B18EB4751}.Release|Any CPU.ActiveCfg = Release|Any CPU
		{01B3ACFC-E7A0-4222-8ACC-2A6B18EB4751}.Release|Any CPU.Build.0 = Release|Any CPU
		{01B3ACFC-E7A0-4222-8ACC-2A6B18EB4751}.Release|x64.ActiveCfg = Release|Any CPU
		{01B3ACFC-E7A0-4222-8ACC-2A6B18EB4751}.Release|x64.Build.0 = Release|Any CPU
		{01B3ACFC-E7A0-4222-8ACC-2A6B18EB4751}.Release|x86.ActiveCfg = Release|Any CPU
		{01B3ACFC-E7A0-4222-8ACC-2A6B18EB4751}.Release|x86.Build.0 = Release|Any CPU
		{1C65C1A8-2AE9-4A97-9D7C-8E6C370FCC1D}.Debug|Any CPU.ActiveCfg = Debug|Any CPU
		{1C65C1A8-2AE9-4A97-9D7C-8E6C370FCC1D}.Debug|Any CPU.Build.0 = Debug|Any CPU
		{1C65C1A8-2AE9-4A97-9D7C-8E6C370FCC1D}.Debug|x64.ActiveCfg = Debug|Any CPU
		{1C65C1A8-2AE9-4A97-9D7C-8E6C370FCC1D}.Debug|x64.Build.0 = Debug|Any CPU
		{1C65C1A8-2AE9-4A97-9D7C-8E6C370FCC1D}.Debug|x86.ActiveCfg = Debug|Any CPU
		{1C65C1A8-2AE9-4A97-9D7C-8E6C370FCC1D}.Debug|x86.Build.0 = Debug|Any CPU
		{1C65C1A8-2AE9-4A97-9D7C-8E6C370FCC1D}.Release|Any CPU.ActiveCfg = Release|Any CPU
		{1C65C1A8-2AE9-4A97-9D7C-8E6C370FCC1D}.Release|Any CPU.Build.0 = Release|Any CPU
		{1C65C1A8-2AE9-4A97-9D7C-8E6C370FCC1D}.Release|x64.ActiveCfg = Release|Any CPU
		{1C65C1A8-2AE9-4A97-9D7C-8E6C370FCC1D}.Release|x64.Build.0 = Release|Any CPU
		{1C65C1A8-2AE9-4A97-9D7C-8E6C370FCC1D}.Release|x86.ActiveCfg = Release|Any CPU
		{1C65C1A8-2AE9-4A97-9D7C-8E6C370FCC1D}.Release|x86.Build.0 = Release|Any CPU
		{529C498C-B643-4B01-9BCD-2A01F015DDF5}.Debug|Any CPU.ActiveCfg = Debug|Any CPU
		{529C498C-B643-4B01-9BCD-2A01F015DDF5}.Debug|Any CPU.Build.0 = Debug|Any CPU
		{529C498C-B643-4B01-9BCD-2A01F015DDF5}.Debug|x64.ActiveCfg = Debug|Any CPU
		{529C498C-B643-4B01-9BCD-2A01F015DDF5}.Debug|x64.Build.0 = Debug|Any CPU
		{529C498C-B643-4B01-9BCD-2A01F015DDF5}.Debug|x86.ActiveCfg = Debug|Any CPU
		{529C498C-B643-4B01-9BCD-2A01F015DDF5}.Debug|x86.Build.0 = Debug|Any CPU
		{529C498C-B643-4B01-9BCD-2A01F015DDF5}.Release|Any CPU.ActiveCfg = Release|Any CPU
		{529C498C-B643-4B01-9BCD-2A01F015DDF5}.Release|Any CPU.Build.0 = Release|Any CPU
		{529C498C-B643-4B01-9BCD-2A01F015DDF5}.Release|x64.ActiveCfg = Release|Any CPU
		{529C498C-B643-4B01-9BCD-2A01F015DDF5}.Release|x64.Build.0 = Release|Any CPU
		{529C498C-B643-4B01-9BCD-2A01F015DDF5}.Release|x86.ActiveCfg = Release|Any CPU
		{529C498C-B643-4B01-9BCD-2A01F015DDF5}.Release|x86.Build.0 = Release|Any CPU
		{45AD356A-5E1A-4CBB-98E6-AA284CF4CF4F}.Debug|Any CPU.ActiveCfg = Debug|Any CPU
		{45AD356A-5E1A-4CBB-98E6-AA284CF4CF4F}.Debug|Any CPU.Build.0 = Debug|Any CPU
		{45AD356A-5E1A-4CBB-98E6-AA284CF4CF4F}.Debug|x64.ActiveCfg = Debug|Any CPU
		{45AD356A-5E1A-4CBB-98E6-AA284CF4CF4F}.Debug|x64.Build.0 = Debug|Any CPU
		{45AD356A-5E1A-4CBB-98E6-AA284CF4CF4F}.Debug|x86.ActiveCfg = Debug|Any CPU
		{45AD356A-5E1A-4CBB-98E6-AA284CF4CF4F}.Debug|x86.Build.0 = Debug|Any CPU
		{45AD356A-5E1A-4CBB-98E6-AA284CF4CF4F}.Release|Any CPU.ActiveCfg = Release|Any CPU
		{45AD356A-5E1A-4CBB-98E6-AA284CF4CF4F}.Release|Any CPU.Build.0 = Release|Any CPU
		{45AD356A-5E1A-4CBB-98E6-AA284CF4CF4F}.Release|x64.ActiveCfg = Release|Any CPU
		{45AD356A-5E1A-4CBB-98E6-AA284CF4CF4F}.Release|x64.Build.0 = Release|Any CPU
		{45AD356A-5E1A-4CBB-98E6-AA284CF4CF4F}.Release|x86.ActiveCfg = Release|Any CPU
		{45AD356A-5E1A-4CBB-98E6-AA284CF4CF4F}.Release|x86.Build.0 = Release|Any CPU
		{6037C883-C589-4D0B-B4BB-46212C8F794F}.Debug|Any CPU.ActiveCfg = Debug|Any CPU
		{6037C883-C589-4D0B-B4BB-46212C8F794F}.Debug|Any CPU.Build.0 = Debug|Any CPU
		{6037C883-C589-4D0B-B4BB-46212C8F794F}.Debug|x64.ActiveCfg = Debug|Any CPU
		{6037C883-C589-4D0B-B4BB-46212C8F794F}.Debug|x64.Build.0 = Debug|Any CPU
		{6037C883-C589-4D0B-B4BB-46212C8F794F}.Debug|x86.ActiveCfg = Debug|Any CPU
		{6037C883-C589-4D0B-B4BB-46212C8F794F}.Debug|x86.Build.0 = Debug|Any CPU
		{6037C883-C589-4D0B-B4BB-46212C8F794F}.Release|Any CPU.ActiveCfg = Release|Any CPU
		{6037C883-C589-4D0B-B4BB-46212C8F794F}.Release|Any CPU.Build.0 = Release|Any CPU
		{6037C883-C589-4D0B-B4BB-46212C8F794F}.Release|x64.ActiveCfg = Release|Any CPU
		{6037C883-C589-4D0B-B4BB-46212C8F794F}.Release|x64.Build.0 = Release|Any CPU
		{6037C883-C589-4D0B-B4BB-46212C8F794F}.Release|x86.ActiveCfg = Release|Any CPU
		{6037C883-C589-4D0B-B4BB-46212C8F794F}.Release|x86.Build.0 = Release|Any CPU
		{B003ACBF-D08C-49E8-8F39-699F45BDBBC1}.Debug|Any CPU.ActiveCfg = Debug|Any CPU
		{B003ACBF-D08C-49E8-8F39-699F45BDBBC1}.Debug|Any CPU.Build.0 = Debug|Any CPU
		{B003ACBF-D08C-49E8-8F39-699F45BDBBC1}.Debug|x64.ActiveCfg = Debug|Any CPU
		{B003ACBF-D08C-49E8-8F39-699F45BDBBC1}.Debug|x64.Build.0 = Debug|Any CPU
		{B003ACBF-D08C-49E8-8F39-699F45BDBBC1}.Debug|x86.ActiveCfg = Debug|Any CPU
		{B003ACBF-D08C-49E8-8F39-699F45BDBBC1}.Debug|x86.Build.0 = Debug|Any CPU
		{B003ACBF-D08C-49E8-8F39-699F45BDBBC1}.Release|Any CPU.ActiveCfg = Release|Any CPU
		{B003ACBF-D08C-49E8-8F39-699F45BDBBC1}.Release|Any CPU.Build.0 = Release|Any CPU
		{B003ACBF-D08C-49E8-8F39-699F45BDBBC1}.Release|x64.ActiveCfg = Release|Any CPU
		{B003ACBF-D08C-49E8-8F39-699F45BDBBC1}.Release|x64.Build.0 = Release|Any CPU
		{B003ACBF-D08C-49E8-8F39-699F45BDBBC1}.Release|x86.ActiveCfg = Release|Any CPU
		{B003ACBF-D08C-49E8-8F39-699F45BDBBC1}.Release|x86.Build.0 = Release|Any CPU
		{0D8BC582-8337-45E6-8DDF-D5FFFF78158C}.Debug|Any CPU.ActiveCfg = Debug|Any CPU
		{0D8BC582-8337-45E6-8DDF-D5FFFF78158C}.Debug|Any CPU.Build.0 = Debug|Any CPU
		{0D8BC582-8337-45E6-8DDF-D5FFFF78158C}.Debug|x64.ActiveCfg = Debug|Any CPU
		{0D8BC582-8337-45E6-8DDF-D5FFFF78158C}.Debug|x64.Build.0 = Debug|Any CPU
		{0D8BC582-8337-45E6-8DDF-D5FFFF78158C}.Debug|x86.ActiveCfg = Debug|Any CPU
		{0D8BC582-8337-45E6-8DDF-D5FFFF78158C}.Debug|x86.Build.0 = Debug|Any CPU
		{0D8BC582-8337-45E6-8DDF-D5FFFF78158C}.Release|Any CPU.ActiveCfg = Release|Any CPU
		{0D8BC582-8337-45E6-8DDF-D5FFFF78158C}.Release|Any CPU.Build.0 = Release|Any CPU
		{0D8BC582-8337-45E6-8DDF-D5FFFF78158C}.Release|x64.ActiveCfg = Release|Any CPU
		{0D8BC582-8337-45E6-8DDF-D5FFFF78158C}.Release|x64.Build.0 = Release|Any CPU
		{0D8BC582-8337-45E6-8DDF-D5FFFF78158C}.Release|x86.ActiveCfg = Release|Any CPU
		{0D8BC582-8337-45E6-8DDF-D5FFFF78158C}.Release|x86.Build.0 = Release|Any CPU
		{FA2FB96F-CA2F-43A2-8D53-641C669D4303}.Debug|Any CPU.ActiveCfg = Debug|Any CPU
		{FA2FB96F-CA2F-43A2-8D53-641C669D4303}.Debug|Any CPU.Build.0 = Debug|Any CPU
		{FA2FB96F-CA2F-43A2-8D53-641C669D4303}.Debug|x64.ActiveCfg = Debug|Any CPU
		{FA2FB96F-CA2F-43A2-8D53-641C669D4303}.Debug|x64.Build.0 = Debug|Any CPU
		{FA2FB96F-CA2F-43A2-8D53-641C669D4303}.Debug|x86.ActiveCfg = Debug|Any CPU
		{FA2FB96F-CA2F-43A2-8D53-641C669D4303}.Debug|x86.Build.0 = Debug|Any CPU
		{FA2FB96F-CA2F-43A2-8D53-641C669D4303}.Release|Any CPU.ActiveCfg = Release|Any CPU
		{FA2FB96F-CA2F-43A2-8D53-641C669D4303}.Release|Any CPU.Build.0 = Release|Any CPU
		{FA2FB96F-CA2F-43A2-8D53-641C669D4303}.Release|x64.ActiveCfg = Release|Any CPU
		{FA2FB96F-CA2F-43A2-8D53-641C669D4303}.Release|x64.Build.0 = Release|Any CPU
		{FA2FB96F-CA2F-43A2-8D53-641C669D4303}.Release|x86.ActiveCfg = Release|Any CPU
		{FA2FB96F-CA2F-43A2-8D53-641C669D4303}.Release|x86.Build.0 = Release|Any CPU
		{29710CDF-B947-46E6-8FBD-B12DCCDB80FD}.Debug|Any CPU.ActiveCfg = Debug|Any CPU
		{29710CDF-B947-46E6-8FBD-B12DCCDB80FD}.Debug|Any CPU.Build.0 = Debug|Any CPU
		{29710CDF-B947-46E6-8FBD-B12DCCDB80FD}.Debug|x64.ActiveCfg = Debug|Any CPU
		{29710CDF-B947-46E6-8FBD-B12DCCDB80FD}.Debug|x64.Build.0 = Debug|Any CPU
		{29710CDF-B947-46E6-8FBD-B12DCCDB80FD}.Debug|x86.ActiveCfg = Debug|Any CPU
		{29710CDF-B947-46E6-8FBD-B12DCCDB80FD}.Debug|x86.Build.0 = Debug|Any CPU
		{29710CDF-B947-46E6-8FBD-B12DCCDB80FD}.Release|Any CPU.ActiveCfg = Release|Any CPU
		{29710CDF-B947-46E6-8FBD-B12DCCDB80FD}.Release|Any CPU.Build.0 = Release|Any CPU
		{29710CDF-B947-46E6-8FBD-B12DCCDB80FD}.Release|x64.ActiveCfg = Release|Any CPU
		{29710CDF-B947-46E6-8FBD-B12DCCDB80FD}.Release|x64.Build.0 = Release|Any CPU
		{29710CDF-B947-46E6-8FBD-B12DCCDB80FD}.Release|x86.ActiveCfg = Release|Any CPU
		{29710CDF-B947-46E6-8FBD-B12DCCDB80FD}.Release|x86.Build.0 = Release|Any CPU
		{7534C1DE-0FF3-49AE-86E8-047C6DF10ED0}.Debug|Any CPU.ActiveCfg = Debug|Any CPU
		{7534C1DE-0FF3-49AE-86E8-047C6DF10ED0}.Debug|Any CPU.Build.0 = Debug|Any CPU
		{7534C1DE-0FF3-49AE-86E8-047C6DF10ED0}.Debug|x64.ActiveCfg = Debug|Any CPU
		{7534C1DE-0FF3-49AE-86E8-047C6DF10ED0}.Debug|x64.Build.0 = Debug|Any CPU
		{7534C1DE-0FF3-49AE-86E8-047C6DF10ED0}.Debug|x86.ActiveCfg = Debug|Any CPU
		{7534C1DE-0FF3-49AE-86E8-047C6DF10ED0}.Debug|x86.Build.0 = Debug|Any CPU
		{7534C1DE-0FF3-49AE-86E8-047C6DF10ED0}.Release|Any CPU.ActiveCfg = Release|Any CPU
		{7534C1DE-0FF3-49AE-86E8-047C6DF10ED0}.Release|Any CPU.Build.0 = Release|Any CPU
		{7534C1DE-0FF3-49AE-86E8-047C6DF10ED0}.Release|x64.ActiveCfg = Release|Any CPU
		{7534C1DE-0FF3-49AE-86E8-047C6DF10ED0}.Release|x64.Build.0 = Release|Any CPU
		{7534C1DE-0FF3-49AE-86E8-047C6DF10ED0}.Release|x86.ActiveCfg = Release|Any CPU
		{7534C1DE-0FF3-49AE-86E8-047C6DF10ED0}.Release|x86.Build.0 = Release|Any CPU
		{10DED669-CA0A-4498-A135-C513B7B94D49}.Debug|Any CPU.ActiveCfg = Debug|Any CPU
		{10DED669-CA0A-4498-A135-C513B7B94D49}.Debug|Any CPU.Build.0 = Debug|Any CPU
		{10DED669-CA0A-4498-A135-C513B7B94D49}.Debug|x64.ActiveCfg = Debug|Any CPU
		{10DED669-CA0A-4498-A135-C513B7B94D49}.Debug|x64.Build.0 = Debug|Any CPU
		{10DED669-CA0A-4498-A135-C513B7B94D49}.Debug|x86.ActiveCfg = Debug|Any CPU
		{10DED669-CA0A-4498-A135-C513B7B94D49}.Debug|x86.Build.0 = Debug|Any CPU
		{10DED669-CA0A-4498-A135-C513B7B94D49}.Release|Any CPU.ActiveCfg = Release|Any CPU
		{10DED669-CA0A-4498-A135-C513B7B94D49}.Release|Any CPU.Build.0 = Release|Any CPU
		{10DED669-CA0A-4498-A135-C513B7B94D49}.Release|x64.ActiveCfg = Release|Any CPU
		{10DED669-CA0A-4498-A135-C513B7B94D49}.Release|x64.Build.0 = Release|Any CPU
		{10DED669-CA0A-4498-A135-C513B7B94D49}.Release|x86.ActiveCfg = Release|Any CPU
		{10DED669-CA0A-4498-A135-C513B7B94D49}.Release|x86.Build.0 = Release|Any CPU
		{58BAAEEA-0AE5-4059-AFA4-68F8349AF5F8}.Debug|Any CPU.ActiveCfg = Debug|Any CPU
		{58BAAEEA-0AE5-4059-AFA4-68F8349AF5F8}.Debug|Any CPU.Build.0 = Debug|Any CPU
		{58BAAEEA-0AE5-4059-AFA4-68F8349AF5F8}.Debug|x64.ActiveCfg = Debug|Any CPU
		{58BAAEEA-0AE5-4059-AFA4-68F8349AF5F8}.Debug|x64.Build.0 = Debug|Any CPU
		{58BAAEEA-0AE5-4059-AFA4-68F8349AF5F8}.Debug|x86.ActiveCfg = Debug|Any CPU
		{58BAAEEA-0AE5-4059-AFA4-68F8349AF5F8}.Debug|x86.Build.0 = Debug|Any CPU
		{58BAAEEA-0AE5-4059-AFA4-68F8349AF5F8}.Release|Any CPU.ActiveCfg = Release|Any CPU
		{58BAAEEA-0AE5-4059-AFA4-68F8349AF5F8}.Release|Any CPU.Build.0 = Release|Any CPU
		{58BAAEEA-0AE5-4059-AFA4-68F8349AF5F8}.Release|x64.ActiveCfg = Release|Any CPU
		{58BAAEEA-0AE5-4059-AFA4-68F8349AF5F8}.Release|x64.Build.0 = Release|Any CPU
		{58BAAEEA-0AE5-4059-AFA4-68F8349AF5F8}.Release|x86.ActiveCfg = Release|Any CPU
		{58BAAEEA-0AE5-4059-AFA4-68F8349AF5F8}.Release|x86.Build.0 = Release|Any CPU
		{5B39B194-C367-4316-B754-55D529E16F0E}.Debug|Any CPU.ActiveCfg = Debug|Any CPU
		{5B39B194-C367-4316-B754-55D529E16F0E}.Debug|Any CPU.Build.0 = Debug|Any CPU
		{5B39B194-C367-4316-B754-55D529E16F0E}.Debug|x64.ActiveCfg = Debug|Any CPU
		{5B39B194-C367-4316-B754-55D529E16F0E}.Debug|x64.Build.0 = Debug|Any CPU
		{5B39B194-C367-4316-B754-55D529E16F0E}.Debug|x86.ActiveCfg = Debug|Any CPU
		{5B39B194-C367-4316-B754-55D529E16F0E}.Debug|x86.Build.0 = Debug|Any CPU
		{5B39B194-C367-4316-B754-55D529E16F0E}.Release|Any CPU.ActiveCfg = Release|Any CPU
		{5B39B194-C367-4316-B754-55D529E16F0E}.Release|Any CPU.Build.0 = Release|Any CPU
		{5B39B194-C367-4316-B754-55D529E16F0E}.Release|x64.ActiveCfg = Release|Any CPU
		{5B39B194-C367-4316-B754-55D529E16F0E}.Release|x64.Build.0 = Release|Any CPU
		{5B39B194-C367-4316-B754-55D529E16F0E}.Release|x86.ActiveCfg = Release|Any CPU
		{5B39B194-C367-4316-B754-55D529E16F0E}.Release|x86.Build.0 = Release|Any CPU
		{F0F47B60-E886-46F8-AD2B-81ECAD924F33}.Debug|Any CPU.ActiveCfg = Debug|Any CPU
		{F0F47B60-E886-46F8-AD2B-81ECAD924F33}.Debug|Any CPU.Build.0 = Debug|Any CPU
		{F0F47B60-E886-46F8-AD2B-81ECAD924F33}.Debug|x64.ActiveCfg = Debug|Any CPU
		{F0F47B60-E886-46F8-AD2B-81ECAD924F33}.Debug|x64.Build.0 = Debug|Any CPU
		{F0F47B60-E886-46F8-AD2B-81ECAD924F33}.Debug|x86.ActiveCfg = Debug|Any CPU
		{F0F47B60-E886-46F8-AD2B-81ECAD924F33}.Debug|x86.Build.0 = Debug|Any CPU
		{F0F47B60-E886-46F8-AD2B-81ECAD924F33}.Release|Any CPU.ActiveCfg = Release|Any CPU
		{F0F47B60-E886-46F8-AD2B-81ECAD924F33}.Release|Any CPU.Build.0 = Release|Any CPU
		{F0F47B60-E886-46F8-AD2B-81ECAD924F33}.Release|x64.ActiveCfg = Release|Any CPU
		{F0F47B60-E886-46F8-AD2B-81ECAD924F33}.Release|x64.Build.0 = Release|Any CPU
		{F0F47B60-E886-46F8-AD2B-81ECAD924F33}.Release|x86.ActiveCfg = Release|Any CPU
		{F0F47B60-E886-46F8-AD2B-81ECAD924F33}.Release|x86.Build.0 = Release|Any CPU
		{EA5E276E-823B-404B-9A97-4AC2C28F3255}.Debug|Any CPU.ActiveCfg = Debug|Any CPU
		{EA5E276E-823B-404B-9A97-4AC2C28F3255}.Debug|Any CPU.Build.0 = Debug|Any CPU
		{EA5E276E-823B-404B-9A97-4AC2C28F3255}.Debug|x64.ActiveCfg = Debug|Any CPU
		{EA5E276E-823B-404B-9A97-4AC2C28F3255}.Debug|x64.Build.0 = Debug|Any CPU
		{EA5E276E-823B-404B-9A97-4AC2C28F3255}.Debug|x86.ActiveCfg = Debug|Any CPU
		{EA5E276E-823B-404B-9A97-4AC2C28F3255}.Debug|x86.Build.0 = Debug|Any CPU
		{EA5E276E-823B-404B-9A97-4AC2C28F3255}.Release|Any CPU.ActiveCfg = Release|Any CPU
		{EA5E276E-823B-404B-9A97-4AC2C28F3255}.Release|Any CPU.Build.0 = Release|Any CPU
		{EA5E276E-823B-404B-9A97-4AC2C28F3255}.Release|x64.ActiveCfg = Release|Any CPU
		{EA5E276E-823B-404B-9A97-4AC2C28F3255}.Release|x64.Build.0 = Release|Any CPU
		{EA5E276E-823B-404B-9A97-4AC2C28F3255}.Release|x86.ActiveCfg = Release|Any CPU
		{EA5E276E-823B-404B-9A97-4AC2C28F3255}.Release|x86.Build.0 = Release|Any CPU
		{548CC66A-368E-4B23-867E-C6277A5ED030}.Debug|Any CPU.ActiveCfg = Debug|Any CPU
		{548CC66A-368E-4B23-867E-C6277A5ED030}.Debug|Any CPU.Build.0 = Debug|Any CPU
		{548CC66A-368E-4B23-867E-C6277A5ED030}.Debug|x64.ActiveCfg = Debug|Any CPU
		{548CC66A-368E-4B23-867E-C6277A5ED030}.Debug|x64.Build.0 = Debug|Any CPU
		{548CC66A-368E-4B23-867E-C6277A5ED030}.Debug|x86.ActiveCfg = Debug|Any CPU
		{548CC66A-368E-4B23-867E-C6277A5ED030}.Debug|x86.Build.0 = Debug|Any CPU
		{548CC66A-368E-4B23-867E-C6277A5ED030}.Release|Any CPU.ActiveCfg = Release|Any CPU
		{548CC66A-368E-4B23-867E-C6277A5ED030}.Release|Any CPU.Build.0 = Release|Any CPU
		{548CC66A-368E-4B23-867E-C6277A5ED030}.Release|x64.ActiveCfg = Release|Any CPU
		{548CC66A-368E-4B23-867E-C6277A5ED030}.Release|x64.Build.0 = Release|Any CPU
		{548CC66A-368E-4B23-867E-C6277A5ED030}.Release|x86.ActiveCfg = Release|Any CPU
		{548CC66A-368E-4B23-867E-C6277A5ED030}.Release|x86.Build.0 = Release|Any CPU
		{4EC743D2-B2E3-4EDB-A469-6A88A7EBF62A}.Debug|Any CPU.ActiveCfg = Debug|Any CPU
		{4EC743D2-B2E3-4EDB-A469-6A88A7EBF62A}.Debug|Any CPU.Build.0 = Debug|Any CPU
		{4EC743D2-B2E3-4EDB-A469-6A88A7EBF62A}.Debug|x64.ActiveCfg = Debug|Any CPU
		{4EC743D2-B2E3-4EDB-A469-6A88A7EBF62A}.Debug|x64.Build.0 = Debug|Any CPU
		{4EC743D2-B2E3-4EDB-A469-6A88A7EBF62A}.Debug|x86.ActiveCfg = Debug|Any CPU
		{4EC743D2-B2E3-4EDB-A469-6A88A7EBF62A}.Debug|x86.Build.0 = Debug|Any CPU
		{4EC743D2-B2E3-4EDB-A469-6A88A7EBF62A}.Release|Any CPU.ActiveCfg = Release|Any CPU
		{4EC743D2-B2E3-4EDB-A469-6A88A7EBF62A}.Release|Any CPU.Build.0 = Release|Any CPU
		{4EC743D2-B2E3-4EDB-A469-6A88A7EBF62A}.Release|x64.ActiveCfg = Release|Any CPU
		{4EC743D2-B2E3-4EDB-A469-6A88A7EBF62A}.Release|x64.Build.0 = Release|Any CPU
		{4EC743D2-B2E3-4EDB-A469-6A88A7EBF62A}.Release|x86.ActiveCfg = Release|Any CPU
		{4EC743D2-B2E3-4EDB-A469-6A88A7EBF62A}.Release|x86.Build.0 = Release|Any CPU
		{C5662322-3911-4119-B9FA-1A179E278BFB}.Debug|Any CPU.ActiveCfg = Debug|Any CPU
		{C5662322-3911-4119-B9FA-1A179E278BFB}.Debug|Any CPU.Build.0 = Debug|Any CPU
		{C5662322-3911-4119-B9FA-1A179E278BFB}.Debug|x64.ActiveCfg = Debug|Any CPU
		{C5662322-3911-4119-B9FA-1A179E278BFB}.Debug|x64.Build.0 = Debug|Any CPU
		{C5662322-3911-4119-B9FA-1A179E278BFB}.Debug|x86.ActiveCfg = Debug|Any CPU
		{C5662322-3911-4119-B9FA-1A179E278BFB}.Debug|x86.Build.0 = Debug|Any CPU
		{C5662322-3911-4119-B9FA-1A179E278BFB}.Release|Any CPU.ActiveCfg = Release|Any CPU
		{C5662322-3911-4119-B9FA-1A179E278BFB}.Release|Any CPU.Build.0 = Release|Any CPU
		{C5662322-3911-4119-B9FA-1A179E278BFB}.Release|x64.ActiveCfg = Release|Any CPU
		{C5662322-3911-4119-B9FA-1A179E278BFB}.Release|x64.Build.0 = Release|Any CPU
		{C5662322-3911-4119-B9FA-1A179E278BFB}.Release|x86.ActiveCfg = Release|Any CPU
		{C5662322-3911-4119-B9FA-1A179E278BFB}.Release|x86.Build.0 = Release|Any CPU
		{E388131F-324E-4AF6-A333-B1A2B862D81E}.Debug|Any CPU.ActiveCfg = Debug|Any CPU
		{E388131F-324E-4AF6-A333-B1A2B862D81E}.Debug|Any CPU.Build.0 = Debug|Any CPU
		{E388131F-324E-4AF6-A333-B1A2B862D81E}.Debug|x64.ActiveCfg = Debug|Any CPU
		{E388131F-324E-4AF6-A333-B1A2B862D81E}.Debug|x64.Build.0 = Debug|Any CPU
		{E388131F-324E-4AF6-A333-B1A2B862D81E}.Debug|x86.ActiveCfg = Debug|Any CPU
		{E388131F-324E-4AF6-A333-B1A2B862D81E}.Debug|x86.Build.0 = Debug|Any CPU
		{E388131F-324E-4AF6-A333-B1A2B862D81E}.Release|Any CPU.ActiveCfg = Release|Any CPU
		{E388131F-324E-4AF6-A333-B1A2B862D81E}.Release|Any CPU.Build.0 = Release|Any CPU
		{E388131F-324E-4AF6-A333-B1A2B862D81E}.Release|x64.ActiveCfg = Release|Any CPU
		{E388131F-324E-4AF6-A333-B1A2B862D81E}.Release|x64.Build.0 = Release|Any CPU
		{E388131F-324E-4AF6-A333-B1A2B862D81E}.Release|x86.ActiveCfg = Release|Any CPU
		{E388131F-324E-4AF6-A333-B1A2B862D81E}.Release|x86.Build.0 = Release|Any CPU
		{08EC0377-DC09-445A-A218-C3E22EB18F0A}.Debug|Any CPU.ActiveCfg = Debug|Any CPU
		{08EC0377-DC09-445A-A218-C3E22EB18F0A}.Debug|Any CPU.Build.0 = Debug|Any CPU
		{08EC0377-DC09-445A-A218-C3E22EB18F0A}.Debug|x64.ActiveCfg = Debug|Any CPU
		{08EC0377-DC09-445A-A218-C3E22EB18F0A}.Debug|x64.Build.0 = Debug|Any CPU
		{08EC0377-DC09-445A-A218-C3E22EB18F0A}.Debug|x86.ActiveCfg = Debug|Any CPU
		{08EC0377-DC09-445A-A218-C3E22EB18F0A}.Debug|x86.Build.0 = Debug|Any CPU
		{08EC0377-DC09-445A-A218-C3E22EB18F0A}.Release|Any CPU.ActiveCfg = Release|Any CPU
		{08EC0377-DC09-445A-A218-C3E22EB18F0A}.Release|Any CPU.Build.0 = Release|Any CPU
		{08EC0377-DC09-445A-A218-C3E22EB18F0A}.Release|x64.ActiveCfg = Release|Any CPU
		{08EC0377-DC09-445A-A218-C3E22EB18F0A}.Release|x64.Build.0 = Release|Any CPU
		{08EC0377-DC09-445A-A218-C3E22EB18F0A}.Release|x86.ActiveCfg = Release|Any CPU
		{08EC0377-DC09-445A-A218-C3E22EB18F0A}.Release|x86.Build.0 = Release|Any CPU
		{338AB003-C84E-4038-A652-A3D482AAF480}.Debug|Any CPU.ActiveCfg = Debug|Any CPU
		{338AB003-C84E-4038-A652-A3D482AAF480}.Debug|Any CPU.Build.0 = Debug|Any CPU
		{338AB003-C84E-4038-A652-A3D482AAF480}.Debug|x64.ActiveCfg = Debug|Any CPU
		{338AB003-C84E-4038-A652-A3D482AAF480}.Debug|x64.Build.0 = Debug|Any CPU
		{338AB003-C84E-4038-A652-A3D482AAF480}.Debug|x86.ActiveCfg = Debug|Any CPU
		{338AB003-C84E-4038-A652-A3D482AAF480}.Debug|x86.Build.0 = Debug|Any CPU
		{338AB003-C84E-4038-A652-A3D482AAF480}.Release|Any CPU.ActiveCfg = Release|Any CPU
		{338AB003-C84E-4038-A652-A3D482AAF480}.Release|Any CPU.Build.0 = Release|Any CPU
		{338AB003-C84E-4038-A652-A3D482AAF480}.Release|x64.ActiveCfg = Release|Any CPU
		{338AB003-C84E-4038-A652-A3D482AAF480}.Release|x64.Build.0 = Release|Any CPU
		{338AB003-C84E-4038-A652-A3D482AAF480}.Release|x86.ActiveCfg = Release|Any CPU
		{338AB003-C84E-4038-A652-A3D482AAF480}.Release|x86.Build.0 = Release|Any CPU
		{185EA001-1DAF-46A2-B643-DE68343C4A5B}.Debug|Any CPU.ActiveCfg = Debug|Any CPU
		{185EA001-1DAF-46A2-B643-DE68343C4A5B}.Debug|Any CPU.Build.0 = Debug|Any CPU
		{185EA001-1DAF-46A2-B643-DE68343C4A5B}.Debug|x64.ActiveCfg = Debug|Any CPU
		{185EA001-1DAF-46A2-B643-DE68343C4A5B}.Debug|x64.Build.0 = Debug|Any CPU
		{185EA001-1DAF-46A2-B643-DE68343C4A5B}.Debug|x86.ActiveCfg = Debug|Any CPU
		{185EA001-1DAF-46A2-B643-DE68343C4A5B}.Debug|x86.Build.0 = Debug|Any CPU
		{185EA001-1DAF-46A2-B643-DE68343C4A5B}.Release|Any CPU.ActiveCfg = Release|Any CPU
		{185EA001-1DAF-46A2-B643-DE68343C4A5B}.Release|Any CPU.Build.0 = Release|Any CPU
		{185EA001-1DAF-46A2-B643-DE68343C4A5B}.Release|x64.ActiveCfg = Release|Any CPU
		{185EA001-1DAF-46A2-B643-DE68343C4A5B}.Release|x64.Build.0 = Release|Any CPU
		{185EA001-1DAF-46A2-B643-DE68343C4A5B}.Release|x86.ActiveCfg = Release|Any CPU
		{185EA001-1DAF-46A2-B643-DE68343C4A5B}.Release|x86.Build.0 = Release|Any CPU
	EndGlobalSection
	GlobalSection(SolutionProperties) = preSolution
		HideSolutionNode = FALSE
	EndGlobalSection
	GlobalSection(NestedProjects) = preSolution
		{01E5A23D-521F-4D39-AA1F-438037EFE703} = {5973BE9C-F229-4FF4-9B29-843EB3044D31}
		{5439A805-4248-4130-AA9D-B978D54C5DCD} = {6AFB8E78-167B-4365-83E0-573FF977B042}
		{3B4A79F1-67C5-443D-B290-B68B9FCEE3E3} = {6AFB8E78-167B-4365-83E0-573FF977B042}
		{5A45437B-F4B0-4CD0-9AB6-164DB34C6BE1} = {5973BE9C-F229-4FF4-9B29-843EB3044D31}
		{E41BF231-15A9-4960-A1E0-792E2DFB365B} = {907F1745-CC04-4821-A604-BF83B861C041}
		{67B955EB-2416-4963-B9A9-F9A20CC16AF3} = {907F1745-CC04-4821-A604-BF83B861C041}
		{7D1471A7-AD9F-4CC7-B5C2-8891C7012298} = {B35137CC-3994-4ED0-9A12-32B53F7B2077}
		{AFF07619-677C-49B3-8B23-7BBEC67EBDCB} = {B35137CC-3994-4ED0-9A12-32B53F7B2077}
		{6110EC0D-2F55-4C0C-BA94-44447D5DF433} = {FCD414F9-9882-49A9-A2E0-75FC898A84EA}
		{4C4A910C-A4FB-456F-91CB-40CA20CEF1AA} = {FCD414F9-9882-49A9-A2E0-75FC898A84EA}
		{38273FAC-8A6C-4D18-851A-5A989A8FF8D4} = {2BB0812E-30BA-74DA-86DA-088C36F38B48}
		{2A6F742B-B35C-4E11-9621-43E1C8D5DCFD} = {2BB0812E-30BA-74DA-86DA-088C36F38B48}
		{C3D30EF8-6E46-4716-AA28-9C840E9A22E7} = {60C9C661-BD18-178D-E244-7587BC073DCE}
		{65D65AAC-BD26-435D-9573-A1931647DE05} = {60C9C661-BD18-178D-E244-7587BC073DCE}
		{BF8E0572-9DEC-4898-9548-2A150FEBDF7D} = {DFA92446-4157-8FFB-1543-EF5957AB54AA}
		{DCAC042C-277A-455C-8484-AE0066CDFB33} = {DFA92446-4157-8FFB-1543-EF5957AB54AA}
		{3775FD48-A83C-4F95-ACD9-29EEF69903AC} = {734D4409-28EF-0DBD-15F6-0EE3A90B2770}
		{75343CFF-5F68-45BC-BC7E-B10F624BFB15} = {734D4409-28EF-0DBD-15F6-0EE3A90B2770}
		{C917A25C-990C-4060-BDD9-E34F977915BB} = {026B2513-1281-4BA9-2A99-997348D0B92F}
		{829AFC91-A07C-49CA-991C-B90045703A20} = {026B2513-1281-4BA9-2A99-997348D0B92F}
		{DD5ADB62-CE2F-4549-8DC9-1C2D729D9D7C} = {E003018B-BA8A-ABAA-3ACD-B9DE1357A2F4}
		{A344C026-C806-4815-ABAD-1E4E491D3DB3} = {E003018B-BA8A-ABAA-3ACD-B9DE1357A2F4}
		{BABC8160-EB76-4CBE-AB62-B82FCF6D26B4} = {ED3D2F02-D722-C1C1-BDC7-0DF0A30BA210}
		{2FC58EF0-571F-4351-BA7A-E12FA2F68DDA} = {ED3D2F02-D722-C1C1-BDC7-0DF0A30BA210}
		{95318A6C-0BA5-469A-8B8C-5C114872F710} = {174D0FE2-D462-6468-D470-0B69971CEB0A}
		{B7D2EBFF-F00F-4095-9B39-F380BB021013} = {174D0FE2-D462-6468-D470-0B69971CEB0A}
		{5348087A-B25B-4A43-8AE7-ABEFCE201352} = {6389DDAD-D9D3-4827-CC54-A5675AD06F97}
		{42D0DB42-1827-4675-A5D7-1A65690AD4BE} = {6389DDAD-D9D3-4827-CC54-A5675AD06F97}
		{175D10D8-6A62-46F6-B3AC-06326C777390} = {72207974-2593-7170-DEFB-2C896971F8D6}
		{5EA6C231-ACC4-4D0D-9F32-3F3C7C256B17} = {72207974-2593-7170-DEFB-2C896971F8D6}
		{A995EE87-1683-448F-BA5A-638ABF81FC9B} = {3637EFDB-18CC-06D8-46F7-0A6F23857942}
		{1F933793-DF78-4DD7-8CB7-C56E0C2D5231} = {3637EFDB-18CC-06D8-46F7-0A6F23857942}
		{2171964F-C4BF-4127-A9EC-FA9116570C79} = {BF89F16A-F5CC-C5C7-A7E5-6BCCDB8AE368}
		{3F4AE751-E163-48CB-8B14-AA3126C53FE1} = {BF89F16A-F5CC-C5C7-A7E5-6BCCDB8AE368}
		{7484F1D0-B327-4B78-9090-F450AF5287B4} = {8FB6E65A-A1D0-12E0-B30B-8FB3A489957C}
		{BBBB06B7-5E6C-4359-9403-3756E50B2BDC} = {8FB6E65A-A1D0-12E0-B30B-8FB3A489957C}
		{4D73631F-A1A1-4F93-8B08-ADA1A26A750E} = {66759BAA-7BF9-E9E3-E544-5A6715FBE7F9}
		{189476DD-EE16-4058-88D9-E5B9218A9556} = {66759BAA-7BF9-E9E3-E544-5A6715FBE7F9}
		{871FE222-922D-45E6-9256-993446523E2B} = {B64D1614-CFB3-A6AA-FDFA-80FE0E924EDD}
		{FC92E5D9-6D23-4E13-8205-5883B9A4F6D3} = {B64D1614-CFB3-A6AA-FDFA-80FE0E924EDD}
		{EB3A552D-D645-406E-BF14-CFC11411EA29} = {1D231E2B-CF32-081B-B8FE-B5C73FDE7AC7}
		{6BA262B0-7B25-4B62-BE88-519ADBBB329C} = {1D231E2B-CF32-081B-B8FE-B5C73FDE7AC7}
		{91FC8B93-DEBB-4D92-8D01-77CCDC14682F} = {6828A23D-5BBC-395F-8384-DA486DF77803}
		{4C8FE22A-B223-441A-86E6-439D5647D634} = {6828A23D-5BBC-395F-8384-DA486DF77803}
		{A94A85C2-7F9C-4BBA-BA67-586643B580C8} = {DBC612E6-BEB4-FB15-3077-FA6E92605282}
		{01B3ACFC-E7A0-4222-8ACC-2A6B18EB4751} = {DBC612E6-BEB4-FB15-3077-FA6E92605282}
		{1C65C1A8-2AE9-4A97-9D7C-8E6C370FCC1D} = {56FB2611-7932-E9CC-920E-52245177B3F5}
		{529C498C-B643-4B01-9BCD-2A01F015DDF5} = {56FB2611-7932-E9CC-920E-52245177B3F5}
		{45AD356A-5E1A-4CBB-98E6-AA284CF4CF4F} = {9AE438F2-4620-1879-97BF-D8ECA541F062}
		{6037C883-C589-4D0B-B4BB-46212C8F794F} = {9AE438F2-4620-1879-97BF-D8ECA541F062}
		{B003ACBF-D08C-49E8-8F39-699F45BDBBC1} = {A1B6AF78-7513-F0DF-766A-A4585D407AA5}
		{0D8BC582-8337-45E6-8DDF-D5FFFF78158C} = {A1B6AF78-7513-F0DF-766A-A4585D407AA5}
		{FA2FB96F-CA2F-43A2-8D53-641C669D4303} = {4770C0E6-8FC0-74B3-FA08-7F12349EB3AF}
		{29710CDF-B947-46E6-8FBD-B12DCCDB80FD} = {4770C0E6-8FC0-74B3-FA08-7F12349EB3AF}
		{7534C1DE-0FF3-49AE-86E8-047C6DF10ED0} = {941C177D-9695-D13A-863E-779E61F65030}
		{10DED669-CA0A-4498-A135-C513B7B94D49} = {941C177D-9695-D13A-863E-779E61F65030}
		{58BAAEEA-0AE5-4059-AFA4-68F8349AF5F8} = {941C177D-9695-D13A-863E-779E61F65030}
		{5B39B194-C367-4316-B754-55D529E16F0E} = {EC89FB1D-DE82-711F-5777-DACC630DDE42}
		{F0F47B60-E886-46F8-AD2B-81ECAD924F33} = {EC89FB1D-DE82-711F-5777-DACC630DDE42}
		{EA5E276E-823B-404B-9A97-4AC2C28F3255} = {EC89FB1D-DE82-711F-5777-DACC630DDE42}
		{548CC66A-368E-4B23-867E-C6277A5ED030} = {EC89FB1D-DE82-711F-5777-DACC630DDE42}
		{4EC743D2-B2E3-4EDB-A469-6A88A7EBF62A} = {5ECC7212-D43A-2DDA-4952-3D0497CF2EF7}
		{C5662322-3911-4119-B9FA-1A179E278BFB} = {5ECC7212-D43A-2DDA-4952-3D0497CF2EF7}
		{E388131F-324E-4AF6-A333-B1A2B862D81E} = {EBCFAA16-9E1C-40ED-785F-3E07867DDB12}
		{08EC0377-DC09-445A-A218-C3E22EB18F0A} = {E54ABA49-B889-3B16-761C-75EE14FA5937}
		{338AB003-C84E-4038-A652-A3D482AAF480} = {EBCFAA16-9E1C-40ED-785F-3E07867DDB12}
		{185EA001-1DAF-46A2-B643-DE68343C4A5B} = {E54ABA49-B889-3B16-761C-75EE14FA5937}
	EndGlobalSection
EndGlobal
